
Microsoft Visual Studio Solution File, Format Version 12.00
# Visual Studio 14
VisualStudioVersion = 14.0.25123.0
MinimumVisualStudioVersion = 10.0.40219.1
Project("{2150E333-8FDC-42A3-9474-1A3956D46DE8}") = "Core", "Core", "{1D529D1D-56AD-49B8-A3B5-EFFD1171B252}"
EndProject
Project("{FAE04EC0-301F-11D3-BF4B-00C04F79EFBC}") = "PhotoStorm.Core.Portable.Adapters", "Core\PhotoStorm.Core.Portable.Adapters\PhotoStorm.Core.Portable.Adapters.csproj", "{2D69114A-BA46-44D5-A39F-49A7F0E2ABD3}"
EndProject
Project("{FAE04EC0-301F-11D3-BF4B-00C04F79EFBC}") = "PhotoStorm.Core.Portable.Common", "Core\PhotoStorm.Core.Portable.Common\PhotoStorm.Core.Portable.Common.csproj", "{261036BF-9E90-459E-9E28-F53E09A708B1}"
EndProject
Project("{FAE04EC0-301F-11D3-BF4B-00C04F79EFBC}") = "PhotoStorm.TelegramBot", "PhotoStorm.TelegramBot\PhotoStorm.TelegramBot.csproj", "{459F7874-C925-4772-8561-E302658FEE63}"
EndProject
Project("{FAE04EC0-301F-11D3-BF4B-00C04F79EFBC}") = "PhotoStorm.TestApp", "PhotoStorm.TestApp\PhotoStorm.TestApp.csproj", "{7B8FC976-9AD2-4E86-85E3-21085A733A3F}"
EndProject
Project("{FAE04EC0-301F-11D3-BF4B-00C04F79EFBC}") = "PhotoStorm.UniversalApp", "PhotoStorm.UniversalApp\PhotoStorm.UniversalApp.csproj", "{5C163D9F-5C31-4CC1-9467-4AC22FFB9868}"
EndProject
Project("{FAE04EC0-301F-11D3-BF4B-00C04F79EFBC}") = "PhotoStorm.WpfApplication", "PhotoStorm.WpfClient\PhotoStorm.WpfApplication.csproj", "{8E3462FB-7496-4301-BC2C-E6613F13BC6A}"
EndProject
Project("{FAE04EC0-301F-11D3-BF4B-00C04F79EFBC}") = "PhotoStorm.Core.Portable.Works", "Core\PhotoStorm.Core.Portable.Works\PhotoStorm.Core.Portable.Works.csproj", "{60E28555-A960-45E0-8EBF-DB94D0B4914B}"
EndProject
Project("{FAE04EC0-301F-11D3-BF4B-00C04F79EFBC}") = "PhotoStorm.Core.Portable.WorkManager", "Core\PhotoStorm.Core.Portable.WorkManager\PhotoStorm.Core.Portable.WorkManager.csproj", "{F4194E89-2FF9-49C5-9D7F-22E16AE12AB3}"
EndProject
Project("{FAE04EC0-301F-11D3-BF4B-00C04F79EFBC}") = "PhotoStorm.WebApi", "PhotoStorm.WebApi\PhotoStorm.WebApi.csproj", "{E491BA41-2210-4418-BB61-D0BF925049B3}"
EndProject
Global
	GlobalSection(SolutionConfigurationPlatforms) = preSolution
		Ad-Hoc|Any CPU = Ad-Hoc|Any CPU
		Ad-Hoc|ARM = Ad-Hoc|ARM
		Ad-Hoc|iPhone = Ad-Hoc|iPhone
		Ad-Hoc|iPhoneSimulator = Ad-Hoc|iPhoneSimulator
		Ad-Hoc|x64 = Ad-Hoc|x64
		Ad-Hoc|x86 = Ad-Hoc|x86
		AppStore|Any CPU = AppStore|Any CPU
		AppStore|ARM = AppStore|ARM
		AppStore|iPhone = AppStore|iPhone
		AppStore|iPhoneSimulator = AppStore|iPhoneSimulator
		AppStore|x64 = AppStore|x64
		AppStore|x86 = AppStore|x86
		Debug|Any CPU = Debug|Any CPU
		Debug|ARM = Debug|ARM
		Debug|iPhone = Debug|iPhone
		Debug|iPhoneSimulator = Debug|iPhoneSimulator
		Debug|x64 = Debug|x64
		Debug|x86 = Debug|x86
		Release|Any CPU = Release|Any CPU
		Release|ARM = Release|ARM
		Release|iPhone = Release|iPhone
		Release|iPhoneSimulator = Release|iPhoneSimulator
		Release|x64 = Release|x64
		Release|x86 = Release|x86
		SignalR_Debug|Any CPU = SignalR_Debug|Any CPU
		SignalR_Debug|ARM = SignalR_Debug|ARM
		SignalR_Debug|iPhone = SignalR_Debug|iPhone
		SignalR_Debug|iPhoneSimulator = SignalR_Debug|iPhoneSimulator
		SignalR_Debug|x64 = SignalR_Debug|x64
		SignalR_Debug|x86 = SignalR_Debug|x86
	EndGlobalSection
	GlobalSection(ProjectConfigurationPlatforms) = postSolution
		{2D69114A-BA46-44D5-A39F-49A7F0E2ABD3}.Ad-Hoc|Any CPU.ActiveCfg = Release|Any CPU
		{2D69114A-BA46-44D5-A39F-49A7F0E2ABD3}.Ad-Hoc|Any CPU.Build.0 = Release|Any CPU
		{2D69114A-BA46-44D5-A39F-49A7F0E2ABD3}.Ad-Hoc|ARM.ActiveCfg = Release|Any CPU
		{2D69114A-BA46-44D5-A39F-49A7F0E2ABD3}.Ad-Hoc|ARM.Build.0 = Release|Any CPU
		{2D69114A-BA46-44D5-A39F-49A7F0E2ABD3}.Ad-Hoc|iPhone.ActiveCfg = Release|Any CPU
		{2D69114A-BA46-44D5-A39F-49A7F0E2ABD3}.Ad-Hoc|iPhone.Build.0 = Release|Any CPU
		{2D69114A-BA46-44D5-A39F-49A7F0E2ABD3}.Ad-Hoc|iPhoneSimulator.ActiveCfg = Release|Any CPU
		{2D69114A-BA46-44D5-A39F-49A7F0E2ABD3}.Ad-Hoc|iPhoneSimulator.Build.0 = Release|Any CPU
		{2D69114A-BA46-44D5-A39F-49A7F0E2ABD3}.Ad-Hoc|x64.ActiveCfg = Release|Any CPU
		{2D69114A-BA46-44D5-A39F-49A7F0E2ABD3}.Ad-Hoc|x64.Build.0 = Release|Any CPU
		{2D69114A-BA46-44D5-A39F-49A7F0E2ABD3}.Ad-Hoc|x86.ActiveCfg = Release|Any CPU
		{2D69114A-BA46-44D5-A39F-49A7F0E2ABD3}.Ad-Hoc|x86.Build.0 = Release|Any CPU
		{2D69114A-BA46-44D5-A39F-49A7F0E2ABD3}.AppStore|Any CPU.ActiveCfg = Release|Any CPU
		{2D69114A-BA46-44D5-A39F-49A7F0E2ABD3}.AppStore|Any CPU.Build.0 = Release|Any CPU
		{2D69114A-BA46-44D5-A39F-49A7F0E2ABD3}.AppStore|ARM.ActiveCfg = Release|Any CPU
		{2D69114A-BA46-44D5-A39F-49A7F0E2ABD3}.AppStore|ARM.Build.0 = Release|Any CPU
		{2D69114A-BA46-44D5-A39F-49A7F0E2ABD3}.AppStore|iPhone.ActiveCfg = Release|Any CPU
		{2D69114A-BA46-44D5-A39F-49A7F0E2ABD3}.AppStore|iPhone.Build.0 = Release|Any CPU
		{2D69114A-BA46-44D5-A39F-49A7F0E2ABD3}.AppStore|iPhoneSimulator.ActiveCfg = Release|Any CPU
		{2D69114A-BA46-44D5-A39F-49A7F0E2ABD3}.AppStore|iPhoneSimulator.Build.0 = Release|Any CPU
		{2D69114A-BA46-44D5-A39F-49A7F0E2ABD3}.AppStore|x64.ActiveCfg = Release|Any CPU
		{2D69114A-BA46-44D5-A39F-49A7F0E2ABD3}.AppStore|x64.Build.0 = Release|Any CPU
		{2D69114A-BA46-44D5-A39F-49A7F0E2ABD3}.AppStore|x86.ActiveCfg = Release|Any CPU
		{2D69114A-BA46-44D5-A39F-49A7F0E2ABD3}.AppStore|x86.Build.0 = Release|Any CPU
		{2D69114A-BA46-44D5-A39F-49A7F0E2ABD3}.Debug|Any CPU.ActiveCfg = Debug|Any CPU
		{2D69114A-BA46-44D5-A39F-49A7F0E2ABD3}.Debug|Any CPU.Build.0 = Debug|Any CPU
		{2D69114A-BA46-44D5-A39F-49A7F0E2ABD3}.Debug|ARM.ActiveCfg = Debug|Any CPU
		{2D69114A-BA46-44D5-A39F-49A7F0E2ABD3}.Debug|ARM.Build.0 = Debug|Any CPU
		{2D69114A-BA46-44D5-A39F-49A7F0E2ABD3}.Debug|iPhone.ActiveCfg = Debug|Any CPU
		{2D69114A-BA46-44D5-A39F-49A7F0E2ABD3}.Debug|iPhone.Build.0 = Debug|Any CPU
		{2D69114A-BA46-44D5-A39F-49A7F0E2ABD3}.Debug|iPhoneSimulator.ActiveCfg = Debug|Any CPU
		{2D69114A-BA46-44D5-A39F-49A7F0E2ABD3}.Debug|iPhoneSimulator.Build.0 = Debug|Any CPU
		{2D69114A-BA46-44D5-A39F-49A7F0E2ABD3}.Debug|x64.ActiveCfg = Debug|Any CPU
		{2D69114A-BA46-44D5-A39F-49A7F0E2ABD3}.Debug|x64.Build.0 = Debug|Any CPU
		{2D69114A-BA46-44D5-A39F-49A7F0E2ABD3}.Debug|x86.ActiveCfg = Debug|Any CPU
		{2D69114A-BA46-44D5-A39F-49A7F0E2ABD3}.Debug|x86.Build.0 = Debug|Any CPU
		{2D69114A-BA46-44D5-A39F-49A7F0E2ABD3}.Release|Any CPU.ActiveCfg = Release|Any CPU
		{2D69114A-BA46-44D5-A39F-49A7F0E2ABD3}.Release|Any CPU.Build.0 = Release|Any CPU
		{2D69114A-BA46-44D5-A39F-49A7F0E2ABD3}.Release|ARM.ActiveCfg = Release|Any CPU
		{2D69114A-BA46-44D5-A39F-49A7F0E2ABD3}.Release|ARM.Build.0 = Release|Any CPU
		{2D69114A-BA46-44D5-A39F-49A7F0E2ABD3}.Release|iPhone.ActiveCfg = Release|Any CPU
		{2D69114A-BA46-44D5-A39F-49A7F0E2ABD3}.Release|iPhone.Build.0 = Release|Any CPU
		{2D69114A-BA46-44D5-A39F-49A7F0E2ABD3}.Release|iPhoneSimulator.ActiveCfg = Release|Any CPU
		{2D69114A-BA46-44D5-A39F-49A7F0E2ABD3}.Release|iPhoneSimulator.Build.0 = Release|Any CPU
		{2D69114A-BA46-44D5-A39F-49A7F0E2ABD3}.Release|x64.ActiveCfg = Release|Any CPU
		{2D69114A-BA46-44D5-A39F-49A7F0E2ABD3}.Release|x64.Build.0 = Release|Any CPU
		{2D69114A-BA46-44D5-A39F-49A7F0E2ABD3}.Release|x86.ActiveCfg = Release|Any CPU
		{2D69114A-BA46-44D5-A39F-49A7F0E2ABD3}.Release|x86.Build.0 = Release|Any CPU
		{2D69114A-BA46-44D5-A39F-49A7F0E2ABD3}.SignalR_Debug|Any CPU.ActiveCfg = SignalR_Debug|Any CPU
		{2D69114A-BA46-44D5-A39F-49A7F0E2ABD3}.SignalR_Debug|Any CPU.Build.0 = SignalR_Debug|Any CPU
		{2D69114A-BA46-44D5-A39F-49A7F0E2ABD3}.SignalR_Debug|ARM.ActiveCfg = SignalR_Debug|Any CPU
		{2D69114A-BA46-44D5-A39F-49A7F0E2ABD3}.SignalR_Debug|ARM.Build.0 = SignalR_Debug|Any CPU
		{2D69114A-BA46-44D5-A39F-49A7F0E2ABD3}.SignalR_Debug|iPhone.ActiveCfg = SignalR_Debug|Any CPU
		{2D69114A-BA46-44D5-A39F-49A7F0E2ABD3}.SignalR_Debug|iPhone.Build.0 = SignalR_Debug|Any CPU
		{2D69114A-BA46-44D5-A39F-49A7F0E2ABD3}.SignalR_Debug|iPhoneSimulator.ActiveCfg = SignalR_Debug|Any CPU
		{2D69114A-BA46-44D5-A39F-49A7F0E2ABD3}.SignalR_Debug|iPhoneSimulator.Build.0 = SignalR_Debug|Any CPU
		{2D69114A-BA46-44D5-A39F-49A7F0E2ABD3}.SignalR_Debug|x64.ActiveCfg = SignalR_Debug|Any CPU
		{2D69114A-BA46-44D5-A39F-49A7F0E2ABD3}.SignalR_Debug|x64.Build.0 = SignalR_Debug|Any CPU
		{2D69114A-BA46-44D5-A39F-49A7F0E2ABD3}.SignalR_Debug|x86.ActiveCfg = SignalR_Debug|Any CPU
		{2D69114A-BA46-44D5-A39F-49A7F0E2ABD3}.SignalR_Debug|x86.Build.0 = SignalR_Debug|Any CPU
		{261036BF-9E90-459E-9E28-F53E09A708B1}.Ad-Hoc|Any CPU.ActiveCfg = Release|Any CPU
		{261036BF-9E90-459E-9E28-F53E09A708B1}.Ad-Hoc|Any CPU.Build.0 = Release|Any CPU
		{261036BF-9E90-459E-9E28-F53E09A708B1}.Ad-Hoc|ARM.ActiveCfg = Release|Any CPU
		{261036BF-9E90-459E-9E28-F53E09A708B1}.Ad-Hoc|ARM.Build.0 = Release|Any CPU
		{261036BF-9E90-459E-9E28-F53E09A708B1}.Ad-Hoc|iPhone.ActiveCfg = Release|Any CPU
		{261036BF-9E90-459E-9E28-F53E09A708B1}.Ad-Hoc|iPhone.Build.0 = Release|Any CPU
		{261036BF-9E90-459E-9E28-F53E09A708B1}.Ad-Hoc|iPhoneSimulator.ActiveCfg = Release|Any CPU
		{261036BF-9E90-459E-9E28-F53E09A708B1}.Ad-Hoc|iPhoneSimulator.Build.0 = Release|Any CPU
		{261036BF-9E90-459E-9E28-F53E09A708B1}.Ad-Hoc|x64.ActiveCfg = Release|Any CPU
		{261036BF-9E90-459E-9E28-F53E09A708B1}.Ad-Hoc|x64.Build.0 = Release|Any CPU
		{261036BF-9E90-459E-9E28-F53E09A708B1}.Ad-Hoc|x86.ActiveCfg = Release|Any CPU
		{261036BF-9E90-459E-9E28-F53E09A708B1}.Ad-Hoc|x86.Build.0 = Release|Any CPU
		{261036BF-9E90-459E-9E28-F53E09A708B1}.AppStore|Any CPU.ActiveCfg = Release|Any CPU
		{261036BF-9E90-459E-9E28-F53E09A708B1}.AppStore|Any CPU.Build.0 = Release|Any CPU
		{261036BF-9E90-459E-9E28-F53E09A708B1}.AppStore|ARM.ActiveCfg = Release|Any CPU
		{261036BF-9E90-459E-9E28-F53E09A708B1}.AppStore|ARM.Build.0 = Release|Any CPU
		{261036BF-9E90-459E-9E28-F53E09A708B1}.AppStore|iPhone.ActiveCfg = Release|Any CPU
		{261036BF-9E90-459E-9E28-F53E09A708B1}.AppStore|iPhone.Build.0 = Release|Any CPU
		{261036BF-9E90-459E-9E28-F53E09A708B1}.AppStore|iPhoneSimulator.ActiveCfg = Release|Any CPU
		{261036BF-9E90-459E-9E28-F53E09A708B1}.AppStore|iPhoneSimulator.Build.0 = Release|Any CPU
		{261036BF-9E90-459E-9E28-F53E09A708B1}.AppStore|x64.ActiveCfg = Release|Any CPU
		{261036BF-9E90-459E-9E28-F53E09A708B1}.AppStore|x64.Build.0 = Release|Any CPU
		{261036BF-9E90-459E-9E28-F53E09A708B1}.AppStore|x86.ActiveCfg = Release|Any CPU
		{261036BF-9E90-459E-9E28-F53E09A708B1}.AppStore|x86.Build.0 = Release|Any CPU
		{261036BF-9E90-459E-9E28-F53E09A708B1}.Debug|Any CPU.ActiveCfg = Debug|Any CPU
		{261036BF-9E90-459E-9E28-F53E09A708B1}.Debug|Any CPU.Build.0 = Debug|Any CPU
		{261036BF-9E90-459E-9E28-F53E09A708B1}.Debug|ARM.ActiveCfg = Debug|Any CPU
		{261036BF-9E90-459E-9E28-F53E09A708B1}.Debug|ARM.Build.0 = Debug|Any CPU
		{261036BF-9E90-459E-9E28-F53E09A708B1}.Debug|iPhone.ActiveCfg = Debug|Any CPU
		{261036BF-9E90-459E-9E28-F53E09A708B1}.Debug|iPhone.Build.0 = Debug|Any CPU
		{261036BF-9E90-459E-9E28-F53E09A708B1}.Debug|iPhoneSimulator.ActiveCfg = Debug|Any CPU
		{261036BF-9E90-459E-9E28-F53E09A708B1}.Debug|iPhoneSimulator.Build.0 = Debug|Any CPU
		{261036BF-9E90-459E-9E28-F53E09A708B1}.Debug|x64.ActiveCfg = Debug|Any CPU
		{261036BF-9E90-459E-9E28-F53E09A708B1}.Debug|x64.Build.0 = Debug|Any CPU
		{261036BF-9E90-459E-9E28-F53E09A708B1}.Debug|x86.ActiveCfg = Debug|Any CPU
		{261036BF-9E90-459E-9E28-F53E09A708B1}.Debug|x86.Build.0 = Debug|Any CPU
		{261036BF-9E90-459E-9E28-F53E09A708B1}.Release|Any CPU.ActiveCfg = Release|Any CPU
		{261036BF-9E90-459E-9E28-F53E09A708B1}.Release|Any CPU.Build.0 = Release|Any CPU
		{261036BF-9E90-459E-9E28-F53E09A708B1}.Release|ARM.ActiveCfg = Release|Any CPU
		{261036BF-9E90-459E-9E28-F53E09A708B1}.Release|ARM.Build.0 = Release|Any CPU
		{261036BF-9E90-459E-9E28-F53E09A708B1}.Release|iPhone.ActiveCfg = Release|Any CPU
		{261036BF-9E90-459E-9E28-F53E09A708B1}.Release|iPhone.Build.0 = Release|Any CPU
		{261036BF-9E90-459E-9E28-F53E09A708B1}.Release|iPhoneSimulator.ActiveCfg = Release|Any CPU
		{261036BF-9E90-459E-9E28-F53E09A708B1}.Release|iPhoneSimulator.Build.0 = Release|Any CPU
		{261036BF-9E90-459E-9E28-F53E09A708B1}.Release|x64.ActiveCfg = Release|Any CPU
		{261036BF-9E90-459E-9E28-F53E09A708B1}.Release|x64.Build.0 = Release|Any CPU
		{261036BF-9E90-459E-9E28-F53E09A708B1}.Release|x86.ActiveCfg = Release|Any CPU
		{261036BF-9E90-459E-9E28-F53E09A708B1}.Release|x86.Build.0 = Release|Any CPU
		{261036BF-9E90-459E-9E28-F53E09A708B1}.SignalR_Debug|Any CPU.ActiveCfg = SignalR_Debug|Any CPU
		{261036BF-9E90-459E-9E28-F53E09A708B1}.SignalR_Debug|Any CPU.Build.0 = SignalR_Debug|Any CPU
		{261036BF-9E90-459E-9E28-F53E09A708B1}.SignalR_Debug|ARM.ActiveCfg = SignalR_Debug|Any CPU
		{261036BF-9E90-459E-9E28-F53E09A708B1}.SignalR_Debug|ARM.Build.0 = SignalR_Debug|Any CPU
		{261036BF-9E90-459E-9E28-F53E09A708B1}.SignalR_Debug|iPhone.ActiveCfg = SignalR_Debug|Any CPU
		{261036BF-9E90-459E-9E28-F53E09A708B1}.SignalR_Debug|iPhone.Build.0 = SignalR_Debug|Any CPU
		{261036BF-9E90-459E-9E28-F53E09A708B1}.SignalR_Debug|iPhoneSimulator.ActiveCfg = SignalR_Debug|Any CPU
		{261036BF-9E90-459E-9E28-F53E09A708B1}.SignalR_Debug|iPhoneSimulator.Build.0 = SignalR_Debug|Any CPU
		{261036BF-9E90-459E-9E28-F53E09A708B1}.SignalR_Debug|x64.ActiveCfg = SignalR_Debug|Any CPU
		{261036BF-9E90-459E-9E28-F53E09A708B1}.SignalR_Debug|x64.Build.0 = SignalR_Debug|Any CPU
		{261036BF-9E90-459E-9E28-F53E09A708B1}.SignalR_Debug|x86.ActiveCfg = SignalR_Debug|Any CPU
		{261036BF-9E90-459E-9E28-F53E09A708B1}.SignalR_Debug|x86.Build.0 = SignalR_Debug|Any CPU
		{459F7874-C925-4772-8561-E302658FEE63}.Ad-Hoc|Any CPU.ActiveCfg = Release|Any CPU
		{459F7874-C925-4772-8561-E302658FEE63}.Ad-Hoc|Any CPU.Build.0 = Release|Any CPU
		{459F7874-C925-4772-8561-E302658FEE63}.Ad-Hoc|ARM.ActiveCfg = Release|Any CPU
		{459F7874-C925-4772-8561-E302658FEE63}.Ad-Hoc|ARM.Build.0 = Release|Any CPU
		{459F7874-C925-4772-8561-E302658FEE63}.Ad-Hoc|iPhone.ActiveCfg = Release|Any CPU
		{459F7874-C925-4772-8561-E302658FEE63}.Ad-Hoc|iPhone.Build.0 = Release|Any CPU
		{459F7874-C925-4772-8561-E302658FEE63}.Ad-Hoc|iPhoneSimulator.ActiveCfg = Release|Any CPU
		{459F7874-C925-4772-8561-E302658FEE63}.Ad-Hoc|iPhoneSimulator.Build.0 = Release|Any CPU
		{459F7874-C925-4772-8561-E302658FEE63}.Ad-Hoc|x64.ActiveCfg = Release|Any CPU
		{459F7874-C925-4772-8561-E302658FEE63}.Ad-Hoc|x64.Build.0 = Release|Any CPU
		{459F7874-C925-4772-8561-E302658FEE63}.Ad-Hoc|x86.ActiveCfg = Release|Any CPU
		{459F7874-C925-4772-8561-E302658FEE63}.Ad-Hoc|x86.Build.0 = Release|Any CPU
		{459F7874-C925-4772-8561-E302658FEE63}.AppStore|Any CPU.ActiveCfg = Release|Any CPU
		{459F7874-C925-4772-8561-E302658FEE63}.AppStore|Any CPU.Build.0 = Release|Any CPU
		{459F7874-C925-4772-8561-E302658FEE63}.AppStore|ARM.ActiveCfg = Release|Any CPU
		{459F7874-C925-4772-8561-E302658FEE63}.AppStore|ARM.Build.0 = Release|Any CPU
		{459F7874-C925-4772-8561-E302658FEE63}.AppStore|iPhone.ActiveCfg = Release|Any CPU
		{459F7874-C925-4772-8561-E302658FEE63}.AppStore|iPhone.Build.0 = Release|Any CPU
		{459F7874-C925-4772-8561-E302658FEE63}.AppStore|iPhoneSimulator.ActiveCfg = Release|Any CPU
		{459F7874-C925-4772-8561-E302658FEE63}.AppStore|iPhoneSimulator.Build.0 = Release|Any CPU
		{459F7874-C925-4772-8561-E302658FEE63}.AppStore|x64.ActiveCfg = Release|Any CPU
		{459F7874-C925-4772-8561-E302658FEE63}.AppStore|x64.Build.0 = Release|Any CPU
		{459F7874-C925-4772-8561-E302658FEE63}.AppStore|x86.ActiveCfg = Release|Any CPU
		{459F7874-C925-4772-8561-E302658FEE63}.AppStore|x86.Build.0 = Release|Any CPU
		{459F7874-C925-4772-8561-E302658FEE63}.Debug|Any CPU.ActiveCfg = Debug|Any CPU
		{459F7874-C925-4772-8561-E302658FEE63}.Debug|Any CPU.Build.0 = Debug|Any CPU
		{459F7874-C925-4772-8561-E302658FEE63}.Debug|ARM.ActiveCfg = Debug|Any CPU
		{459F7874-C925-4772-8561-E302658FEE63}.Debug|ARM.Build.0 = Debug|Any CPU
		{459F7874-C925-4772-8561-E302658FEE63}.Debug|iPhone.ActiveCfg = Debug|Any CPU
		{459F7874-C925-4772-8561-E302658FEE63}.Debug|iPhone.Build.0 = Debug|Any CPU
		{459F7874-C925-4772-8561-E302658FEE63}.Debug|iPhoneSimulator.ActiveCfg = Debug|Any CPU
		{459F7874-C925-4772-8561-E302658FEE63}.Debug|iPhoneSimulator.Build.0 = Debug|Any CPU
		{459F7874-C925-4772-8561-E302658FEE63}.Debug|x64.ActiveCfg = Debug|Any CPU
		{459F7874-C925-4772-8561-E302658FEE63}.Debug|x64.Build.0 = Debug|Any CPU
		{459F7874-C925-4772-8561-E302658FEE63}.Debug|x86.ActiveCfg = Debug|Any CPU
		{459F7874-C925-4772-8561-E302658FEE63}.Debug|x86.Build.0 = Debug|Any CPU
		{459F7874-C925-4772-8561-E302658FEE63}.Release|Any CPU.ActiveCfg = Release|Any CPU
		{459F7874-C925-4772-8561-E302658FEE63}.Release|Any CPU.Build.0 = Release|Any CPU
		{459F7874-C925-4772-8561-E302658FEE63}.Release|ARM.ActiveCfg = Release|Any CPU
		{459F7874-C925-4772-8561-E302658FEE63}.Release|ARM.Build.0 = Release|Any CPU
		{459F7874-C925-4772-8561-E302658FEE63}.Release|iPhone.ActiveCfg = Release|Any CPU
		{459F7874-C925-4772-8561-E302658FEE63}.Release|iPhone.Build.0 = Release|Any CPU
		{459F7874-C925-4772-8561-E302658FEE63}.Release|iPhoneSimulator.ActiveCfg = Release|Any CPU
		{459F7874-C925-4772-8561-E302658FEE63}.Release|iPhoneSimulator.Build.0 = Release|Any CPU
		{459F7874-C925-4772-8561-E302658FEE63}.Release|x64.ActiveCfg = Release|Any CPU
		{459F7874-C925-4772-8561-E302658FEE63}.Release|x64.Build.0 = Release|Any CPU
		{459F7874-C925-4772-8561-E302658FEE63}.Release|x86.ActiveCfg = Release|Any CPU
		{459F7874-C925-4772-8561-E302658FEE63}.Release|x86.Build.0 = Release|Any CPU
		{459F7874-C925-4772-8561-E302658FEE63}.SignalR_Debug|Any CPU.ActiveCfg = SignalR_Debug|Any CPU
		{459F7874-C925-4772-8561-E302658FEE63}.SignalR_Debug|Any CPU.Build.0 = SignalR_Debug|Any CPU
		{459F7874-C925-4772-8561-E302658FEE63}.SignalR_Debug|ARM.ActiveCfg = SignalR_Debug|Any CPU
		{459F7874-C925-4772-8561-E302658FEE63}.SignalR_Debug|ARM.Build.0 = SignalR_Debug|Any CPU
		{459F7874-C925-4772-8561-E302658FEE63}.SignalR_Debug|iPhone.ActiveCfg = SignalR_Debug|Any CPU
		{459F7874-C925-4772-8561-E302658FEE63}.SignalR_Debug|iPhone.Build.0 = SignalR_Debug|Any CPU
		{459F7874-C925-4772-8561-E302658FEE63}.SignalR_Debug|iPhoneSimulator.ActiveCfg = SignalR_Debug|Any CPU
		{459F7874-C925-4772-8561-E302658FEE63}.SignalR_Debug|iPhoneSimulator.Build.0 = SignalR_Debug|Any CPU
		{459F7874-C925-4772-8561-E302658FEE63}.SignalR_Debug|x64.ActiveCfg = SignalR_Debug|Any CPU
		{459F7874-C925-4772-8561-E302658FEE63}.SignalR_Debug|x64.Build.0 = SignalR_Debug|Any CPU
		{459F7874-C925-4772-8561-E302658FEE63}.SignalR_Debug|x86.ActiveCfg = SignalR_Debug|Any CPU
		{459F7874-C925-4772-8561-E302658FEE63}.SignalR_Debug|x86.Build.0 = SignalR_Debug|Any CPU
		{7B8FC976-9AD2-4E86-85E3-21085A733A3F}.Ad-Hoc|Any CPU.ActiveCfg = Release|Any CPU
		{7B8FC976-9AD2-4E86-85E3-21085A733A3F}.Ad-Hoc|Any CPU.Build.0 = Release|Any CPU
		{7B8FC976-9AD2-4E86-85E3-21085A733A3F}.Ad-Hoc|ARM.ActiveCfg = Release|Any CPU
		{7B8FC976-9AD2-4E86-85E3-21085A733A3F}.Ad-Hoc|ARM.Build.0 = Release|Any CPU
		{7B8FC976-9AD2-4E86-85E3-21085A733A3F}.Ad-Hoc|iPhone.ActiveCfg = Release|Any CPU
		{7B8FC976-9AD2-4E86-85E3-21085A733A3F}.Ad-Hoc|iPhone.Build.0 = Release|Any CPU
		{7B8FC976-9AD2-4E86-85E3-21085A733A3F}.Ad-Hoc|iPhoneSimulator.ActiveCfg = Release|Any CPU
		{7B8FC976-9AD2-4E86-85E3-21085A733A3F}.Ad-Hoc|iPhoneSimulator.Build.0 = Release|Any CPU
		{7B8FC976-9AD2-4E86-85E3-21085A733A3F}.Ad-Hoc|x64.ActiveCfg = Release|Any CPU
		{7B8FC976-9AD2-4E86-85E3-21085A733A3F}.Ad-Hoc|x64.Build.0 = Release|Any CPU
		{7B8FC976-9AD2-4E86-85E3-21085A733A3F}.Ad-Hoc|x86.ActiveCfg = Release|Any CPU
		{7B8FC976-9AD2-4E86-85E3-21085A733A3F}.Ad-Hoc|x86.Build.0 = Release|Any CPU
		{7B8FC976-9AD2-4E86-85E3-21085A733A3F}.AppStore|Any CPU.ActiveCfg = Release|Any CPU
		{7B8FC976-9AD2-4E86-85E3-21085A733A3F}.AppStore|Any CPU.Build.0 = Release|Any CPU
		{7B8FC976-9AD2-4E86-85E3-21085A733A3F}.AppStore|ARM.ActiveCfg = Release|Any CPU
		{7B8FC976-9AD2-4E86-85E3-21085A733A3F}.AppStore|ARM.Build.0 = Release|Any CPU
		{7B8FC976-9AD2-4E86-85E3-21085A733A3F}.AppStore|iPhone.ActiveCfg = Release|Any CPU
		{7B8FC976-9AD2-4E86-85E3-21085A733A3F}.AppStore|iPhone.Build.0 = Release|Any CPU
		{7B8FC976-9AD2-4E86-85E3-21085A733A3F}.AppStore|iPhoneSimulator.ActiveCfg = Release|Any CPU
		{7B8FC976-9AD2-4E86-85E3-21085A733A3F}.AppStore|iPhoneSimulator.Build.0 = Release|Any CPU
		{7B8FC976-9AD2-4E86-85E3-21085A733A3F}.AppStore|x64.ActiveCfg = Release|Any CPU
		{7B8FC976-9AD2-4E86-85E3-21085A733A3F}.AppStore|x64.Build.0 = Release|Any CPU
		{7B8FC976-9AD2-4E86-85E3-21085A733A3F}.AppStore|x86.ActiveCfg = Release|Any CPU
		{7B8FC976-9AD2-4E86-85E3-21085A733A3F}.AppStore|x86.Build.0 = Release|Any CPU
		{7B8FC976-9AD2-4E86-85E3-21085A733A3F}.Debug|Any CPU.ActiveCfg = Debug|Any CPU
		{7B8FC976-9AD2-4E86-85E3-21085A733A3F}.Debug|Any CPU.Build.0 = Debug|Any CPU
		{7B8FC976-9AD2-4E86-85E3-21085A733A3F}.Debug|ARM.ActiveCfg = Debug|Any CPU
		{7B8FC976-9AD2-4E86-85E3-21085A733A3F}.Debug|ARM.Build.0 = Debug|Any CPU
		{7B8FC976-9AD2-4E86-85E3-21085A733A3F}.Debug|iPhone.ActiveCfg = Debug|Any CPU
		{7B8FC976-9AD2-4E86-85E3-21085A733A3F}.Debug|iPhone.Build.0 = Debug|Any CPU
		{7B8FC976-9AD2-4E86-85E3-21085A733A3F}.Debug|iPhoneSimulator.ActiveCfg = Debug|Any CPU
		{7B8FC976-9AD2-4E86-85E3-21085A733A3F}.Debug|iPhoneSimulator.Build.0 = Debug|Any CPU
		{7B8FC976-9AD2-4E86-85E3-21085A733A3F}.Debug|x64.ActiveCfg = Debug|Any CPU
		{7B8FC976-9AD2-4E86-85E3-21085A733A3F}.Debug|x64.Build.0 = Debug|Any CPU
		{7B8FC976-9AD2-4E86-85E3-21085A733A3F}.Debug|x86.ActiveCfg = Debug|Any CPU
		{7B8FC976-9AD2-4E86-85E3-21085A733A3F}.Debug|x86.Build.0 = Debug|Any CPU
		{7B8FC976-9AD2-4E86-85E3-21085A733A3F}.Release|Any CPU.ActiveCfg = Release|Any CPU
		{7B8FC976-9AD2-4E86-85E3-21085A733A3F}.Release|Any CPU.Build.0 = Release|Any CPU
		{7B8FC976-9AD2-4E86-85E3-21085A733A3F}.Release|ARM.ActiveCfg = Release|Any CPU
		{7B8FC976-9AD2-4E86-85E3-21085A733A3F}.Release|ARM.Build.0 = Release|Any CPU
		{7B8FC976-9AD2-4E86-85E3-21085A733A3F}.Release|iPhone.ActiveCfg = Release|Any CPU
		{7B8FC976-9AD2-4E86-85E3-21085A733A3F}.Release|iPhone.Build.0 = Release|Any CPU
		{7B8FC976-9AD2-4E86-85E3-21085A733A3F}.Release|iPhoneSimulator.ActiveCfg = Release|Any CPU
		{7B8FC976-9AD2-4E86-85E3-21085A733A3F}.Release|iPhoneSimulator.Build.0 = Release|Any CPU
		{7B8FC976-9AD2-4E86-85E3-21085A733A3F}.Release|x64.ActiveCfg = Release|Any CPU
		{7B8FC976-9AD2-4E86-85E3-21085A733A3F}.Release|x64.Build.0 = Release|Any CPU
		{7B8FC976-9AD2-4E86-85E3-21085A733A3F}.Release|x86.ActiveCfg = Release|Any CPU
		{7B8FC976-9AD2-4E86-85E3-21085A733A3F}.Release|x86.Build.0 = Release|Any CPU
		{7B8FC976-9AD2-4E86-85E3-21085A733A3F}.SignalR_Debug|Any CPU.ActiveCfg = SignalR_Debug|Any CPU
		{7B8FC976-9AD2-4E86-85E3-21085A733A3F}.SignalR_Debug|Any CPU.Build.0 = SignalR_Debug|Any CPU
		{7B8FC976-9AD2-4E86-85E3-21085A733A3F}.SignalR_Debug|ARM.ActiveCfg = SignalR_Debug|Any CPU
		{7B8FC976-9AD2-4E86-85E3-21085A733A3F}.SignalR_Debug|ARM.Build.0 = SignalR_Debug|Any CPU
		{7B8FC976-9AD2-4E86-85E3-21085A733A3F}.SignalR_Debug|iPhone.ActiveCfg = SignalR_Debug|Any CPU
		{7B8FC976-9AD2-4E86-85E3-21085A733A3F}.SignalR_Debug|iPhone.Build.0 = SignalR_Debug|Any CPU
		{7B8FC976-9AD2-4E86-85E3-21085A733A3F}.SignalR_Debug|iPhoneSimulator.ActiveCfg = SignalR_Debug|Any CPU
		{7B8FC976-9AD2-4E86-85E3-21085A733A3F}.SignalR_Debug|iPhoneSimulator.Build.0 = SignalR_Debug|Any CPU
		{7B8FC976-9AD2-4E86-85E3-21085A733A3F}.SignalR_Debug|x64.ActiveCfg = SignalR_Debug|Any CPU
		{7B8FC976-9AD2-4E86-85E3-21085A733A3F}.SignalR_Debug|x64.Build.0 = SignalR_Debug|Any CPU
		{7B8FC976-9AD2-4E86-85E3-21085A733A3F}.SignalR_Debug|x86.ActiveCfg = SignalR_Debug|Any CPU
		{7B8FC976-9AD2-4E86-85E3-21085A733A3F}.SignalR_Debug|x86.Build.0 = SignalR_Debug|Any CPU
		{5C163D9F-5C31-4CC1-9467-4AC22FFB9868}.Ad-Hoc|Any CPU.ActiveCfg = Release|x64
		{5C163D9F-5C31-4CC1-9467-4AC22FFB9868}.Ad-Hoc|Any CPU.Build.0 = Release|x64
		{5C163D9F-5C31-4CC1-9467-4AC22FFB9868}.Ad-Hoc|Any CPU.Deploy.0 = Release|x64
		{5C163D9F-5C31-4CC1-9467-4AC22FFB9868}.Ad-Hoc|ARM.ActiveCfg = Release|ARM
		{5C163D9F-5C31-4CC1-9467-4AC22FFB9868}.Ad-Hoc|ARM.Build.0 = Release|ARM
		{5C163D9F-5C31-4CC1-9467-4AC22FFB9868}.Ad-Hoc|ARM.Deploy.0 = Release|ARM
		{5C163D9F-5C31-4CC1-9467-4AC22FFB9868}.Ad-Hoc|iPhone.ActiveCfg = Release|x64
		{5C163D9F-5C31-4CC1-9467-4AC22FFB9868}.Ad-Hoc|iPhone.Build.0 = Release|x64
		{5C163D9F-5C31-4CC1-9467-4AC22FFB9868}.Ad-Hoc|iPhone.Deploy.0 = Release|x64
		{5C163D9F-5C31-4CC1-9467-4AC22FFB9868}.Ad-Hoc|iPhoneSimulator.ActiveCfg = Release|x64
		{5C163D9F-5C31-4CC1-9467-4AC22FFB9868}.Ad-Hoc|iPhoneSimulator.Build.0 = Release|x64
		{5C163D9F-5C31-4CC1-9467-4AC22FFB9868}.Ad-Hoc|iPhoneSimulator.Deploy.0 = Release|x64
		{5C163D9F-5C31-4CC1-9467-4AC22FFB9868}.Ad-Hoc|x64.ActiveCfg = Release|x64
		{5C163D9F-5C31-4CC1-9467-4AC22FFB9868}.Ad-Hoc|x64.Build.0 = Release|x64
		{5C163D9F-5C31-4CC1-9467-4AC22FFB9868}.Ad-Hoc|x64.Deploy.0 = Release|x64
		{5C163D9F-5C31-4CC1-9467-4AC22FFB9868}.Ad-Hoc|x86.ActiveCfg = Release|x86
		{5C163D9F-5C31-4CC1-9467-4AC22FFB9868}.Ad-Hoc|x86.Build.0 = Release|x86
		{5C163D9F-5C31-4CC1-9467-4AC22FFB9868}.Ad-Hoc|x86.Deploy.0 = Release|x86
		{5C163D9F-5C31-4CC1-9467-4AC22FFB9868}.AppStore|Any CPU.ActiveCfg = Release|x64
		{5C163D9F-5C31-4CC1-9467-4AC22FFB9868}.AppStore|Any CPU.Build.0 = Release|x64
		{5C163D9F-5C31-4CC1-9467-4AC22FFB9868}.AppStore|Any CPU.Deploy.0 = Release|x64
		{5C163D9F-5C31-4CC1-9467-4AC22FFB9868}.AppStore|ARM.ActiveCfg = Release|ARM
		{5C163D9F-5C31-4CC1-9467-4AC22FFB9868}.AppStore|ARM.Build.0 = Release|ARM
		{5C163D9F-5C31-4CC1-9467-4AC22FFB9868}.AppStore|ARM.Deploy.0 = Release|ARM
		{5C163D9F-5C31-4CC1-9467-4AC22FFB9868}.AppStore|iPhone.ActiveCfg = Release|x64
		{5C163D9F-5C31-4CC1-9467-4AC22FFB9868}.AppStore|iPhone.Build.0 = Release|x64
		{5C163D9F-5C31-4CC1-9467-4AC22FFB9868}.AppStore|iPhone.Deploy.0 = Release|x64
		{5C163D9F-5C31-4CC1-9467-4AC22FFB9868}.AppStore|iPhoneSimulator.ActiveCfg = Release|x64
		{5C163D9F-5C31-4CC1-9467-4AC22FFB9868}.AppStore|iPhoneSimulator.Build.0 = Release|x64
		{5C163D9F-5C31-4CC1-9467-4AC22FFB9868}.AppStore|iPhoneSimulator.Deploy.0 = Release|x64
		{5C163D9F-5C31-4CC1-9467-4AC22FFB9868}.AppStore|x64.ActiveCfg = Release|x64
		{5C163D9F-5C31-4CC1-9467-4AC22FFB9868}.AppStore|x64.Build.0 = Release|x64
		{5C163D9F-5C31-4CC1-9467-4AC22FFB9868}.AppStore|x64.Deploy.0 = Release|x64
		{5C163D9F-5C31-4CC1-9467-4AC22FFB9868}.AppStore|x86.ActiveCfg = Release|x86
		{5C163D9F-5C31-4CC1-9467-4AC22FFB9868}.AppStore|x86.Build.0 = Release|x86
		{5C163D9F-5C31-4CC1-9467-4AC22FFB9868}.AppStore|x86.Deploy.0 = Release|x86
		{5C163D9F-5C31-4CC1-9467-4AC22FFB9868}.Debug|Any CPU.ActiveCfg = Debug|x86
		{5C163D9F-5C31-4CC1-9467-4AC22FFB9868}.Debug|Any CPU.Build.0 = Debug|x86
		{5C163D9F-5C31-4CC1-9467-4AC22FFB9868}.Debug|Any CPU.Deploy.0 = Debug|x86
		{5C163D9F-5C31-4CC1-9467-4AC22FFB9868}.Debug|ARM.ActiveCfg = Debug|ARM
		{5C163D9F-5C31-4CC1-9467-4AC22FFB9868}.Debug|ARM.Build.0 = Debug|ARM
		{5C163D9F-5C31-4CC1-9467-4AC22FFB9868}.Debug|ARM.Deploy.0 = Debug|ARM
		{5C163D9F-5C31-4CC1-9467-4AC22FFB9868}.Debug|iPhone.ActiveCfg = Debug|x86
		{5C163D9F-5C31-4CC1-9467-4AC22FFB9868}.Debug|iPhoneSimulator.ActiveCfg = Debug|x86
		{5C163D9F-5C31-4CC1-9467-4AC22FFB9868}.Debug|x64.ActiveCfg = Debug|x64
		{5C163D9F-5C31-4CC1-9467-4AC22FFB9868}.Debug|x64.Build.0 = Debug|x64
		{5C163D9F-5C31-4CC1-9467-4AC22FFB9868}.Debug|x64.Deploy.0 = Debug|x64
		{5C163D9F-5C31-4CC1-9467-4AC22FFB9868}.Debug|x86.ActiveCfg = Debug|x86
		{5C163D9F-5C31-4CC1-9467-4AC22FFB9868}.Debug|x86.Build.0 = Debug|x86
		{5C163D9F-5C31-4CC1-9467-4AC22FFB9868}.Debug|x86.Deploy.0 = Debug|x86
		{5C163D9F-5C31-4CC1-9467-4AC22FFB9868}.Release|Any CPU.ActiveCfg = Release|x86
		{5C163D9F-5C31-4CC1-9467-4AC22FFB9868}.Release|ARM.ActiveCfg = Release|ARM
		{5C163D9F-5C31-4CC1-9467-4AC22FFB9868}.Release|ARM.Build.0 = Release|ARM
		{5C163D9F-5C31-4CC1-9467-4AC22FFB9868}.Release|ARM.Deploy.0 = Release|ARM
		{5C163D9F-5C31-4CC1-9467-4AC22FFB9868}.Release|iPhone.ActiveCfg = Release|x86
		{5C163D9F-5C31-4CC1-9467-4AC22FFB9868}.Release|iPhoneSimulator.ActiveCfg = Release|x86
		{5C163D9F-5C31-4CC1-9467-4AC22FFB9868}.Release|x64.ActiveCfg = Release|x64
		{5C163D9F-5C31-4CC1-9467-4AC22FFB9868}.Release|x64.Build.0 = Release|x64
		{5C163D9F-5C31-4CC1-9467-4AC22FFB9868}.Release|x64.Deploy.0 = Release|x64
		{5C163D9F-5C31-4CC1-9467-4AC22FFB9868}.Release|x86.ActiveCfg = Release|x86
		{5C163D9F-5C31-4CC1-9467-4AC22FFB9868}.Release|x86.Build.0 = Release|x86
		{5C163D9F-5C31-4CC1-9467-4AC22FFB9868}.Release|x86.Deploy.0 = Release|x86
		{5C163D9F-5C31-4CC1-9467-4AC22FFB9868}.SignalR_Debug|Any CPU.ActiveCfg = SignalR_Debug|x86
		{5C163D9F-5C31-4CC1-9467-4AC22FFB9868}.SignalR_Debug|Any CPU.Build.0 = SignalR_Debug|x86
		{5C163D9F-5C31-4CC1-9467-4AC22FFB9868}.SignalR_Debug|Any CPU.Deploy.0 = SignalR_Debug|x86
		{5C163D9F-5C31-4CC1-9467-4AC22FFB9868}.SignalR_Debug|ARM.ActiveCfg = SignalR_Debug|ARM
		{5C163D9F-5C31-4CC1-9467-4AC22FFB9868}.SignalR_Debug|ARM.Build.0 = SignalR_Debug|ARM
		{5C163D9F-5C31-4CC1-9467-4AC22FFB9868}.SignalR_Debug|ARM.Deploy.0 = SignalR_Debug|ARM
		{5C163D9F-5C31-4CC1-9467-4AC22FFB9868}.SignalR_Debug|iPhone.ActiveCfg = SignalR_Debug|x86
		{5C163D9F-5C31-4CC1-9467-4AC22FFB9868}.SignalR_Debug|iPhoneSimulator.ActiveCfg = SignalR_Debug|x86
		{5C163D9F-5C31-4CC1-9467-4AC22FFB9868}.SignalR_Debug|x64.ActiveCfg = SignalR_Debug|x64
		{5C163D9F-5C31-4CC1-9467-4AC22FFB9868}.SignalR_Debug|x64.Build.0 = SignalR_Debug|x64
		{5C163D9F-5C31-4CC1-9467-4AC22FFB9868}.SignalR_Debug|x64.Deploy.0 = SignalR_Debug|x64
		{5C163D9F-5C31-4CC1-9467-4AC22FFB9868}.SignalR_Debug|x86.ActiveCfg = SignalR_Debug|x86
		{5C163D9F-5C31-4CC1-9467-4AC22FFB9868}.SignalR_Debug|x86.Build.0 = SignalR_Debug|x86
		{5C163D9F-5C31-4CC1-9467-4AC22FFB9868}.SignalR_Debug|x86.Deploy.0 = SignalR_Debug|x86
		{8E3462FB-7496-4301-BC2C-E6613F13BC6A}.Ad-Hoc|Any CPU.ActiveCfg = Release|Any CPU
		{8E3462FB-7496-4301-BC2C-E6613F13BC6A}.Ad-Hoc|Any CPU.Build.0 = Release|Any CPU
		{8E3462FB-7496-4301-BC2C-E6613F13BC6A}.Ad-Hoc|ARM.ActiveCfg = Release|Any CPU
		{8E3462FB-7496-4301-BC2C-E6613F13BC6A}.Ad-Hoc|ARM.Build.0 = Release|Any CPU
		{8E3462FB-7496-4301-BC2C-E6613F13BC6A}.Ad-Hoc|iPhone.ActiveCfg = Release|Any CPU
		{8E3462FB-7496-4301-BC2C-E6613F13BC6A}.Ad-Hoc|iPhone.Build.0 = Release|Any CPU
		{8E3462FB-7496-4301-BC2C-E6613F13BC6A}.Ad-Hoc|iPhoneSimulator.ActiveCfg = Release|Any CPU
		{8E3462FB-7496-4301-BC2C-E6613F13BC6A}.Ad-Hoc|iPhoneSimulator.Build.0 = Release|Any CPU
		{8E3462FB-7496-4301-BC2C-E6613F13BC6A}.Ad-Hoc|x64.ActiveCfg = Release|Any CPU
		{8E3462FB-7496-4301-BC2C-E6613F13BC6A}.Ad-Hoc|x64.Build.0 = Release|Any CPU
		{8E3462FB-7496-4301-BC2C-E6613F13BC6A}.Ad-Hoc|x86.ActiveCfg = Release|Any CPU
		{8E3462FB-7496-4301-BC2C-E6613F13BC6A}.Ad-Hoc|x86.Build.0 = Release|Any CPU
		{8E3462FB-7496-4301-BC2C-E6613F13BC6A}.AppStore|Any CPU.ActiveCfg = Release|Any CPU
		{8E3462FB-7496-4301-BC2C-E6613F13BC6A}.AppStore|Any CPU.Build.0 = Release|Any CPU
		{8E3462FB-7496-4301-BC2C-E6613F13BC6A}.AppStore|ARM.ActiveCfg = Release|Any CPU
		{8E3462FB-7496-4301-BC2C-E6613F13BC6A}.AppStore|ARM.Build.0 = Release|Any CPU
		{8E3462FB-7496-4301-BC2C-E6613F13BC6A}.AppStore|iPhone.ActiveCfg = Release|Any CPU
		{8E3462FB-7496-4301-BC2C-E6613F13BC6A}.AppStore|iPhone.Build.0 = Release|Any CPU
		{8E3462FB-7496-4301-BC2C-E6613F13BC6A}.AppStore|iPhoneSimulator.ActiveCfg = Release|Any CPU
		{8E3462FB-7496-4301-BC2C-E6613F13BC6A}.AppStore|iPhoneSimulator.Build.0 = Release|Any CPU
		{8E3462FB-7496-4301-BC2C-E6613F13BC6A}.AppStore|x64.ActiveCfg = Release|Any CPU
		{8E3462FB-7496-4301-BC2C-E6613F13BC6A}.AppStore|x64.Build.0 = Release|Any CPU
		{8E3462FB-7496-4301-BC2C-E6613F13BC6A}.AppStore|x86.ActiveCfg = Release|Any CPU
		{8E3462FB-7496-4301-BC2C-E6613F13BC6A}.AppStore|x86.Build.0 = Release|Any CPU
		{8E3462FB-7496-4301-BC2C-E6613F13BC6A}.Debug|Any CPU.ActiveCfg = Debug|Any CPU
		{8E3462FB-7496-4301-BC2C-E6613F13BC6A}.Debug|Any CPU.Build.0 = Debug|Any CPU
		{8E3462FB-7496-4301-BC2C-E6613F13BC6A}.Debug|ARM.ActiveCfg = Debug|Any CPU
		{8E3462FB-7496-4301-BC2C-E6613F13BC6A}.Debug|ARM.Build.0 = Debug|Any CPU
		{8E3462FB-7496-4301-BC2C-E6613F13BC6A}.Debug|iPhone.ActiveCfg = Debug|Any CPU
		{8E3462FB-7496-4301-BC2C-E6613F13BC6A}.Debug|iPhone.Build.0 = Debug|Any CPU
		{8E3462FB-7496-4301-BC2C-E6613F13BC6A}.Debug|iPhoneSimulator.ActiveCfg = Debug|Any CPU
		{8E3462FB-7496-4301-BC2C-E6613F13BC6A}.Debug|iPhoneSimulator.Build.0 = Debug|Any CPU
		{8E3462FB-7496-4301-BC2C-E6613F13BC6A}.Debug|x64.ActiveCfg = Debug|Any CPU
		{8E3462FB-7496-4301-BC2C-E6613F13BC6A}.Debug|x64.Build.0 = Debug|Any CPU
		{8E3462FB-7496-4301-BC2C-E6613F13BC6A}.Debug|x86.ActiveCfg = Debug|Any CPU
		{8E3462FB-7496-4301-BC2C-E6613F13BC6A}.Debug|x86.Build.0 = Debug|Any CPU
		{8E3462FB-7496-4301-BC2C-E6613F13BC6A}.Release|Any CPU.ActiveCfg = Release|Any CPU
		{8E3462FB-7496-4301-BC2C-E6613F13BC6A}.Release|Any CPU.Build.0 = Release|Any CPU
		{8E3462FB-7496-4301-BC2C-E6613F13BC6A}.Release|ARM.ActiveCfg = Release|Any CPU
		{8E3462FB-7496-4301-BC2C-E6613F13BC6A}.Release|ARM.Build.0 = Release|Any CPU
		{8E3462FB-7496-4301-BC2C-E6613F13BC6A}.Release|iPhone.ActiveCfg = Release|Any CPU
		{8E3462FB-7496-4301-BC2C-E6613F13BC6A}.Release|iPhone.Build.0 = Release|Any CPU
		{8E3462FB-7496-4301-BC2C-E6613F13BC6A}.Release|iPhoneSimulator.ActiveCfg = Release|Any CPU
		{8E3462FB-7496-4301-BC2C-E6613F13BC6A}.Release|iPhoneSimulator.Build.0 = Release|Any CPU
		{8E3462FB-7496-4301-BC2C-E6613F13BC6A}.Release|x64.ActiveCfg = Release|Any CPU
		{8E3462FB-7496-4301-BC2C-E6613F13BC6A}.Release|x64.Build.0 = Release|Any CPU
		{8E3462FB-7496-4301-BC2C-E6613F13BC6A}.Release|x86.ActiveCfg = Release|Any CPU
		{8E3462FB-7496-4301-BC2C-E6613F13BC6A}.Release|x86.Build.0 = Release|Any CPU
		{8E3462FB-7496-4301-BC2C-E6613F13BC6A}.SignalR_Debug|Any CPU.ActiveCfg = SignalR_Debug|Any CPU
		{8E3462FB-7496-4301-BC2C-E6613F13BC6A}.SignalR_Debug|Any CPU.Build.0 = SignalR_Debug|Any CPU
		{8E3462FB-7496-4301-BC2C-E6613F13BC6A}.SignalR_Debug|ARM.ActiveCfg = SignalR_Debug|Any CPU
		{8E3462FB-7496-4301-BC2C-E6613F13BC6A}.SignalR_Debug|ARM.Build.0 = SignalR_Debug|Any CPU
		{8E3462FB-7496-4301-BC2C-E6613F13BC6A}.SignalR_Debug|iPhone.ActiveCfg = SignalR_Debug|Any CPU
		{8E3462FB-7496-4301-BC2C-E6613F13BC6A}.SignalR_Debug|iPhone.Build.0 = SignalR_Debug|Any CPU
		{8E3462FB-7496-4301-BC2C-E6613F13BC6A}.SignalR_Debug|iPhoneSimulator.ActiveCfg = SignalR_Debug|Any CPU
		{8E3462FB-7496-4301-BC2C-E6613F13BC6A}.SignalR_Debug|iPhoneSimulator.Build.0 = SignalR_Debug|Any CPU
		{8E3462FB-7496-4301-BC2C-E6613F13BC6A}.SignalR_Debug|x64.ActiveCfg = SignalR_Debug|Any CPU
		{8E3462FB-7496-4301-BC2C-E6613F13BC6A}.SignalR_Debug|x64.Build.0 = SignalR_Debug|Any CPU
		{8E3462FB-7496-4301-BC2C-E6613F13BC6A}.SignalR_Debug|x86.ActiveCfg = SignalR_Debug|Any CPU
		{8E3462FB-7496-4301-BC2C-E6613F13BC6A}.SignalR_Debug|x86.Build.0 = SignalR_Debug|Any CPU
		{60E28555-A960-45E0-8EBF-DB94D0B4914B}.Ad-Hoc|Any CPU.ActiveCfg = Release|Any CPU
		{60E28555-A960-45E0-8EBF-DB94D0B4914B}.Ad-Hoc|Any CPU.Build.0 = Release|Any CPU
		{60E28555-A960-45E0-8EBF-DB94D0B4914B}.Ad-Hoc|ARM.ActiveCfg = Release|Any CPU
		{60E28555-A960-45E0-8EBF-DB94D0B4914B}.Ad-Hoc|ARM.Build.0 = Release|Any CPU
		{60E28555-A960-45E0-8EBF-DB94D0B4914B}.Ad-Hoc|iPhone.ActiveCfg = Release|Any CPU
		{60E28555-A960-45E0-8EBF-DB94D0B4914B}.Ad-Hoc|iPhone.Build.0 = Release|Any CPU
		{60E28555-A960-45E0-8EBF-DB94D0B4914B}.Ad-Hoc|iPhoneSimulator.ActiveCfg = Release|Any CPU
		{60E28555-A960-45E0-8EBF-DB94D0B4914B}.Ad-Hoc|iPhoneSimulator.Build.0 = Release|Any CPU
		{60E28555-A960-45E0-8EBF-DB94D0B4914B}.Ad-Hoc|x64.ActiveCfg = Release|Any CPU
		{60E28555-A960-45E0-8EBF-DB94D0B4914B}.Ad-Hoc|x64.Build.0 = Release|Any CPU
		{60E28555-A960-45E0-8EBF-DB94D0B4914B}.Ad-Hoc|x86.ActiveCfg = Release|Any CPU
		{60E28555-A960-45E0-8EBF-DB94D0B4914B}.Ad-Hoc|x86.Build.0 = Release|Any CPU
		{60E28555-A960-45E0-8EBF-DB94D0B4914B}.AppStore|Any CPU.ActiveCfg = Release|Any CPU
		{60E28555-A960-45E0-8EBF-DB94D0B4914B}.AppStore|Any CPU.Build.0 = Release|Any CPU
		{60E28555-A960-45E0-8EBF-DB94D0B4914B}.AppStore|ARM.ActiveCfg = Release|Any CPU
		{60E28555-A960-45E0-8EBF-DB94D0B4914B}.AppStore|ARM.Build.0 = Release|Any CPU
		{60E28555-A960-45E0-8EBF-DB94D0B4914B}.AppStore|iPhone.ActiveCfg = Release|Any CPU
		{60E28555-A960-45E0-8EBF-DB94D0B4914B}.AppStore|iPhone.Build.0 = Release|Any CPU
		{60E28555-A960-45E0-8EBF-DB94D0B4914B}.AppStore|iPhoneSimulator.ActiveCfg = Release|Any CPU
		{60E28555-A960-45E0-8EBF-DB94D0B4914B}.AppStore|iPhoneSimulator.Build.0 = Release|Any CPU
		{60E28555-A960-45E0-8EBF-DB94D0B4914B}.AppStore|x64.ActiveCfg = Release|Any CPU
		{60E28555-A960-45E0-8EBF-DB94D0B4914B}.AppStore|x64.Build.0 = Release|Any CPU
		{60E28555-A960-45E0-8EBF-DB94D0B4914B}.AppStore|x86.ActiveCfg = Release|Any CPU
		{60E28555-A960-45E0-8EBF-DB94D0B4914B}.AppStore|x86.Build.0 = Release|Any CPU
		{60E28555-A960-45E0-8EBF-DB94D0B4914B}.Debug|Any CPU.ActiveCfg = Debug|Any CPU
		{60E28555-A960-45E0-8EBF-DB94D0B4914B}.Debug|Any CPU.Build.0 = Debug|Any CPU
		{60E28555-A960-45E0-8EBF-DB94D0B4914B}.Debug|ARM.ActiveCfg = Debug|Any CPU
		{60E28555-A960-45E0-8EBF-DB94D0B4914B}.Debug|ARM.Build.0 = Debug|Any CPU
		{60E28555-A960-45E0-8EBF-DB94D0B4914B}.Debug|iPhone.ActiveCfg = Debug|Any CPU
		{60E28555-A960-45E0-8EBF-DB94D0B4914B}.Debug|iPhone.Build.0 = Debug|Any CPU
		{60E28555-A960-45E0-8EBF-DB94D0B4914B}.Debug|iPhoneSimulator.ActiveCfg = Debug|Any CPU
		{60E28555-A960-45E0-8EBF-DB94D0B4914B}.Debug|iPhoneSimulator.Build.0 = Debug|Any CPU
		{60E28555-A960-45E0-8EBF-DB94D0B4914B}.Debug|x64.ActiveCfg = Debug|Any CPU
		{60E28555-A960-45E0-8EBF-DB94D0B4914B}.Debug|x64.Build.0 = Debug|Any CPU
		{60E28555-A960-45E0-8EBF-DB94D0B4914B}.Debug|x86.ActiveCfg = Debug|Any CPU
		{60E28555-A960-45E0-8EBF-DB94D0B4914B}.Debug|x86.Build.0 = Debug|Any CPU
		{60E28555-A960-45E0-8EBF-DB94D0B4914B}.Release|Any CPU.ActiveCfg = Release|Any CPU
		{60E28555-A960-45E0-8EBF-DB94D0B4914B}.Release|Any CPU.Build.0 = Release|Any CPU
		{60E28555-A960-45E0-8EBF-DB94D0B4914B}.Release|ARM.ActiveCfg = Release|Any CPU
		{60E28555-A960-45E0-8EBF-DB94D0B4914B}.Release|ARM.Build.0 = Release|Any CPU
		{60E28555-A960-45E0-8EBF-DB94D0B4914B}.Release|iPhone.ActiveCfg = Release|Any CPU
		{60E28555-A960-45E0-8EBF-DB94D0B4914B}.Release|iPhone.Build.0 = Release|Any CPU
		{60E28555-A960-45E0-8EBF-DB94D0B4914B}.Release|iPhoneSimulator.ActiveCfg = Release|Any CPU
		{60E28555-A960-45E0-8EBF-DB94D0B4914B}.Release|iPhoneSimulator.Build.0 = Release|Any CPU
		{60E28555-A960-45E0-8EBF-DB94D0B4914B}.Release|x64.ActiveCfg = Release|Any CPU
		{60E28555-A960-45E0-8EBF-DB94D0B4914B}.Release|x64.Build.0 = Release|Any CPU
		{60E28555-A960-45E0-8EBF-DB94D0B4914B}.Release|x86.ActiveCfg = Release|Any CPU
		{60E28555-A960-45E0-8EBF-DB94D0B4914B}.Release|x86.Build.0 = Release|Any CPU
		{60E28555-A960-45E0-8EBF-DB94D0B4914B}.SignalR_Debug|Any CPU.ActiveCfg = SignalR_Debug|Any CPU
		{60E28555-A960-45E0-8EBF-DB94D0B4914B}.SignalR_Debug|Any CPU.Build.0 = SignalR_Debug|Any CPU
		{60E28555-A960-45E0-8EBF-DB94D0B4914B}.SignalR_Debug|ARM.ActiveCfg = SignalR_Debug|Any CPU
		{60E28555-A960-45E0-8EBF-DB94D0B4914B}.SignalR_Debug|ARM.Build.0 = SignalR_Debug|Any CPU
		{60E28555-A960-45E0-8EBF-DB94D0B4914B}.SignalR_Debug|iPhone.ActiveCfg = SignalR_Debug|Any CPU
		{60E28555-A960-45E0-8EBF-DB94D0B4914B}.SignalR_Debug|iPhone.Build.0 = SignalR_Debug|Any CPU
		{60E28555-A960-45E0-8EBF-DB94D0B4914B}.SignalR_Debug|iPhoneSimulator.ActiveCfg = SignalR_Debug|Any CPU
		{60E28555-A960-45E0-8EBF-DB94D0B4914B}.SignalR_Debug|iPhoneSimulator.Build.0 = SignalR_Debug|Any CPU
		{60E28555-A960-45E0-8EBF-DB94D0B4914B}.SignalR_Debug|x64.ActiveCfg = SignalR_Debug|Any CPU
		{60E28555-A960-45E0-8EBF-DB94D0B4914B}.SignalR_Debug|x64.Build.0 = SignalR_Debug|Any CPU
		{60E28555-A960-45E0-8EBF-DB94D0B4914B}.SignalR_Debug|x86.ActiveCfg = SignalR_Debug|Any CPU
		{60E28555-A960-45E0-8EBF-DB94D0B4914B}.SignalR_Debug|x86.Build.0 = SignalR_Debug|Any CPU
		{F4194E89-2FF9-49C5-9D7F-22E16AE12AB3}.Ad-Hoc|Any CPU.ActiveCfg = Release|Any CPU
		{F4194E89-2FF9-49C5-9D7F-22E16AE12AB3}.Ad-Hoc|Any CPU.Build.0 = Release|Any CPU
		{F4194E89-2FF9-49C5-9D7F-22E16AE12AB3}.Ad-Hoc|ARM.ActiveCfg = Release|Any CPU
		{F4194E89-2FF9-49C5-9D7F-22E16AE12AB3}.Ad-Hoc|ARM.Build.0 = Release|Any CPU
		{F4194E89-2FF9-49C5-9D7F-22E16AE12AB3}.Ad-Hoc|iPhone.ActiveCfg = Release|Any CPU
		{F4194E89-2FF9-49C5-9D7F-22E16AE12AB3}.Ad-Hoc|iPhone.Build.0 = Release|Any CPU
		{F4194E89-2FF9-49C5-9D7F-22E16AE12AB3}.Ad-Hoc|iPhoneSimulator.ActiveCfg = Release|Any CPU
		{F4194E89-2FF9-49C5-9D7F-22E16AE12AB3}.Ad-Hoc|iPhoneSimulator.Build.0 = Release|Any CPU
		{F4194E89-2FF9-49C5-9D7F-22E16AE12AB3}.Ad-Hoc|x64.ActiveCfg = Release|Any CPU
		{F4194E89-2FF9-49C5-9D7F-22E16AE12AB3}.Ad-Hoc|x64.Build.0 = Release|Any CPU
		{F4194E89-2FF9-49C5-9D7F-22E16AE12AB3}.Ad-Hoc|x86.ActiveCfg = Release|Any CPU
		{F4194E89-2FF9-49C5-9D7F-22E16AE12AB3}.Ad-Hoc|x86.Build.0 = Release|Any CPU
		{F4194E89-2FF9-49C5-9D7F-22E16AE12AB3}.AppStore|Any CPU.ActiveCfg = Release|Any CPU
		{F4194E89-2FF9-49C5-9D7F-22E16AE12AB3}.AppStore|Any CPU.Build.0 = Release|Any CPU
		{F4194E89-2FF9-49C5-9D7F-22E16AE12AB3}.AppStore|ARM.ActiveCfg = Release|Any CPU
		{F4194E89-2FF9-49C5-9D7F-22E16AE12AB3}.AppStore|ARM.Build.0 = Release|Any CPU
		{F4194E89-2FF9-49C5-9D7F-22E16AE12AB3}.AppStore|iPhone.ActiveCfg = Release|Any CPU
		{F4194E89-2FF9-49C5-9D7F-22E16AE12AB3}.AppStore|iPhone.Build.0 = Release|Any CPU
		{F4194E89-2FF9-49C5-9D7F-22E16AE12AB3}.AppStore|iPhoneSimulator.ActiveCfg = Release|Any CPU
		{F4194E89-2FF9-49C5-9D7F-22E16AE12AB3}.AppStore|iPhoneSimulator.Build.0 = Release|Any CPU
		{F4194E89-2FF9-49C5-9D7F-22E16AE12AB3}.AppStore|x64.ActiveCfg = Release|Any CPU
		{F4194E89-2FF9-49C5-9D7F-22E16AE12AB3}.AppStore|x64.Build.0 = Release|Any CPU
		{F4194E89-2FF9-49C5-9D7F-22E16AE12AB3}.AppStore|x86.ActiveCfg = Release|Any CPU
		{F4194E89-2FF9-49C5-9D7F-22E16AE12AB3}.AppStore|x86.Build.0 = Release|Any CPU
		{F4194E89-2FF9-49C5-9D7F-22E16AE12AB3}.Debug|Any CPU.ActiveCfg = Debug|Any CPU
		{F4194E89-2FF9-49C5-9D7F-22E16AE12AB3}.Debug|Any CPU.Build.0 = Debug|Any CPU
		{F4194E89-2FF9-49C5-9D7F-22E16AE12AB3}.Debug|ARM.ActiveCfg = Debug|Any CPU
		{F4194E89-2FF9-49C5-9D7F-22E16AE12AB3}.Debug|ARM.Build.0 = Debug|Any CPU
		{F4194E89-2FF9-49C5-9D7F-22E16AE12AB3}.Debug|iPhone.ActiveCfg = Debug|Any CPU
		{F4194E89-2FF9-49C5-9D7F-22E16AE12AB3}.Debug|iPhone.Build.0 = Debug|Any CPU
		{F4194E89-2FF9-49C5-9D7F-22E16AE12AB3}.Debug|iPhoneSimulator.ActiveCfg = Debug|Any CPU
		{F4194E89-2FF9-49C5-9D7F-22E16AE12AB3}.Debug|iPhoneSimulator.Build.0 = Debug|Any CPU
		{F4194E89-2FF9-49C5-9D7F-22E16AE12AB3}.Debug|x64.ActiveCfg = Debug|Any CPU
		{F4194E89-2FF9-49C5-9D7F-22E16AE12AB3}.Debug|x64.Build.0 = Debug|Any CPU
		{F4194E89-2FF9-49C5-9D7F-22E16AE12AB3}.Debug|x86.ActiveCfg = Debug|Any CPU
		{F4194E89-2FF9-49C5-9D7F-22E16AE12AB3}.Debug|x86.Build.0 = Debug|Any CPU
		{F4194E89-2FF9-49C5-9D7F-22E16AE12AB3}.Release|Any CPU.ActiveCfg = Release|Any CPU
		{F4194E89-2FF9-49C5-9D7F-22E16AE12AB3}.Release|Any CPU.Build.0 = Release|Any CPU
		{F4194E89-2FF9-49C5-9D7F-22E16AE12AB3}.Release|ARM.ActiveCfg = Release|Any CPU
		{F4194E89-2FF9-49C5-9D7F-22E16AE12AB3}.Release|ARM.Build.0 = Release|Any CPU
		{F4194E89-2FF9-49C5-9D7F-22E16AE12AB3}.Release|iPhone.ActiveCfg = Release|Any CPU
		{F4194E89-2FF9-49C5-9D7F-22E16AE12AB3}.Release|iPhone.Build.0 = Release|Any CPU
		{F4194E89-2FF9-49C5-9D7F-22E16AE12AB3}.Release|iPhoneSimulator.ActiveCfg = Release|Any CPU
		{F4194E89-2FF9-49C5-9D7F-22E16AE12AB3}.Release|iPhoneSimulator.Build.0 = Release|Any CPU
		{F4194E89-2FF9-49C5-9D7F-22E16AE12AB3}.Release|x64.ActiveCfg = Release|Any CPU
		{F4194E89-2FF9-49C5-9D7F-22E16AE12AB3}.Release|x64.Build.0 = Release|Any CPU
		{F4194E89-2FF9-49C5-9D7F-22E16AE12AB3}.Release|x86.ActiveCfg = Release|Any CPU
		{F4194E89-2FF9-49C5-9D7F-22E16AE12AB3}.Release|x86.Build.0 = Release|Any CPU
		{F4194E89-2FF9-49C5-9D7F-22E16AE12AB3}.SignalR_Debug|Any CPU.ActiveCfg = SignalR_Debug|Any CPU
		{F4194E89-2FF9-49C5-9D7F-22E16AE12AB3}.SignalR_Debug|Any CPU.Build.0 = SignalR_Debug|Any CPU
		{F4194E89-2FF9-49C5-9D7F-22E16AE12AB3}.SignalR_Debug|ARM.ActiveCfg = SignalR_Debug|Any CPU
		{F4194E89-2FF9-49C5-9D7F-22E16AE12AB3}.SignalR_Debug|ARM.Build.0 = SignalR_Debug|Any CPU
		{F4194E89-2FF9-49C5-9D7F-22E16AE12AB3}.SignalR_Debug|iPhone.ActiveCfg = SignalR_Debug|Any CPU
		{F4194E89-2FF9-49C5-9D7F-22E16AE12AB3}.SignalR_Debug|iPhone.Build.0 = SignalR_Debug|Any CPU
		{F4194E89-2FF9-49C5-9D7F-22E16AE12AB3}.SignalR_Debug|iPhoneSimulator.ActiveCfg = SignalR_Debug|Any CPU
		{F4194E89-2FF9-49C5-9D7F-22E16AE12AB3}.SignalR_Debug|iPhoneSimulator.Build.0 = SignalR_Debug|Any CPU
		{F4194E89-2FF9-49C5-9D7F-22E16AE12AB3}.SignalR_Debug|x64.ActiveCfg = SignalR_Debug|Any CPU
		{F4194E89-2FF9-49C5-9D7F-22E16AE12AB3}.SignalR_Debug|x64.Build.0 = SignalR_Debug|Any CPU
		{F4194E89-2FF9-49C5-9D7F-22E16AE12AB3}.SignalR_Debug|x86.ActiveCfg = SignalR_Debug|Any CPU
		{F4194E89-2FF9-49C5-9D7F-22E16AE12AB3}.SignalR_Debug|x86.Build.0 = SignalR_Debug|Any CPU
		{E491BA41-2210-4418-BB61-D0BF925049B3}.Ad-Hoc|Any CPU.ActiveCfg = Release|Any CPU
		{E491BA41-2210-4418-BB61-D0BF925049B3}.Ad-Hoc|Any CPU.Build.0 = Release|Any CPU
		{E491BA41-2210-4418-BB61-D0BF925049B3}.Ad-Hoc|ARM.ActiveCfg = Release|Any CPU
		{E491BA41-2210-4418-BB61-D0BF925049B3}.Ad-Hoc|ARM.Build.0 = Release|Any CPU
		{E491BA41-2210-4418-BB61-D0BF925049B3}.Ad-Hoc|iPhone.ActiveCfg = Release|Any CPU
		{E491BA41-2210-4418-BB61-D0BF925049B3}.Ad-Hoc|iPhone.Build.0 = Release|Any CPU
		{E491BA41-2210-4418-BB61-D0BF925049B3}.Ad-Hoc|iPhoneSimulator.ActiveCfg = Release|Any CPU
		{E491BA41-2210-4418-BB61-D0BF925049B3}.Ad-Hoc|iPhoneSimulator.Build.0 = Release|Any CPU
		{E491BA41-2210-4418-BB61-D0BF925049B3}.Ad-Hoc|x64.ActiveCfg = Release|Any CPU
		{E491BA41-2210-4418-BB61-D0BF925049B3}.Ad-Hoc|x64.Build.0 = Release|Any CPU
		{E491BA41-2210-4418-BB61-D0BF925049B3}.Ad-Hoc|x86.ActiveCfg = Release|Any CPU
		{E491BA41-2210-4418-BB61-D0BF925049B3}.Ad-Hoc|x86.Build.0 = Release|Any CPU
		{E491BA41-2210-4418-BB61-D0BF925049B3}.AppStore|Any CPU.ActiveCfg = Release|Any CPU
		{E491BA41-2210-4418-BB61-D0BF925049B3}.AppStore|Any CPU.Build.0 = Release|Any CPU
		{E491BA41-2210-4418-BB61-D0BF925049B3}.AppStore|ARM.ActiveCfg = Release|Any CPU
		{E491BA41-2210-4418-BB61-D0BF925049B3}.AppStore|ARM.Build.0 = Release|Any CPU
		{E491BA41-2210-4418-BB61-D0BF925049B3}.AppStore|iPhone.ActiveCfg = Release|Any CPU
		{E491BA41-2210-4418-BB61-D0BF925049B3}.AppStore|iPhone.Build.0 = Release|Any CPU
		{E491BA41-2210-4418-BB61-D0BF925049B3}.AppStore|iPhoneSimulator.ActiveCfg = Release|Any CPU
		{E491BA41-2210-4418-BB61-D0BF925049B3}.AppStore|iPhoneSimulator.Build.0 = Release|Any CPU
		{E491BA41-2210-4418-BB61-D0BF925049B3}.AppStore|x64.ActiveCfg = Release|Any CPU
		{E491BA41-2210-4418-BB61-D0BF925049B3}.AppStore|x64.Build.0 = Release|Any CPU
		{E491BA41-2210-4418-BB61-D0BF925049B3}.AppStore|x86.ActiveCfg = Release|Any CPU
		{E491BA41-2210-4418-BB61-D0BF925049B3}.AppStore|x86.Build.0 = Release|Any CPU
		{E491BA41-2210-4418-BB61-D0BF925049B3}.Debug|Any CPU.ActiveCfg = Debug|Any CPU
		{E491BA41-2210-4418-BB61-D0BF925049B3}.Debug|Any CPU.Build.0 = Debug|Any CPU
		{E491BA41-2210-4418-BB61-D0BF925049B3}.Debug|ARM.ActiveCfg = Debug|Any CPU
		{E491BA41-2210-4418-BB61-D0BF925049B3}.Debug|ARM.Build.0 = Debug|Any CPU
		{E491BA41-2210-4418-BB61-D0BF925049B3}.Debug|iPhone.ActiveCfg = Debug|Any CPU
		{E491BA41-2210-4418-BB61-D0BF925049B3}.Debug|iPhone.Build.0 = Debug|Any CPU
		{E491BA41-2210-4418-BB61-D0BF925049B3}.Debug|iPhoneSimulator.ActiveCfg = Debug|Any CPU
		{E491BA41-2210-4418-BB61-D0BF925049B3}.Debug|iPhoneSimulator.Build.0 = Debug|Any CPU
		{E491BA41-2210-4418-BB61-D0BF925049B3}.Debug|x64.ActiveCfg = Debug|Any CPU
		{E491BA41-2210-4418-BB61-D0BF925049B3}.Debug|x64.Build.0 = Debug|Any CPU
		{E491BA41-2210-4418-BB61-D0BF925049B3}.Debug|x86.ActiveCfg = Debug|Any CPU
		{E491BA41-2210-4418-BB61-D0BF925049B3}.Debug|x86.Build.0 = Debug|Any CPU
		{E491BA41-2210-4418-BB61-D0BF925049B3}.Release|Any CPU.ActiveCfg = Release|Any CPU
		{E491BA41-2210-4418-BB61-D0BF925049B3}.Release|Any CPU.Build.0 = Release|Any CPU
		{E491BA41-2210-4418-BB61-D0BF925049B3}.Release|ARM.ActiveCfg = Release|Any CPU
		{E491BA41-2210-4418-BB61-D0BF925049B3}.Release|ARM.Build.0 = Release|Any CPU
		{E491BA41-2210-4418-BB61-D0BF925049B3}.Release|iPhone.ActiveCfg = Release|Any CPU
		{E491BA41-2210-4418-BB61-D0BF925049B3}.Release|iPhone.Build.0 = Release|Any CPU
		{E491BA41-2210-4418-BB61-D0BF925049B3}.Release|iPhoneSimulator.ActiveCfg = Release|Any CPU
		{E491BA41-2210-4418-BB61-D0BF925049B3}.Release|iPhoneSimulator.Build.0 = Release|Any CPU
		{E491BA41-2210-4418-BB61-D0BF925049B3}.Release|x64.ActiveCfg = Release|Any CPU
		{E491BA41-2210-4418-BB61-D0BF925049B3}.Release|x64.Build.0 = Release|Any CPU
		{E491BA41-2210-4418-BB61-D0BF925049B3}.Release|x86.ActiveCfg = Release|Any CPU
		{E491BA41-2210-4418-BB61-D0BF925049B3}.Release|x86.Build.0 = Release|Any CPU
		{E491BA41-2210-4418-BB61-D0BF925049B3}.SignalR_Debug|Any CPU.ActiveCfg = SignalR_Debug|Any CPU
		{E491BA41-2210-4418-BB61-D0BF925049B3}.SignalR_Debug|Any CPU.Build.0 = SignalR_Debug|Any CPU
		{E491BA41-2210-4418-BB61-D0BF925049B3}.SignalR_Debug|ARM.ActiveCfg = SignalR_Debug|Any CPU
		{E491BA41-2210-4418-BB61-D0BF925049B3}.SignalR_Debug|ARM.Build.0 = SignalR_Debug|Any CPU
		{E491BA41-2210-4418-BB61-D0BF925049B3}.SignalR_Debug|iPhone.ActiveCfg = SignalR_Debug|Any CPU
		{E491BA41-2210-4418-BB61-D0BF925049B3}.SignalR_Debug|iPhone.Build.0 = SignalR_Debug|Any CPU
		{E491BA41-2210-4418-BB61-D0BF925049B3}.SignalR_Debug|iPhoneSimulator.ActiveCfg = SignalR_Debug|Any CPU
		{E491BA41-2210-4418-BB61-D0BF925049B3}.SignalR_Debug|iPhoneSimulator.Build.0 = SignalR_Debug|Any CPU
		{E491BA41-2210-4418-BB61-D0BF925049B3}.SignalR_Debug|x64.ActiveCfg = SignalR_Debug|Any CPU
		{E491BA41-2210-4418-BB61-D0BF925049B3}.SignalR_Debug|x64.Build.0 = SignalR_Debug|Any CPU
		{E491BA41-2210-4418-BB61-D0BF925049B3}.SignalR_Debug|x86.ActiveCfg = SignalR_Debug|Any CPU
		{E491BA41-2210-4418-BB61-D0BF925049B3}.SignalR_Debug|x86.Build.0 = SignalR_Debug|Any CPU
	EndGlobalSection
	GlobalSection(SolutionProperties) = preSolution
		HideSolutionNode = FALSE
	EndGlobalSection
	GlobalSection(NestedProjects) = preSolution
		{2D69114A-BA46-44D5-A39F-49A7F0E2ABD3} = {1D529D1D-56AD-49B8-A3B5-EFFD1171B252}
		{261036BF-9E90-459E-9E28-F53E09A708B1} = {1D529D1D-56AD-49B8-A3B5-EFFD1171B252}
		{60E28555-A960-45E0-8EBF-DB94D0B4914B} = {1D529D1D-56AD-49B8-A3B5-EFFD1171B252}
		{F4194E89-2FF9-49C5-9D7F-22E16AE12AB3} = {1D529D1D-56AD-49B8-A3B5-EFFD1171B252}
	EndGlobalSection
EndGlobal
