
Microsoft Visual Studio Solution File, Format Version 12.00
# Visual Studio 14
VisualStudioVersion = 14.0.25420.1
MinimumVisualStudioVersion = 10.0.40219.1
Project("{2150E333-8FDC-42A3-9474-1A3956D46DE8}") = "Core", "Core", "{1D529D1D-56AD-49B8-A3B5-EFFD1171B252}"
EndProject
Project("{FAE04EC0-301F-11D3-BF4B-00C04F79EFBC}") = "PhotoStorm.Core.Portable.Adapters", "Core\PhotoStorm.Core.Portable.Adapters\PhotoStorm.Core.Portable.Adapters.csproj", "{2D69114A-BA46-44D5-A39F-49A7F0E2ABD3}"
EndProject
Project("{FAE04EC0-301F-11D3-BF4B-00C04F79EFBC}") = "PhotoStorm.Core.Portable.Common", "Core\PhotoStorm.Core.Portable.Common\PhotoStorm.Core.Portable.Common.csproj", "{261036BF-9E90-459E-9E28-F53E09A708B1}"
EndProject
Project("{FAE04EC0-301F-11D3-BF4B-00C04F79EFBC}") = "PhotoStorm.UniversalApp", "PhotoStorm.UniversalApp\PhotoStorm.UniversalApp.csproj", "{5C163D9F-5C31-4CC1-9467-4AC22FFB9868}"
EndProject
Project("{FAE04EC0-301F-11D3-BF4B-00C04F79EFBC}") = "PhotoStorm.Core.Portable.Adapters.Instagram", "Core\PhotoStorm.Core.Portable.Adapters.Instagram\PhotoStorm.Core.Portable.Adapters.Instagram.csproj", "{38899835-1994-4DBD-B723-5792BA1C4C97}"
EndProject
Project("{FAE04EC0-301F-11D3-BF4B-00C04F79EFBC}") = "PhotoStorm.Core.Portable.Adapters.Vk", "Core\PhotoStorm.Core.Portable.Adapters.Vk\PhotoStorm.Core.Portable.Adapters.Vk.csproj", "{A6B6AC7E-023B-452E-98F8-715FDC51B415}"
EndProject
Project("{FAE04EC0-301F-11D3-BF4B-00C04F79EFBC}") = "PhotoStorm.Core.Portable.Adapters.Manager", "Core\PhotoStorm.Core.Portable.Adapters.Manager\PhotoStorm.Core.Portable.Adapters.Manager.csproj", "{051978D5-91CB-4096-A128-C60E3C220FF7}"
EndProject
Project("{FAE04EC0-301F-11D3-BF4B-00C04F79EFBC}") = "PhotoStorm.Core.Portable.Adapters.Rules", "Core\PhotoStorm.Core.Portable.Adapters.Rules\PhotoStorm.Core.Portable.Adapters.Rules.csproj", "{BB031AE7-3F79-4373-91D3-A13FE660CFC7}"
EndProject
Global
	GlobalSection(SolutionConfigurationPlatforms) = preSolution
		Ad-Hoc|Any CPU = Ad-Hoc|Any CPU
		Ad-Hoc|ARM = Ad-Hoc|ARM
		Ad-Hoc|iPhone = Ad-Hoc|iPhone
		Ad-Hoc|iPhoneSimulator = Ad-Hoc|iPhoneSimulator
		Ad-Hoc|x64 = Ad-Hoc|x64
		Ad-Hoc|x86 = Ad-Hoc|x86
		AppStore|Any CPU = AppStore|Any CPU
		AppStore|ARM = AppStore|ARM
		AppStore|iPhone = AppStore|iPhone
		AppStore|iPhoneSimulator = AppStore|iPhoneSimulator
		AppStore|x64 = AppStore|x64
		AppStore|x86 = AppStore|x86
		Debug|Any CPU = Debug|Any CPU
		Debug|ARM = Debug|ARM
		Debug|iPhone = Debug|iPhone
		Debug|iPhoneSimulator = Debug|iPhoneSimulator
		Debug|x64 = Debug|x64
		Debug|x86 = Debug|x86
		Release|Any CPU = Release|Any CPU
		Release|ARM = Release|ARM
		Release|iPhone = Release|iPhone
		Release|iPhoneSimulator = Release|iPhoneSimulator
		Release|x64 = Release|x64
		Release|x86 = Release|x86
		Signalr|Any CPU = Signalr|Any CPU
		Signalr|ARM = Signalr|ARM
		Signalr|iPhone = Signalr|iPhone
		Signalr|iPhoneSimulator = Signalr|iPhoneSimulator
		Signalr|x64 = Signalr|x64
		Signalr|x86 = Signalr|x86
	EndGlobalSection
	GlobalSection(ProjectConfigurationPlatforms) = postSolution
		{2D69114A-BA46-44D5-A39F-49A7F0E2ABD3}.Ad-Hoc|Any CPU.ActiveCfg = Release|Any CPU
		{2D69114A-BA46-44D5-A39F-49A7F0E2ABD3}.Ad-Hoc|Any CPU.Build.0 = Release|Any CPU
		{2D69114A-BA46-44D5-A39F-49A7F0E2ABD3}.Ad-Hoc|ARM.ActiveCfg = Release|Any CPU
		{2D69114A-BA46-44D5-A39F-49A7F0E2ABD3}.Ad-Hoc|ARM.Build.0 = Release|Any CPU
		{2D69114A-BA46-44D5-A39F-49A7F0E2ABD3}.Ad-Hoc|iPhone.ActiveCfg = Release|Any CPU
		{2D69114A-BA46-44D5-A39F-49A7F0E2ABD3}.Ad-Hoc|iPhone.Build.0 = Release|Any CPU
		{2D69114A-BA46-44D5-A39F-49A7F0E2ABD3}.Ad-Hoc|iPhoneSimulator.ActiveCfg = Release|Any CPU
		{2D69114A-BA46-44D5-A39F-49A7F0E2ABD3}.Ad-Hoc|iPhoneSimulator.Build.0 = Release|Any CPU
		{2D69114A-BA46-44D5-A39F-49A7F0E2ABD3}.Ad-Hoc|x64.ActiveCfg = Release|Any CPU
		{2D69114A-BA46-44D5-A39F-49A7F0E2ABD3}.Ad-Hoc|x64.Build.0 = Release|Any CPU
		{2D69114A-BA46-44D5-A39F-49A7F0E2ABD3}.Ad-Hoc|x86.ActiveCfg = Release|Any CPU
		{2D69114A-BA46-44D5-A39F-49A7F0E2ABD3}.Ad-Hoc|x86.Build.0 = Release|Any CPU
		{2D69114A-BA46-44D5-A39F-49A7F0E2ABD3}.AppStore|Any CPU.ActiveCfg = Release|Any CPU
		{2D69114A-BA46-44D5-A39F-49A7F0E2ABD3}.AppStore|Any CPU.Build.0 = Release|Any CPU
		{2D69114A-BA46-44D5-A39F-49A7F0E2ABD3}.AppStore|ARM.ActiveCfg = Release|Any CPU
		{2D69114A-BA46-44D5-A39F-49A7F0E2ABD3}.AppStore|ARM.Build.0 = Release|Any CPU
		{2D69114A-BA46-44D5-A39F-49A7F0E2ABD3}.AppStore|iPhone.ActiveCfg = Release|Any CPU
		{2D69114A-BA46-44D5-A39F-49A7F0E2ABD3}.AppStore|iPhone.Build.0 = Release|Any CPU
		{2D69114A-BA46-44D5-A39F-49A7F0E2ABD3}.AppStore|iPhoneSimulator.ActiveCfg = Release|Any CPU
		{2D69114A-BA46-44D5-A39F-49A7F0E2ABD3}.AppStore|iPhoneSimulator.Build.0 = Release|Any CPU
		{2D69114A-BA46-44D5-A39F-49A7F0E2ABD3}.AppStore|x64.ActiveCfg = Release|Any CPU
		{2D69114A-BA46-44D5-A39F-49A7F0E2ABD3}.AppStore|x64.Build.0 = Release|Any CPU
		{2D69114A-BA46-44D5-A39F-49A7F0E2ABD3}.AppStore|x86.ActiveCfg = Release|Any CPU
		{2D69114A-BA46-44D5-A39F-49A7F0E2ABD3}.AppStore|x86.Build.0 = Release|Any CPU
		{2D69114A-BA46-44D5-A39F-49A7F0E2ABD3}.Debug|Any CPU.ActiveCfg = Debug|Any CPU
		{2D69114A-BA46-44D5-A39F-49A7F0E2ABD3}.Debug|Any CPU.Build.0 = Debug|Any CPU
		{2D69114A-BA46-44D5-A39F-49A7F0E2ABD3}.Debug|ARM.ActiveCfg = Debug|Any CPU
		{2D69114A-BA46-44D5-A39F-49A7F0E2ABD3}.Debug|ARM.Build.0 = Debug|Any CPU
		{2D69114A-BA46-44D5-A39F-49A7F0E2ABD3}.Debug|iPhone.ActiveCfg = Debug|Any CPU
		{2D69114A-BA46-44D5-A39F-49A7F0E2ABD3}.Debug|iPhone.Build.0 = Debug|Any CPU
		{2D69114A-BA46-44D5-A39F-49A7F0E2ABD3}.Debug|iPhoneSimulator.ActiveCfg = Debug|Any CPU
		{2D69114A-BA46-44D5-A39F-49A7F0E2ABD3}.Debug|iPhoneSimulator.Build.0 = Debug|Any CPU
		{2D69114A-BA46-44D5-A39F-49A7F0E2ABD3}.Debug|x64.ActiveCfg = Debug|Any CPU
		{2D69114A-BA46-44D5-A39F-49A7F0E2ABD3}.Debug|x64.Build.0 = Debug|Any CPU
		{2D69114A-BA46-44D5-A39F-49A7F0E2ABD3}.Debug|x86.ActiveCfg = Debug|Any CPU
		{2D69114A-BA46-44D5-A39F-49A7F0E2ABD3}.Debug|x86.Build.0 = Debug|Any CPU
		{2D69114A-BA46-44D5-A39F-49A7F0E2ABD3}.Release|Any CPU.ActiveCfg = Release|Any CPU
		{2D69114A-BA46-44D5-A39F-49A7F0E2ABD3}.Release|Any CPU.Build.0 = Release|Any CPU
		{2D69114A-BA46-44D5-A39F-49A7F0E2ABD3}.Release|ARM.ActiveCfg = Release|Any CPU
		{2D69114A-BA46-44D5-A39F-49A7F0E2ABD3}.Release|ARM.Build.0 = Release|Any CPU
		{2D69114A-BA46-44D5-A39F-49A7F0E2ABD3}.Release|iPhone.ActiveCfg = Release|Any CPU
		{2D69114A-BA46-44D5-A39F-49A7F0E2ABD3}.Release|iPhone.Build.0 = Release|Any CPU
		{2D69114A-BA46-44D5-A39F-49A7F0E2ABD3}.Release|iPhoneSimulator.ActiveCfg = Release|Any CPU
		{2D69114A-BA46-44D5-A39F-49A7F0E2ABD3}.Release|iPhoneSimulator.Build.0 = Release|Any CPU
		{2D69114A-BA46-44D5-A39F-49A7F0E2ABD3}.Release|x64.ActiveCfg = Release|Any CPU
		{2D69114A-BA46-44D5-A39F-49A7F0E2ABD3}.Release|x64.Build.0 = Release|Any CPU
		{2D69114A-BA46-44D5-A39F-49A7F0E2ABD3}.Release|x86.ActiveCfg = Release|Any CPU
		{2D69114A-BA46-44D5-A39F-49A7F0E2ABD3}.Release|x86.Build.0 = Release|Any CPU
		{2D69114A-BA46-44D5-A39F-49A7F0E2ABD3}.Signalr|Any CPU.ActiveCfg = SignalR_Debug|Any CPU
		{2D69114A-BA46-44D5-A39F-49A7F0E2ABD3}.Signalr|Any CPU.Build.0 = SignalR_Debug|Any CPU
		{2D69114A-BA46-44D5-A39F-49A7F0E2ABD3}.Signalr|ARM.ActiveCfg = SignalR_Debug|Any CPU
		{2D69114A-BA46-44D5-A39F-49A7F0E2ABD3}.Signalr|ARM.Build.0 = SignalR_Debug|Any CPU
		{2D69114A-BA46-44D5-A39F-49A7F0E2ABD3}.Signalr|iPhone.ActiveCfg = SignalR_Debug|Any CPU
		{2D69114A-BA46-44D5-A39F-49A7F0E2ABD3}.Signalr|iPhone.Build.0 = SignalR_Debug|Any CPU
		{2D69114A-BA46-44D5-A39F-49A7F0E2ABD3}.Signalr|iPhoneSimulator.ActiveCfg = SignalR_Debug|Any CPU
		{2D69114A-BA46-44D5-A39F-49A7F0E2ABD3}.Signalr|iPhoneSimulator.Build.0 = SignalR_Debug|Any CPU
		{2D69114A-BA46-44D5-A39F-49A7F0E2ABD3}.Signalr|x64.ActiveCfg = SignalR_Debug|Any CPU
		{2D69114A-BA46-44D5-A39F-49A7F0E2ABD3}.Signalr|x64.Build.0 = SignalR_Debug|Any CPU
		{2D69114A-BA46-44D5-A39F-49A7F0E2ABD3}.Signalr|x86.ActiveCfg = SignalR_Debug|Any CPU
		{2D69114A-BA46-44D5-A39F-49A7F0E2ABD3}.Signalr|x86.Build.0 = SignalR_Debug|Any CPU
		{261036BF-9E90-459E-9E28-F53E09A708B1}.Ad-Hoc|Any CPU.ActiveCfg = Release|Any CPU
		{261036BF-9E90-459E-9E28-F53E09A708B1}.Ad-Hoc|Any CPU.Build.0 = Release|Any CPU
		{261036BF-9E90-459E-9E28-F53E09A708B1}.Ad-Hoc|ARM.ActiveCfg = Release|Any CPU
		{261036BF-9E90-459E-9E28-F53E09A708B1}.Ad-Hoc|ARM.Build.0 = Release|Any CPU
		{261036BF-9E90-459E-9E28-F53E09A708B1}.Ad-Hoc|iPhone.ActiveCfg = Release|Any CPU
		{261036BF-9E90-459E-9E28-F53E09A708B1}.Ad-Hoc|iPhone.Build.0 = Release|Any CPU
		{261036BF-9E90-459E-9E28-F53E09A708B1}.Ad-Hoc|iPhoneSimulator.ActiveCfg = Release|Any CPU
		{261036BF-9E90-459E-9E28-F53E09A708B1}.Ad-Hoc|iPhoneSimulator.Build.0 = Release|Any CPU
		{261036BF-9E90-459E-9E28-F53E09A708B1}.Ad-Hoc|x64.ActiveCfg = Release|Any CPU
		{261036BF-9E90-459E-9E28-F53E09A708B1}.Ad-Hoc|x64.Build.0 = Release|Any CPU
		{261036BF-9E90-459E-9E28-F53E09A708B1}.Ad-Hoc|x86.ActiveCfg = Release|Any CPU
		{261036BF-9E90-459E-9E28-F53E09A708B1}.Ad-Hoc|x86.Build.0 = Release|Any CPU
		{261036BF-9E90-459E-9E28-F53E09A708B1}.AppStore|Any CPU.ActiveCfg = Release|Any CPU
		{261036BF-9E90-459E-9E28-F53E09A708B1}.AppStore|Any CPU.Build.0 = Release|Any CPU
		{261036BF-9E90-459E-9E28-F53E09A708B1}.AppStore|ARM.ActiveCfg = Release|Any CPU
		{261036BF-9E90-459E-9E28-F53E09A708B1}.AppStore|ARM.Build.0 = Release|Any CPU
		{261036BF-9E90-459E-9E28-F53E09A708B1}.AppStore|iPhone.ActiveCfg = Release|Any CPU
		{261036BF-9E90-459E-9E28-F53E09A708B1}.AppStore|iPhone.Build.0 = Release|Any CPU
		{261036BF-9E90-459E-9E28-F53E09A708B1}.AppStore|iPhoneSimulator.ActiveCfg = Release|Any CPU
		{261036BF-9E90-459E-9E28-F53E09A708B1}.AppStore|iPhoneSimulator.Build.0 = Release|Any CPU
		{261036BF-9E90-459E-9E28-F53E09A708B1}.AppStore|x64.ActiveCfg = Release|Any CPU
		{261036BF-9E90-459E-9E28-F53E09A708B1}.AppStore|x64.Build.0 = Release|Any CPU
		{261036BF-9E90-459E-9E28-F53E09A708B1}.AppStore|x86.ActiveCfg = Release|Any CPU
		{261036BF-9E90-459E-9E28-F53E09A708B1}.AppStore|x86.Build.0 = Release|Any CPU
		{261036BF-9E90-459E-9E28-F53E09A708B1}.Debug|Any CPU.ActiveCfg = Debug|Any CPU
		{261036BF-9E90-459E-9E28-F53E09A708B1}.Debug|Any CPU.Build.0 = Debug|Any CPU
		{261036BF-9E90-459E-9E28-F53E09A708B1}.Debug|ARM.ActiveCfg = Debug|Any CPU
		{261036BF-9E90-459E-9E28-F53E09A708B1}.Debug|ARM.Build.0 = Debug|Any CPU
		{261036BF-9E90-459E-9E28-F53E09A708B1}.Debug|iPhone.ActiveCfg = Debug|Any CPU
		{261036BF-9E90-459E-9E28-F53E09A708B1}.Debug|iPhone.Build.0 = Debug|Any CPU
		{261036BF-9E90-459E-9E28-F53E09A708B1}.Debug|iPhoneSimulator.ActiveCfg = Debug|Any CPU
		{261036BF-9E90-459E-9E28-F53E09A708B1}.Debug|iPhoneSimulator.Build.0 = Debug|Any CPU
		{261036BF-9E90-459E-9E28-F53E09A708B1}.Debug|x64.ActiveCfg = Debug|Any CPU
		{261036BF-9E90-459E-9E28-F53E09A708B1}.Debug|x64.Build.0 = Debug|Any CPU
		{261036BF-9E90-459E-9E28-F53E09A708B1}.Debug|x86.ActiveCfg = Debug|Any CPU
		{261036BF-9E90-459E-9E28-F53E09A708B1}.Debug|x86.Build.0 = Debug|Any CPU
		{261036BF-9E90-459E-9E28-F53E09A708B1}.Release|Any CPU.ActiveCfg = Release|Any CPU
		{261036BF-9E90-459E-9E28-F53E09A708B1}.Release|Any CPU.Build.0 = Release|Any CPU
		{261036BF-9E90-459E-9E28-F53E09A708B1}.Release|ARM.ActiveCfg = Release|Any CPU
		{261036BF-9E90-459E-9E28-F53E09A708B1}.Release|ARM.Build.0 = Release|Any CPU
		{261036BF-9E90-459E-9E28-F53E09A708B1}.Release|iPhone.ActiveCfg = Release|Any CPU
		{261036BF-9E90-459E-9E28-F53E09A708B1}.Release|iPhone.Build.0 = Release|Any CPU
		{261036BF-9E90-459E-9E28-F53E09A708B1}.Release|iPhoneSimulator.ActiveCfg = Release|Any CPU
		{261036BF-9E90-459E-9E28-F53E09A708B1}.Release|iPhoneSimulator.Build.0 = Release|Any CPU
		{261036BF-9E90-459E-9E28-F53E09A708B1}.Release|x64.ActiveCfg = Release|Any CPU
		{261036BF-9E90-459E-9E28-F53E09A708B1}.Release|x64.Build.0 = Release|Any CPU
		{261036BF-9E90-459E-9E28-F53E09A708B1}.Release|x86.ActiveCfg = Release|Any CPU
		{261036BF-9E90-459E-9E28-F53E09A708B1}.Release|x86.Build.0 = Release|Any CPU
		{261036BF-9E90-459E-9E28-F53E09A708B1}.Signalr|Any CPU.ActiveCfg = SignalR_Debug|Any CPU
		{261036BF-9E90-459E-9E28-F53E09A708B1}.Signalr|Any CPU.Build.0 = SignalR_Debug|Any CPU
		{261036BF-9E90-459E-9E28-F53E09A708B1}.Signalr|ARM.ActiveCfg = SignalR_Debug|Any CPU
		{261036BF-9E90-459E-9E28-F53E09A708B1}.Signalr|ARM.Build.0 = SignalR_Debug|Any CPU
		{261036BF-9E90-459E-9E28-F53E09A708B1}.Signalr|iPhone.ActiveCfg = SignalR_Debug|Any CPU
		{261036BF-9E90-459E-9E28-F53E09A708B1}.Signalr|iPhone.Build.0 = SignalR_Debug|Any CPU
		{261036BF-9E90-459E-9E28-F53E09A708B1}.Signalr|iPhoneSimulator.ActiveCfg = SignalR_Debug|Any CPU
		{261036BF-9E90-459E-9E28-F53E09A708B1}.Signalr|iPhoneSimulator.Build.0 = SignalR_Debug|Any CPU
		{261036BF-9E90-459E-9E28-F53E09A708B1}.Signalr|x64.ActiveCfg = SignalR_Debug|Any CPU
		{261036BF-9E90-459E-9E28-F53E09A708B1}.Signalr|x64.Build.0 = SignalR_Debug|Any CPU
		{261036BF-9E90-459E-9E28-F53E09A708B1}.Signalr|x86.ActiveCfg = SignalR_Debug|Any CPU
		{261036BF-9E90-459E-9E28-F53E09A708B1}.Signalr|x86.Build.0 = SignalR_Debug|Any CPU
		{5C163D9F-5C31-4CC1-9467-4AC22FFB9868}.Ad-Hoc|Any CPU.ActiveCfg = Release|x64
		{5C163D9F-5C31-4CC1-9467-4AC22FFB9868}.Ad-Hoc|Any CPU.Build.0 = Release|x64
		{5C163D9F-5C31-4CC1-9467-4AC22FFB9868}.Ad-Hoc|Any CPU.Deploy.0 = Release|x64
		{5C163D9F-5C31-4CC1-9467-4AC22FFB9868}.Ad-Hoc|ARM.ActiveCfg = Release|ARM
		{5C163D9F-5C31-4CC1-9467-4AC22FFB9868}.Ad-Hoc|ARM.Build.0 = Release|ARM
		{5C163D9F-5C31-4CC1-9467-4AC22FFB9868}.Ad-Hoc|ARM.Deploy.0 = Release|ARM
		{5C163D9F-5C31-4CC1-9467-4AC22FFB9868}.Ad-Hoc|iPhone.ActiveCfg = Release|x64
		{5C163D9F-5C31-4CC1-9467-4AC22FFB9868}.Ad-Hoc|iPhone.Build.0 = Release|x64
		{5C163D9F-5C31-4CC1-9467-4AC22FFB9868}.Ad-Hoc|iPhone.Deploy.0 = Release|x64
		{5C163D9F-5C31-4CC1-9467-4AC22FFB9868}.Ad-Hoc|iPhoneSimulator.ActiveCfg = Release|x64
		{5C163D9F-5C31-4CC1-9467-4AC22FFB9868}.Ad-Hoc|iPhoneSimulator.Build.0 = Release|x64
		{5C163D9F-5C31-4CC1-9467-4AC22FFB9868}.Ad-Hoc|iPhoneSimulator.Deploy.0 = Release|x64
		{5C163D9F-5C31-4CC1-9467-4AC22FFB9868}.Ad-Hoc|x64.ActiveCfg = Release|x64
		{5C163D9F-5C31-4CC1-9467-4AC22FFB9868}.Ad-Hoc|x64.Build.0 = Release|x64
		{5C163D9F-5C31-4CC1-9467-4AC22FFB9868}.Ad-Hoc|x64.Deploy.0 = Release|x64
		{5C163D9F-5C31-4CC1-9467-4AC22FFB9868}.Ad-Hoc|x86.ActiveCfg = Release|x86
		{5C163D9F-5C31-4CC1-9467-4AC22FFB9868}.Ad-Hoc|x86.Build.0 = Release|x86
		{5C163D9F-5C31-4CC1-9467-4AC22FFB9868}.Ad-Hoc|x86.Deploy.0 = Release|x86
		{5C163D9F-5C31-4CC1-9467-4AC22FFB9868}.AppStore|Any CPU.ActiveCfg = Release|x64
		{5C163D9F-5C31-4CC1-9467-4AC22FFB9868}.AppStore|Any CPU.Build.0 = Release|x64
		{5C163D9F-5C31-4CC1-9467-4AC22FFB9868}.AppStore|Any CPU.Deploy.0 = Release|x64
		{5C163D9F-5C31-4CC1-9467-4AC22FFB9868}.AppStore|ARM.ActiveCfg = Release|ARM
		{5C163D9F-5C31-4CC1-9467-4AC22FFB9868}.AppStore|ARM.Build.0 = Release|ARM
		{5C163D9F-5C31-4CC1-9467-4AC22FFB9868}.AppStore|ARM.Deploy.0 = Release|ARM
		{5C163D9F-5C31-4CC1-9467-4AC22FFB9868}.AppStore|iPhone.ActiveCfg = Release|x64
		{5C163D9F-5C31-4CC1-9467-4AC22FFB9868}.AppStore|iPhone.Build.0 = Release|x64
		{5C163D9F-5C31-4CC1-9467-4AC22FFB9868}.AppStore|iPhone.Deploy.0 = Release|x64
		{5C163D9F-5C31-4CC1-9467-4AC22FFB9868}.AppStore|iPhoneSimulator.ActiveCfg = Release|x64
		{5C163D9F-5C31-4CC1-9467-4AC22FFB9868}.AppStore|iPhoneSimulator.Build.0 = Release|x64
		{5C163D9F-5C31-4CC1-9467-4AC22FFB9868}.AppStore|iPhoneSimulator.Deploy.0 = Release|x64
		{5C163D9F-5C31-4CC1-9467-4AC22FFB9868}.AppStore|x64.ActiveCfg = Release|x64
		{5C163D9F-5C31-4CC1-9467-4AC22FFB9868}.AppStore|x64.Build.0 = Release|x64
		{5C163D9F-5C31-4CC1-9467-4AC22FFB9868}.AppStore|x64.Deploy.0 = Release|x64
		{5C163D9F-5C31-4CC1-9467-4AC22FFB9868}.AppStore|x86.ActiveCfg = Release|x86
		{5C163D9F-5C31-4CC1-9467-4AC22FFB9868}.AppStore|x86.Build.0 = Release|x86
		{5C163D9F-5C31-4CC1-9467-4AC22FFB9868}.AppStore|x86.Deploy.0 = Release|x86
		{5C163D9F-5C31-4CC1-9467-4AC22FFB9868}.Debug|Any CPU.ActiveCfg = Debug|x86
		{5C163D9F-5C31-4CC1-9467-4AC22FFB9868}.Debug|Any CPU.Build.0 = Debug|x86
		{5C163D9F-5C31-4CC1-9467-4AC22FFB9868}.Debug|Any CPU.Deploy.0 = Debug|x86
		{5C163D9F-5C31-4CC1-9467-4AC22FFB9868}.Debug|ARM.ActiveCfg = Debug|ARM
		{5C163D9F-5C31-4CC1-9467-4AC22FFB9868}.Debug|ARM.Build.0 = Debug|ARM
		{5C163D9F-5C31-4CC1-9467-4AC22FFB9868}.Debug|ARM.Deploy.0 = Debug|ARM
		{5C163D9F-5C31-4CC1-9467-4AC22FFB9868}.Debug|iPhone.ActiveCfg = Debug|x86
		{5C163D9F-5C31-4CC1-9467-4AC22FFB9868}.Debug|iPhoneSimulator.ActiveCfg = Debug|x86
		{5C163D9F-5C31-4CC1-9467-4AC22FFB9868}.Debug|x64.ActiveCfg = Debug|x64
		{5C163D9F-5C31-4CC1-9467-4AC22FFB9868}.Debug|x64.Build.0 = Debug|x64
		{5C163D9F-5C31-4CC1-9467-4AC22FFB9868}.Debug|x64.Deploy.0 = Debug|x64
		{5C163D9F-5C31-4CC1-9467-4AC22FFB9868}.Debug|x86.ActiveCfg = Debug|x86
		{5C163D9F-5C31-4CC1-9467-4AC22FFB9868}.Debug|x86.Build.0 = Debug|x86
		{5C163D9F-5C31-4CC1-9467-4AC22FFB9868}.Debug|x86.Deploy.0 = Debug|x86
		{5C163D9F-5C31-4CC1-9467-4AC22FFB9868}.Release|Any CPU.ActiveCfg = Release|x86
		{5C163D9F-5C31-4CC1-9467-4AC22FFB9868}.Release|ARM.ActiveCfg = Release|ARM
		{5C163D9F-5C31-4CC1-9467-4AC22FFB9868}.Release|ARM.Build.0 = Release|ARM
		{5C163D9F-5C31-4CC1-9467-4AC22FFB9868}.Release|ARM.Deploy.0 = Release|ARM
		{5C163D9F-5C31-4CC1-9467-4AC22FFB9868}.Release|iPhone.ActiveCfg = Release|x86
		{5C163D9F-5C31-4CC1-9467-4AC22FFB9868}.Release|iPhoneSimulator.ActiveCfg = Release|x86
		{5C163D9F-5C31-4CC1-9467-4AC22FFB9868}.Release|x64.ActiveCfg = Release|x64
		{5C163D9F-5C31-4CC1-9467-4AC22FFB9868}.Release|x64.Build.0 = Release|x64
		{5C163D9F-5C31-4CC1-9467-4AC22FFB9868}.Release|x64.Deploy.0 = Release|x64
		{5C163D9F-5C31-4CC1-9467-4AC22FFB9868}.Release|x86.ActiveCfg = Release|x86
		{5C163D9F-5C31-4CC1-9467-4AC22FFB9868}.Release|x86.Build.0 = Release|x86
		{5C163D9F-5C31-4CC1-9467-4AC22FFB9868}.Release|x86.Deploy.0 = Release|x86
		{5C163D9F-5C31-4CC1-9467-4AC22FFB9868}.Signalr|Any CPU.ActiveCfg = SignalR_Debug|x86
		{5C163D9F-5C31-4CC1-9467-4AC22FFB9868}.Signalr|Any CPU.Build.0 = SignalR_Debug|x86
		{5C163D9F-5C31-4CC1-9467-4AC22FFB9868}.Signalr|Any CPU.Deploy.0 = SignalR_Debug|x86
		{5C163D9F-5C31-4CC1-9467-4AC22FFB9868}.Signalr|ARM.ActiveCfg = SignalR_Debug|ARM
		{5C163D9F-5C31-4CC1-9467-4AC22FFB9868}.Signalr|ARM.Build.0 = SignalR_Debug|ARM
		{5C163D9F-5C31-4CC1-9467-4AC22FFB9868}.Signalr|ARM.Deploy.0 = SignalR_Debug|ARM
		{5C163D9F-5C31-4CC1-9467-4AC22FFB9868}.Signalr|iPhone.ActiveCfg = SignalR_Debug|x86
		{5C163D9F-5C31-4CC1-9467-4AC22FFB9868}.Signalr|iPhoneSimulator.ActiveCfg = SignalR_Debug|x86
		{5C163D9F-5C31-4CC1-9467-4AC22FFB9868}.Signalr|x64.ActiveCfg = SignalR_Debug|x64
		{5C163D9F-5C31-4CC1-9467-4AC22FFB9868}.Signalr|x64.Build.0 = SignalR_Debug|x64
		{5C163D9F-5C31-4CC1-9467-4AC22FFB9868}.Signalr|x64.Deploy.0 = SignalR_Debug|x64
		{5C163D9F-5C31-4CC1-9467-4AC22FFB9868}.Signalr|x86.ActiveCfg = SignalR_Debug|x86
		{5C163D9F-5C31-4CC1-9467-4AC22FFB9868}.Signalr|x86.Build.0 = SignalR_Debug|x86
		{5C163D9F-5C31-4CC1-9467-4AC22FFB9868}.Signalr|x86.Deploy.0 = SignalR_Debug|x86
		{38899835-1994-4DBD-B723-5792BA1C4C97}.Ad-Hoc|Any CPU.ActiveCfg = Release|Any CPU
		{38899835-1994-4DBD-B723-5792BA1C4C97}.Ad-Hoc|Any CPU.Build.0 = Release|Any CPU
		{38899835-1994-4DBD-B723-5792BA1C4C97}.Ad-Hoc|ARM.ActiveCfg = Release|Any CPU
		{38899835-1994-4DBD-B723-5792BA1C4C97}.Ad-Hoc|ARM.Build.0 = Release|Any CPU
		{38899835-1994-4DBD-B723-5792BA1C4C97}.Ad-Hoc|iPhone.ActiveCfg = Release|Any CPU
		{38899835-1994-4DBD-B723-5792BA1C4C97}.Ad-Hoc|iPhone.Build.0 = Release|Any CPU
		{38899835-1994-4DBD-B723-5792BA1C4C97}.Ad-Hoc|iPhoneSimulator.ActiveCfg = Release|Any CPU
		{38899835-1994-4DBD-B723-5792BA1C4C97}.Ad-Hoc|iPhoneSimulator.Build.0 = Release|Any CPU
		{38899835-1994-4DBD-B723-5792BA1C4C97}.Ad-Hoc|x64.ActiveCfg = Release|Any CPU
		{38899835-1994-4DBD-B723-5792BA1C4C97}.Ad-Hoc|x64.Build.0 = Release|Any CPU
		{38899835-1994-4DBD-B723-5792BA1C4C97}.Ad-Hoc|x86.ActiveCfg = Release|Any CPU
		{38899835-1994-4DBD-B723-5792BA1C4C97}.Ad-Hoc|x86.Build.0 = Release|Any CPU
		{38899835-1994-4DBD-B723-5792BA1C4C97}.AppStore|Any CPU.ActiveCfg = Release|Any CPU
		{38899835-1994-4DBD-B723-5792BA1C4C97}.AppStore|Any CPU.Build.0 = Release|Any CPU
		{38899835-1994-4DBD-B723-5792BA1C4C97}.AppStore|ARM.ActiveCfg = Release|Any CPU
		{38899835-1994-4DBD-B723-5792BA1C4C97}.AppStore|ARM.Build.0 = Release|Any CPU
		{38899835-1994-4DBD-B723-5792BA1C4C97}.AppStore|iPhone.ActiveCfg = Release|Any CPU
		{38899835-1994-4DBD-B723-5792BA1C4C97}.AppStore|iPhone.Build.0 = Release|Any CPU
		{38899835-1994-4DBD-B723-5792BA1C4C97}.AppStore|iPhoneSimulator.ActiveCfg = Release|Any CPU
		{38899835-1994-4DBD-B723-5792BA1C4C97}.AppStore|iPhoneSimulator.Build.0 = Release|Any CPU
		{38899835-1994-4DBD-B723-5792BA1C4C97}.AppStore|x64.ActiveCfg = Release|Any CPU
		{38899835-1994-4DBD-B723-5792BA1C4C97}.AppStore|x64.Build.0 = Release|Any CPU
		{38899835-1994-4DBD-B723-5792BA1C4C97}.AppStore|x86.ActiveCfg = Release|Any CPU
		{38899835-1994-4DBD-B723-5792BA1C4C97}.AppStore|x86.Build.0 = Release|Any CPU
		{38899835-1994-4DBD-B723-5792BA1C4C97}.Debug|Any CPU.ActiveCfg = Debug|Any CPU
		{38899835-1994-4DBD-B723-5792BA1C4C97}.Debug|Any CPU.Build.0 = Debug|Any CPU
		{38899835-1994-4DBD-B723-5792BA1C4C97}.Debug|ARM.ActiveCfg = Debug|Any CPU
		{38899835-1994-4DBD-B723-5792BA1C4C97}.Debug|ARM.Build.0 = Debug|Any CPU
		{38899835-1994-4DBD-B723-5792BA1C4C97}.Debug|iPhone.ActiveCfg = Debug|Any CPU
		{38899835-1994-4DBD-B723-5792BA1C4C97}.Debug|iPhone.Build.0 = Debug|Any CPU
		{38899835-1994-4DBD-B723-5792BA1C4C97}.Debug|iPhoneSimulator.ActiveCfg = Debug|Any CPU
		{38899835-1994-4DBD-B723-5792BA1C4C97}.Debug|iPhoneSimulator.Build.0 = Debug|Any CPU
		{38899835-1994-4DBD-B723-5792BA1C4C97}.Debug|x64.ActiveCfg = Debug|Any CPU
		{38899835-1994-4DBD-B723-5792BA1C4C97}.Debug|x64.Build.0 = Debug|Any CPU
		{38899835-1994-4DBD-B723-5792BA1C4C97}.Debug|x86.ActiveCfg = Debug|Any CPU
		{38899835-1994-4DBD-B723-5792BA1C4C97}.Debug|x86.Build.0 = Debug|Any CPU
		{38899835-1994-4DBD-B723-5792BA1C4C97}.Release|Any CPU.ActiveCfg = Release|Any CPU
		{38899835-1994-4DBD-B723-5792BA1C4C97}.Release|Any CPU.Build.0 = Release|Any CPU
		{38899835-1994-4DBD-B723-5792BA1C4C97}.Release|ARM.ActiveCfg = Release|Any CPU
		{38899835-1994-4DBD-B723-5792BA1C4C97}.Release|ARM.Build.0 = Release|Any CPU
		{38899835-1994-4DBD-B723-5792BA1C4C97}.Release|iPhone.ActiveCfg = Release|Any CPU
		{38899835-1994-4DBD-B723-5792BA1C4C97}.Release|iPhone.Build.0 = Release|Any CPU
		{38899835-1994-4DBD-B723-5792BA1C4C97}.Release|iPhoneSimulator.ActiveCfg = Release|Any CPU
		{38899835-1994-4DBD-B723-5792BA1C4C97}.Release|iPhoneSimulator.Build.0 = Release|Any CPU
		{38899835-1994-4DBD-B723-5792BA1C4C97}.Release|x64.ActiveCfg = Release|Any CPU
		{38899835-1994-4DBD-B723-5792BA1C4C97}.Release|x64.Build.0 = Release|Any CPU
		{38899835-1994-4DBD-B723-5792BA1C4C97}.Release|x86.ActiveCfg = Release|Any CPU
		{38899835-1994-4DBD-B723-5792BA1C4C97}.Release|x86.Build.0 = Release|Any CPU
		{38899835-1994-4DBD-B723-5792BA1C4C97}.Signalr|Any CPU.ActiveCfg = Release|Any CPU
		{38899835-1994-4DBD-B723-5792BA1C4C97}.Signalr|Any CPU.Build.0 = Release|Any CPU
		{38899835-1994-4DBD-B723-5792BA1C4C97}.Signalr|ARM.ActiveCfg = Release|Any CPU
		{38899835-1994-4DBD-B723-5792BA1C4C97}.Signalr|ARM.Build.0 = Release|Any CPU
		{38899835-1994-4DBD-B723-5792BA1C4C97}.Signalr|iPhone.ActiveCfg = Release|Any CPU
		{38899835-1994-4DBD-B723-5792BA1C4C97}.Signalr|iPhone.Build.0 = Release|Any CPU
		{38899835-1994-4DBD-B723-5792BA1C4C97}.Signalr|iPhoneSimulator.ActiveCfg = Release|Any CPU
		{38899835-1994-4DBD-B723-5792BA1C4C97}.Signalr|iPhoneSimulator.Build.0 = Release|Any CPU
		{38899835-1994-4DBD-B723-5792BA1C4C97}.Signalr|x64.ActiveCfg = Release|Any CPU
		{38899835-1994-4DBD-B723-5792BA1C4C97}.Signalr|x64.Build.0 = Release|Any CPU
		{38899835-1994-4DBD-B723-5792BA1C4C97}.Signalr|x86.ActiveCfg = Release|Any CPU
		{38899835-1994-4DBD-B723-5792BA1C4C97}.Signalr|x86.Build.0 = Release|Any CPU
		{A6B6AC7E-023B-452E-98F8-715FDC51B415}.Ad-Hoc|Any CPU.ActiveCfg = Release|Any CPU
		{A6B6AC7E-023B-452E-98F8-715FDC51B415}.Ad-Hoc|Any CPU.Build.0 = Release|Any CPU
		{A6B6AC7E-023B-452E-98F8-715FDC51B415}.Ad-Hoc|ARM.ActiveCfg = Release|Any CPU
		{A6B6AC7E-023B-452E-98F8-715FDC51B415}.Ad-Hoc|ARM.Build.0 = Release|Any CPU
		{A6B6AC7E-023B-452E-98F8-715FDC51B415}.Ad-Hoc|iPhone.ActiveCfg = Release|Any CPU
		{A6B6AC7E-023B-452E-98F8-715FDC51B415}.Ad-Hoc|iPhone.Build.0 = Release|Any CPU
		{A6B6AC7E-023B-452E-98F8-715FDC51B415}.Ad-Hoc|iPhoneSimulator.ActiveCfg = Release|Any CPU
		{A6B6AC7E-023B-452E-98F8-715FDC51B415}.Ad-Hoc|iPhoneSimulator.Build.0 = Release|Any CPU
		{A6B6AC7E-023B-452E-98F8-715FDC51B415}.Ad-Hoc|x64.ActiveCfg = Release|Any CPU
		{A6B6AC7E-023B-452E-98F8-715FDC51B415}.Ad-Hoc|x64.Build.0 = Release|Any CPU
		{A6B6AC7E-023B-452E-98F8-715FDC51B415}.Ad-Hoc|x86.ActiveCfg = Release|Any CPU
		{A6B6AC7E-023B-452E-98F8-715FDC51B415}.Ad-Hoc|x86.Build.0 = Release|Any CPU
		{A6B6AC7E-023B-452E-98F8-715FDC51B415}.AppStore|Any CPU.ActiveCfg = Release|Any CPU
		{A6B6AC7E-023B-452E-98F8-715FDC51B415}.AppStore|Any CPU.Build.0 = Release|Any CPU
		{A6B6AC7E-023B-452E-98F8-715FDC51B415}.AppStore|ARM.ActiveCfg = Release|Any CPU
		{A6B6AC7E-023B-452E-98F8-715FDC51B415}.AppStore|ARM.Build.0 = Release|Any CPU
		{A6B6AC7E-023B-452E-98F8-715FDC51B415}.AppStore|iPhone.ActiveCfg = Release|Any CPU
		{A6B6AC7E-023B-452E-98F8-715FDC51B415}.AppStore|iPhone.Build.0 = Release|Any CPU
		{A6B6AC7E-023B-452E-98F8-715FDC51B415}.AppStore|iPhoneSimulator.ActiveCfg = Release|Any CPU
		{A6B6AC7E-023B-452E-98F8-715FDC51B415}.AppStore|iPhoneSimulator.Build.0 = Release|Any CPU
		{A6B6AC7E-023B-452E-98F8-715FDC51B415}.AppStore|x64.ActiveCfg = Release|Any CPU
		{A6B6AC7E-023B-452E-98F8-715FDC51B415}.AppStore|x64.Build.0 = Release|Any CPU
		{A6B6AC7E-023B-452E-98F8-715FDC51B415}.AppStore|x86.ActiveCfg = Release|Any CPU
		{A6B6AC7E-023B-452E-98F8-715FDC51B415}.AppStore|x86.Build.0 = Release|Any CPU
		{A6B6AC7E-023B-452E-98F8-715FDC51B415}.Debug|Any CPU.ActiveCfg = Debug|Any CPU
		{A6B6AC7E-023B-452E-98F8-715FDC51B415}.Debug|Any CPU.Build.0 = Debug|Any CPU
		{A6B6AC7E-023B-452E-98F8-715FDC51B415}.Debug|ARM.ActiveCfg = Debug|Any CPU
		{A6B6AC7E-023B-452E-98F8-715FDC51B415}.Debug|ARM.Build.0 = Debug|Any CPU
		{A6B6AC7E-023B-452E-98F8-715FDC51B415}.Debug|iPhone.ActiveCfg = Debug|Any CPU
		{A6B6AC7E-023B-452E-98F8-715FDC51B415}.Debug|iPhone.Build.0 = Debug|Any CPU
		{A6B6AC7E-023B-452E-98F8-715FDC51B415}.Debug|iPhoneSimulator.ActiveCfg = Debug|Any CPU
		{A6B6AC7E-023B-452E-98F8-715FDC51B415}.Debug|iPhoneSimulator.Build.0 = Debug|Any CPU
		{A6B6AC7E-023B-452E-98F8-715FDC51B415}.Debug|x64.ActiveCfg = Debug|Any CPU
		{A6B6AC7E-023B-452E-98F8-715FDC51B415}.Debug|x64.Build.0 = Debug|Any CPU
		{A6B6AC7E-023B-452E-98F8-715FDC51B415}.Debug|x86.ActiveCfg = Debug|Any CPU
		{A6B6AC7E-023B-452E-98F8-715FDC51B415}.Debug|x86.Build.0 = Debug|Any CPU
		{A6B6AC7E-023B-452E-98F8-715FDC51B415}.Release|Any CPU.ActiveCfg = Release|Any CPU
		{A6B6AC7E-023B-452E-98F8-715FDC51B415}.Release|Any CPU.Build.0 = Release|Any CPU
		{A6B6AC7E-023B-452E-98F8-715FDC51B415}.Release|ARM.ActiveCfg = Release|Any CPU
		{A6B6AC7E-023B-452E-98F8-715FDC51B415}.Release|ARM.Build.0 = Release|Any CPU
		{A6B6AC7E-023B-452E-98F8-715FDC51B415}.Release|iPhone.ActiveCfg = Release|Any CPU
		{A6B6AC7E-023B-452E-98F8-715FDC51B415}.Release|iPhone.Build.0 = Release|Any CPU
		{A6B6AC7E-023B-452E-98F8-715FDC51B415}.Release|iPhoneSimulator.ActiveCfg = Release|Any CPU
		{A6B6AC7E-023B-452E-98F8-715FDC51B415}.Release|iPhoneSimulator.Build.0 = Release|Any CPU
		{A6B6AC7E-023B-452E-98F8-715FDC51B415}.Release|x64.ActiveCfg = Release|Any CPU
		{A6B6AC7E-023B-452E-98F8-715FDC51B415}.Release|x64.Build.0 = Release|Any CPU
		{A6B6AC7E-023B-452E-98F8-715FDC51B415}.Release|x86.ActiveCfg = Release|Any CPU
		{A6B6AC7E-023B-452E-98F8-715FDC51B415}.Release|x86.Build.0 = Release|Any CPU
		{A6B6AC7E-023B-452E-98F8-715FDC51B415}.Signalr|Any CPU.ActiveCfg = Release|Any CPU
		{A6B6AC7E-023B-452E-98F8-715FDC51B415}.Signalr|Any CPU.Build.0 = Release|Any CPU
		{A6B6AC7E-023B-452E-98F8-715FDC51B415}.Signalr|ARM.ActiveCfg = Release|Any CPU
		{A6B6AC7E-023B-452E-98F8-715FDC51B415}.Signalr|ARM.Build.0 = Release|Any CPU
		{A6B6AC7E-023B-452E-98F8-715FDC51B415}.Signalr|iPhone.ActiveCfg = Release|Any CPU
		{A6B6AC7E-023B-452E-98F8-715FDC51B415}.Signalr|iPhone.Build.0 = Release|Any CPU
		{A6B6AC7E-023B-452E-98F8-715FDC51B415}.Signalr|iPhoneSimulator.ActiveCfg = Release|Any CPU
		{A6B6AC7E-023B-452E-98F8-715FDC51B415}.Signalr|iPhoneSimulator.Build.0 = Release|Any CPU
		{A6B6AC7E-023B-452E-98F8-715FDC51B415}.Signalr|x64.ActiveCfg = Release|Any CPU
		{A6B6AC7E-023B-452E-98F8-715FDC51B415}.Signalr|x64.Build.0 = Release|Any CPU
		{A6B6AC7E-023B-452E-98F8-715FDC51B415}.Signalr|x86.ActiveCfg = Release|Any CPU
		{A6B6AC7E-023B-452E-98F8-715FDC51B415}.Signalr|x86.Build.0 = Release|Any CPU
		{051978D5-91CB-4096-A128-C60E3C220FF7}.Ad-Hoc|Any CPU.ActiveCfg = Release|Any CPU
		{051978D5-91CB-4096-A128-C60E3C220FF7}.Ad-Hoc|Any CPU.Build.0 = Release|Any CPU
		{051978D5-91CB-4096-A128-C60E3C220FF7}.Ad-Hoc|ARM.ActiveCfg = Release|Any CPU
		{051978D5-91CB-4096-A128-C60E3C220FF7}.Ad-Hoc|ARM.Build.0 = Release|Any CPU
		{051978D5-91CB-4096-A128-C60E3C220FF7}.Ad-Hoc|iPhone.ActiveCfg = Release|Any CPU
		{051978D5-91CB-4096-A128-C60E3C220FF7}.Ad-Hoc|iPhone.Build.0 = Release|Any CPU
		{051978D5-91CB-4096-A128-C60E3C220FF7}.Ad-Hoc|iPhoneSimulator.ActiveCfg = Release|Any CPU
		{051978D5-91CB-4096-A128-C60E3C220FF7}.Ad-Hoc|iPhoneSimulator.Build.0 = Release|Any CPU
		{051978D5-91CB-4096-A128-C60E3C220FF7}.Ad-Hoc|x64.ActiveCfg = Release|Any CPU
		{051978D5-91CB-4096-A128-C60E3C220FF7}.Ad-Hoc|x64.Build.0 = Release|Any CPU
		{051978D5-91CB-4096-A128-C60E3C220FF7}.Ad-Hoc|x86.ActiveCfg = Release|Any CPU
		{051978D5-91CB-4096-A128-C60E3C220FF7}.Ad-Hoc|x86.Build.0 = Release|Any CPU
		{051978D5-91CB-4096-A128-C60E3C220FF7}.AppStore|Any CPU.ActiveCfg = Release|Any CPU
		{051978D5-91CB-4096-A128-C60E3C220FF7}.AppStore|Any CPU.Build.0 = Release|Any CPU
		{051978D5-91CB-4096-A128-C60E3C220FF7}.AppStore|ARM.ActiveCfg = Release|Any CPU
		{051978D5-91CB-4096-A128-C60E3C220FF7}.AppStore|ARM.Build.0 = Release|Any CPU
		{051978D5-91CB-4096-A128-C60E3C220FF7}.AppStore|iPhone.ActiveCfg = Release|Any CPU
		{051978D5-91CB-4096-A128-C60E3C220FF7}.AppStore|iPhone.Build.0 = Release|Any CPU
		{051978D5-91CB-4096-A128-C60E3C220FF7}.AppStore|iPhoneSimulator.ActiveCfg = Release|Any CPU
		{051978D5-91CB-4096-A128-C60E3C220FF7}.AppStore|iPhoneSimulator.Build.0 = Release|Any CPU
		{051978D5-91CB-4096-A128-C60E3C220FF7}.AppStore|x64.ActiveCfg = Release|Any CPU
		{051978D5-91CB-4096-A128-C60E3C220FF7}.AppStore|x64.Build.0 = Release|Any CPU
		{051978D5-91CB-4096-A128-C60E3C220FF7}.AppStore|x86.ActiveCfg = Release|Any CPU
		{051978D5-91CB-4096-A128-C60E3C220FF7}.AppStore|x86.Build.0 = Release|Any CPU
		{051978D5-91CB-4096-A128-C60E3C220FF7}.Debug|Any CPU.ActiveCfg = Debug|Any CPU
		{051978D5-91CB-4096-A128-C60E3C220FF7}.Debug|Any CPU.Build.0 = Debug|Any CPU
		{051978D5-91CB-4096-A128-C60E3C220FF7}.Debug|ARM.ActiveCfg = Debug|Any CPU
		{051978D5-91CB-4096-A128-C60E3C220FF7}.Debug|ARM.Build.0 = Debug|Any CPU
		{051978D5-91CB-4096-A128-C60E3C220FF7}.Debug|iPhone.ActiveCfg = Debug|Any CPU
		{051978D5-91CB-4096-A128-C60E3C220FF7}.Debug|iPhone.Build.0 = Debug|Any CPU
		{051978D5-91CB-4096-A128-C60E3C220FF7}.Debug|iPhoneSimulator.ActiveCfg = Debug|Any CPU
		{051978D5-91CB-4096-A128-C60E3C220FF7}.Debug|iPhoneSimulator.Build.0 = Debug|Any CPU
		{051978D5-91CB-4096-A128-C60E3C220FF7}.Debug|x64.ActiveCfg = Debug|Any CPU
		{051978D5-91CB-4096-A128-C60E3C220FF7}.Debug|x64.Build.0 = Debug|Any CPU
		{051978D5-91CB-4096-A128-C60E3C220FF7}.Debug|x86.ActiveCfg = Debug|Any CPU
		{051978D5-91CB-4096-A128-C60E3C220FF7}.Debug|x86.Build.0 = Debug|Any CPU
		{051978D5-91CB-4096-A128-C60E3C220FF7}.Release|Any CPU.ActiveCfg = Release|Any CPU
		{051978D5-91CB-4096-A128-C60E3C220FF7}.Release|Any CPU.Build.0 = Release|Any CPU
		{051978D5-91CB-4096-A128-C60E3C220FF7}.Release|ARM.ActiveCfg = Release|Any CPU
		{051978D5-91CB-4096-A128-C60E3C220FF7}.Release|ARM.Build.0 = Release|Any CPU
		{051978D5-91CB-4096-A128-C60E3C220FF7}.Release|iPhone.ActiveCfg = Release|Any CPU
		{051978D5-91CB-4096-A128-C60E3C220FF7}.Release|iPhone.Build.0 = Release|Any CPU
		{051978D5-91CB-4096-A128-C60E3C220FF7}.Release|iPhoneSimulator.ActiveCfg = Release|Any CPU
		{051978D5-91CB-4096-A128-C60E3C220FF7}.Release|iPhoneSimulator.Build.0 = Release|Any CPU
		{051978D5-91CB-4096-A128-C60E3C220FF7}.Release|x64.ActiveCfg = Release|Any CPU
		{051978D5-91CB-4096-A128-C60E3C220FF7}.Release|x64.Build.0 = Release|Any CPU
		{051978D5-91CB-4096-A128-C60E3C220FF7}.Release|x86.ActiveCfg = Release|Any CPU
		{051978D5-91CB-4096-A128-C60E3C220FF7}.Release|x86.Build.0 = Release|Any CPU
		{051978D5-91CB-4096-A128-C60E3C220FF7}.Signalr|Any CPU.ActiveCfg = Release|Any CPU
		{051978D5-91CB-4096-A128-C60E3C220FF7}.Signalr|Any CPU.Build.0 = Release|Any CPU
		{051978D5-91CB-4096-A128-C60E3C220FF7}.Signalr|ARM.ActiveCfg = Release|Any CPU
		{051978D5-91CB-4096-A128-C60E3C220FF7}.Signalr|ARM.Build.0 = Release|Any CPU
		{051978D5-91CB-4096-A128-C60E3C220FF7}.Signalr|iPhone.ActiveCfg = Release|Any CPU
		{051978D5-91CB-4096-A128-C60E3C220FF7}.Signalr|iPhone.Build.0 = Release|Any CPU
		{051978D5-91CB-4096-A128-C60E3C220FF7}.Signalr|iPhoneSimulator.ActiveCfg = Release|Any CPU
		{051978D5-91CB-4096-A128-C60E3C220FF7}.Signalr|iPhoneSimulator.Build.0 = Release|Any CPU
		{051978D5-91CB-4096-A128-C60E3C220FF7}.Signalr|x64.ActiveCfg = Release|Any CPU
		{051978D5-91CB-4096-A128-C60E3C220FF7}.Signalr|x64.Build.0 = Release|Any CPU
		{051978D5-91CB-4096-A128-C60E3C220FF7}.Signalr|x86.ActiveCfg = Release|Any CPU
		{051978D5-91CB-4096-A128-C60E3C220FF7}.Signalr|x86.Build.0 = Release|Any CPU
		{BB031AE7-3F79-4373-91D3-A13FE660CFC7}.Ad-Hoc|Any CPU.ActiveCfg = Release|Any CPU
		{BB031AE7-3F79-4373-91D3-A13FE660CFC7}.Ad-Hoc|Any CPU.Build.0 = Release|Any CPU
		{BB031AE7-3F79-4373-91D3-A13FE660CFC7}.Ad-Hoc|ARM.ActiveCfg = Release|Any CPU
		{BB031AE7-3F79-4373-91D3-A13FE660CFC7}.Ad-Hoc|ARM.Build.0 = Release|Any CPU
		{BB031AE7-3F79-4373-91D3-A13FE660CFC7}.Ad-Hoc|iPhone.ActiveCfg = Release|Any CPU
		{BB031AE7-3F79-4373-91D3-A13FE660CFC7}.Ad-Hoc|iPhone.Build.0 = Release|Any CPU
		{BB031AE7-3F79-4373-91D3-A13FE660CFC7}.Ad-Hoc|iPhoneSimulator.ActiveCfg = Release|Any CPU
		{BB031AE7-3F79-4373-91D3-A13FE660CFC7}.Ad-Hoc|iPhoneSimulator.Build.0 = Release|Any CPU
		{BB031AE7-3F79-4373-91D3-A13FE660CFC7}.Ad-Hoc|x64.ActiveCfg = Release|Any CPU
		{BB031AE7-3F79-4373-91D3-A13FE660CFC7}.Ad-Hoc|x64.Build.0 = Release|Any CPU
		{BB031AE7-3F79-4373-91D3-A13FE660CFC7}.Ad-Hoc|x86.ActiveCfg = Release|Any CPU
		{BB031AE7-3F79-4373-91D3-A13FE660CFC7}.Ad-Hoc|x86.Build.0 = Release|Any CPU
		{BB031AE7-3F79-4373-91D3-A13FE660CFC7}.AppStore|Any CPU.ActiveCfg = Release|Any CPU
		{BB031AE7-3F79-4373-91D3-A13FE660CFC7}.AppStore|Any CPU.Build.0 = Release|Any CPU
		{BB031AE7-3F79-4373-91D3-A13FE660CFC7}.AppStore|ARM.ActiveCfg = Release|Any CPU
		{BB031AE7-3F79-4373-91D3-A13FE660CFC7}.AppStore|ARM.Build.0 = Release|Any CPU
		{BB031AE7-3F79-4373-91D3-A13FE660CFC7}.AppStore|iPhone.ActiveCfg = Release|Any CPU
		{BB031AE7-3F79-4373-91D3-A13FE660CFC7}.AppStore|iPhone.Build.0 = Release|Any CPU
		{BB031AE7-3F79-4373-91D3-A13FE660CFC7}.AppStore|iPhoneSimulator.ActiveCfg = Release|Any CPU
		{BB031AE7-3F79-4373-91D3-A13FE660CFC7}.AppStore|iPhoneSimulator.Build.0 = Release|Any CPU
		{BB031AE7-3F79-4373-91D3-A13FE660CFC7}.AppStore|x64.ActiveCfg = Release|Any CPU
		{BB031AE7-3F79-4373-91D3-A13FE660CFC7}.AppStore|x64.Build.0 = Release|Any CPU
		{BB031AE7-3F79-4373-91D3-A13FE660CFC7}.AppStore|x86.ActiveCfg = Release|Any CPU
		{BB031AE7-3F79-4373-91D3-A13FE660CFC7}.AppStore|x86.Build.0 = Release|Any CPU
		{BB031AE7-3F79-4373-91D3-A13FE660CFC7}.Debug|Any CPU.ActiveCfg = Debug|Any CPU
		{BB031AE7-3F79-4373-91D3-A13FE660CFC7}.Debug|Any CPU.Build.0 = Debug|Any CPU
		{BB031AE7-3F79-4373-91D3-A13FE660CFC7}.Debug|ARM.ActiveCfg = Debug|Any CPU
		{BB031AE7-3F79-4373-91D3-A13FE660CFC7}.Debug|ARM.Build.0 = Debug|Any CPU
		{BB031AE7-3F79-4373-91D3-A13FE660CFC7}.Debug|iPhone.ActiveCfg = Debug|Any CPU
		{BB031AE7-3F79-4373-91D3-A13FE660CFC7}.Debug|iPhone.Build.0 = Debug|Any CPU
		{BB031AE7-3F79-4373-91D3-A13FE660CFC7}.Debug|iPhoneSimulator.ActiveCfg = Debug|Any CPU
		{BB031AE7-3F79-4373-91D3-A13FE660CFC7}.Debug|iPhoneSimulator.Build.0 = Debug|Any CPU
		{BB031AE7-3F79-4373-91D3-A13FE660CFC7}.Debug|x64.ActiveCfg = Debug|Any CPU
		{BB031AE7-3F79-4373-91D3-A13FE660CFC7}.Debug|x64.Build.0 = Debug|Any CPU
		{BB031AE7-3F79-4373-91D3-A13FE660CFC7}.Debug|x86.ActiveCfg = Debug|Any CPU
		{BB031AE7-3F79-4373-91D3-A13FE660CFC7}.Debug|x86.Build.0 = Debug|Any CPU
		{BB031AE7-3F79-4373-91D3-A13FE660CFC7}.Release|Any CPU.ActiveCfg = Release|Any CPU
		{BB031AE7-3F79-4373-91D3-A13FE660CFC7}.Release|Any CPU.Build.0 = Release|Any CPU
		{BB031AE7-3F79-4373-91D3-A13FE660CFC7}.Release|ARM.ActiveCfg = Release|Any CPU
		{BB031AE7-3F79-4373-91D3-A13FE660CFC7}.Release|ARM.Build.0 = Release|Any CPU
		{BB031AE7-3F79-4373-91D3-A13FE660CFC7}.Release|iPhone.ActiveCfg = Release|Any CPU
		{BB031AE7-3F79-4373-91D3-A13FE660CFC7}.Release|iPhone.Build.0 = Release|Any CPU
		{BB031AE7-3F79-4373-91D3-A13FE660CFC7}.Release|iPhoneSimulator.ActiveCfg = Release|Any CPU
		{BB031AE7-3F79-4373-91D3-A13FE660CFC7}.Release|iPhoneSimulator.Build.0 = Release|Any CPU
		{BB031AE7-3F79-4373-91D3-A13FE660CFC7}.Release|x64.ActiveCfg = Release|Any CPU
		{BB031AE7-3F79-4373-91D3-A13FE660CFC7}.Release|x64.Build.0 = Release|Any CPU
		{BB031AE7-3F79-4373-91D3-A13FE660CFC7}.Release|x86.ActiveCfg = Release|Any CPU
		{BB031AE7-3F79-4373-91D3-A13FE660CFC7}.Release|x86.Build.0 = Release|Any CPU
		{BB031AE7-3F79-4373-91D3-A13FE660CFC7}.Signalr|Any CPU.ActiveCfg = Release|Any CPU
		{BB031AE7-3F79-4373-91D3-A13FE660CFC7}.Signalr|Any CPU.Build.0 = Release|Any CPU
		{BB031AE7-3F79-4373-91D3-A13FE660CFC7}.Signalr|ARM.ActiveCfg = Release|Any CPU
		{BB031AE7-3F79-4373-91D3-A13FE660CFC7}.Signalr|ARM.Build.0 = Release|Any CPU
		{BB031AE7-3F79-4373-91D3-A13FE660CFC7}.Signalr|iPhone.ActiveCfg = Release|Any CPU
		{BB031AE7-3F79-4373-91D3-A13FE660CFC7}.Signalr|iPhone.Build.0 = Release|Any CPU
		{BB031AE7-3F79-4373-91D3-A13FE660CFC7}.Signalr|iPhoneSimulator.ActiveCfg = Release|Any CPU
		{BB031AE7-3F79-4373-91D3-A13FE660CFC7}.Signalr|iPhoneSimulator.Build.0 = Release|Any CPU
		{BB031AE7-3F79-4373-91D3-A13FE660CFC7}.Signalr|x64.ActiveCfg = Release|Any CPU
		{BB031AE7-3F79-4373-91D3-A13FE660CFC7}.Signalr|x64.Build.0 = Release|Any CPU
		{BB031AE7-3F79-4373-91D3-A13FE660CFC7}.Signalr|x86.ActiveCfg = Release|Any CPU
		{BB031AE7-3F79-4373-91D3-A13FE660CFC7}.Signalr|x86.Build.0 = Release|Any CPU
	EndGlobalSection
	GlobalSection(SolutionProperties) = preSolution
		HideSolutionNode = FALSE
	EndGlobalSection
	GlobalSection(NestedProjects) = preSolution
		{2D69114A-BA46-44D5-A39F-49A7F0E2ABD3} = {1D529D1D-56AD-49B8-A3B5-EFFD1171B252}
		{261036BF-9E90-459E-9E28-F53E09A708B1} = {1D529D1D-56AD-49B8-A3B5-EFFD1171B252}
		{38899835-1994-4DBD-B723-5792BA1C4C97} = {1D529D1D-56AD-49B8-A3B5-EFFD1171B252}
		{A6B6AC7E-023B-452E-98F8-715FDC51B415} = {1D529D1D-56AD-49B8-A3B5-EFFD1171B252}
		{051978D5-91CB-4096-A128-C60E3C220FF7} = {1D529D1D-56AD-49B8-A3B5-EFFD1171B252}
		{BB031AE7-3F79-4373-91D3-A13FE660CFC7} = {1D529D1D-56AD-49B8-A3B5-EFFD1171B252}
	EndGlobalSection
EndGlobal
