
Microsoft Visual Studio Solution File, Format Version 12.00
# Visual Studio 14
VisualStudioVersion = 14.0.25123.0
MinimumVisualStudioVersion = 10.0.40219.1
Project("{FAE04EC0-301F-11D3-BF4B-00C04F79EFBC}") = "BubbleShot.Server.DataContracts", "BubbleShot.Server.DataContracts\BubbleShot.Server.DataContracts.csproj", "{F3ED9E2F-62EB-4394-A61D-6FFFB5C77943}"
EndProject
Project("{FAE04EC0-301F-11D3-BF4B-00C04F79EFBC}") = "BubbleShot.Server.Common", "BuubleShot.Server.Common\BubbleShot.Server.Common.csproj", "{E70EA979-DF1F-4393-AA97-1F5791FFFB85}"
EndProject
Project("{FAE04EC0-301F-11D3-BF4B-00C04F79EFBC}") = "BubbleShot.Server.Adapters", "BubbleShot.Server.Adapters\BubbleShot.Server.Adapters.csproj", "{4742B7C2-6A84-4426-9108-C205D8FD2306}"
EndProject
Project("{FAE04EC0-301F-11D3-BF4B-00C04F79EFBC}") = "BubbleShot.Server.TestApp", "BubbleShot.Server.TestApp\BubbleShot.Server.TestApp.csproj", "{7B8FC976-9AD2-4E86-85E3-21085A733A3F}"
EndProject
Project("{FAE04EC0-301F-11D3-BF4B-00C04F79EFBC}") = "BubbleShot.WpfClient", "BubbleShot.WpfClient\BubbleShot.WpfClient.csproj", "{8E3462FB-7496-4301-BC2C-E6613F13BC6A}"
EndProject
Project("{2150E333-8FDC-42A3-9474-1A3956D46DE8}") = "Web Services", "Web Services", "{45CBD267-C36B-4E60-BBF2-E13DE01180AF}"
EndProject
Project("{FAE04EC0-301F-11D3-BF4B-00C04F79EFBC}") = "BubbleShot.Server.WebServices.TestWcfService", "Web Services\BubbleShot.Server.WebServices.TestWcfService\BubbleShot.Server.WebServices.TestWcfService.csproj", "{36C853ED-2BEB-48C7-8D0A-0C1EE7E20E79}"
EndProject
Project("{FAE04EC0-301F-11D3-BF4B-00C04F79EFBC}") = "BubbleShot.UniversalApp", "BubbleShot.UniversalApp\BubbleShot.UniversalApp.csproj", "{5C163D9F-5C31-4CC1-9467-4AC22FFB9868}"
EndProject
Project("{2150E333-8FDC-42A3-9474-1A3956D46DE8}") = "PCL", "PCL", "{6F92D714-7FD5-44B9-9F73-12DA21E47954}"
EndProject
Project("{FAE04EC0-301F-11D3-BF4B-00C04F79EFBC}") = "Bubbleshot.Server.Adapters.Pcl", "PCL\Bubbleshot.Server.Adapters.Pcl\Bubbleshot.Server.Adapters.Pcl.csproj", "{7DFC55AB-A0E2-4C6E-9518-4A17F39CB68B}"
EndProject
Project("{FAE04EC0-301F-11D3-BF4B-00C04F79EFBC}") = "Bubbleshot.Server.Common.Pcl", "PCL\Bubbleshot.Server.Common.Pcl\Bubbleshot.Server.Common.Pcl.csproj", "{E0B13F93-F3A1-4E7E-A1AC-EA9EEEE42C3B}"
EndProject
Global
	GlobalSection(SolutionConfigurationPlatforms) = preSolution
		Ad-Hoc|Any CPU = Ad-Hoc|Any CPU
		Ad-Hoc|ARM = Ad-Hoc|ARM
		Ad-Hoc|iPhone = Ad-Hoc|iPhone
		Ad-Hoc|iPhoneSimulator = Ad-Hoc|iPhoneSimulator
		Ad-Hoc|x64 = Ad-Hoc|x64
		Ad-Hoc|x86 = Ad-Hoc|x86
		AppStore|Any CPU = AppStore|Any CPU
		AppStore|ARM = AppStore|ARM
		AppStore|iPhone = AppStore|iPhone
		AppStore|iPhoneSimulator = AppStore|iPhoneSimulator
		AppStore|x64 = AppStore|x64
		AppStore|x86 = AppStore|x86
		Debug|Any CPU = Debug|Any CPU
		Debug|ARM = Debug|ARM
		Debug|iPhone = Debug|iPhone
		Debug|iPhoneSimulator = Debug|iPhoneSimulator
		Debug|x64 = Debug|x64
		Debug|x86 = Debug|x86
		Release|Any CPU = Release|Any CPU
		Release|ARM = Release|ARM
		Release|iPhone = Release|iPhone
		Release|iPhoneSimulator = Release|iPhoneSimulator
		Release|x64 = Release|x64
		Release|x86 = Release|x86
	EndGlobalSection
	GlobalSection(ProjectConfigurationPlatforms) = postSolution
		{F3ED9E2F-62EB-4394-A61D-6FFFB5C77943}.Ad-Hoc|Any CPU.ActiveCfg = Release|Any CPU
		{F3ED9E2F-62EB-4394-A61D-6FFFB5C77943}.Ad-Hoc|Any CPU.Build.0 = Release|Any CPU
		{F3ED9E2F-62EB-4394-A61D-6FFFB5C77943}.Ad-Hoc|ARM.ActiveCfg = Release|Any CPU
		{F3ED9E2F-62EB-4394-A61D-6FFFB5C77943}.Ad-Hoc|ARM.Build.0 = Release|Any CPU
		{F3ED9E2F-62EB-4394-A61D-6FFFB5C77943}.Ad-Hoc|iPhone.ActiveCfg = Release|Any CPU
		{F3ED9E2F-62EB-4394-A61D-6FFFB5C77943}.Ad-Hoc|iPhone.Build.0 = Release|Any CPU
		{F3ED9E2F-62EB-4394-A61D-6FFFB5C77943}.Ad-Hoc|iPhoneSimulator.ActiveCfg = Release|Any CPU
		{F3ED9E2F-62EB-4394-A61D-6FFFB5C77943}.Ad-Hoc|iPhoneSimulator.Build.0 = Release|Any CPU
		{F3ED9E2F-62EB-4394-A61D-6FFFB5C77943}.Ad-Hoc|x64.ActiveCfg = Release|Any CPU
		{F3ED9E2F-62EB-4394-A61D-6FFFB5C77943}.Ad-Hoc|x64.Build.0 = Release|Any CPU
		{F3ED9E2F-62EB-4394-A61D-6FFFB5C77943}.Ad-Hoc|x86.ActiveCfg = Release|Any CPU
		{F3ED9E2F-62EB-4394-A61D-6FFFB5C77943}.Ad-Hoc|x86.Build.0 = Release|Any CPU
		{F3ED9E2F-62EB-4394-A61D-6FFFB5C77943}.AppStore|Any CPU.ActiveCfg = Release|Any CPU
		{F3ED9E2F-62EB-4394-A61D-6FFFB5C77943}.AppStore|Any CPU.Build.0 = Release|Any CPU
		{F3ED9E2F-62EB-4394-A61D-6FFFB5C77943}.AppStore|ARM.ActiveCfg = Release|Any CPU
		{F3ED9E2F-62EB-4394-A61D-6FFFB5C77943}.AppStore|ARM.Build.0 = Release|Any CPU
		{F3ED9E2F-62EB-4394-A61D-6FFFB5C77943}.AppStore|iPhone.ActiveCfg = Release|Any CPU
		{F3ED9E2F-62EB-4394-A61D-6FFFB5C77943}.AppStore|iPhone.Build.0 = Release|Any CPU
		{F3ED9E2F-62EB-4394-A61D-6FFFB5C77943}.AppStore|iPhoneSimulator.ActiveCfg = Release|Any CPU
		{F3ED9E2F-62EB-4394-A61D-6FFFB5C77943}.AppStore|iPhoneSimulator.Build.0 = Release|Any CPU
		{F3ED9E2F-62EB-4394-A61D-6FFFB5C77943}.AppStore|x64.ActiveCfg = Release|Any CPU
		{F3ED9E2F-62EB-4394-A61D-6FFFB5C77943}.AppStore|x64.Build.0 = Release|Any CPU
		{F3ED9E2F-62EB-4394-A61D-6FFFB5C77943}.AppStore|x86.ActiveCfg = Release|Any CPU
		{F3ED9E2F-62EB-4394-A61D-6FFFB5C77943}.AppStore|x86.Build.0 = Release|Any CPU
		{F3ED9E2F-62EB-4394-A61D-6FFFB5C77943}.Debug|Any CPU.ActiveCfg = Debug|Any CPU
		{F3ED9E2F-62EB-4394-A61D-6FFFB5C77943}.Debug|Any CPU.Build.0 = Debug|Any CPU
		{F3ED9E2F-62EB-4394-A61D-6FFFB5C77943}.Debug|ARM.ActiveCfg = Debug|Any CPU
		{F3ED9E2F-62EB-4394-A61D-6FFFB5C77943}.Debug|ARM.Build.0 = Debug|Any CPU
		{F3ED9E2F-62EB-4394-A61D-6FFFB5C77943}.Debug|iPhone.ActiveCfg = Debug|Any CPU
		{F3ED9E2F-62EB-4394-A61D-6FFFB5C77943}.Debug|iPhone.Build.0 = Debug|Any CPU
		{F3ED9E2F-62EB-4394-A61D-6FFFB5C77943}.Debug|iPhoneSimulator.ActiveCfg = Debug|Any CPU
		{F3ED9E2F-62EB-4394-A61D-6FFFB5C77943}.Debug|iPhoneSimulator.Build.0 = Debug|Any CPU
		{F3ED9E2F-62EB-4394-A61D-6FFFB5C77943}.Debug|x64.ActiveCfg = Debug|Any CPU
		{F3ED9E2F-62EB-4394-A61D-6FFFB5C77943}.Debug|x64.Build.0 = Debug|Any CPU
		{F3ED9E2F-62EB-4394-A61D-6FFFB5C77943}.Debug|x86.ActiveCfg = Debug|Any CPU
		{F3ED9E2F-62EB-4394-A61D-6FFFB5C77943}.Debug|x86.Build.0 = Debug|Any CPU
		{F3ED9E2F-62EB-4394-A61D-6FFFB5C77943}.Release|Any CPU.ActiveCfg = Release|Any CPU
		{F3ED9E2F-62EB-4394-A61D-6FFFB5C77943}.Release|Any CPU.Build.0 = Release|Any CPU
		{F3ED9E2F-62EB-4394-A61D-6FFFB5C77943}.Release|ARM.ActiveCfg = Release|Any CPU
		{F3ED9E2F-62EB-4394-A61D-6FFFB5C77943}.Release|ARM.Build.0 = Release|Any CPU
		{F3ED9E2F-62EB-4394-A61D-6FFFB5C77943}.Release|iPhone.ActiveCfg = Release|Any CPU
		{F3ED9E2F-62EB-4394-A61D-6FFFB5C77943}.Release|iPhone.Build.0 = Release|Any CPU
		{F3ED9E2F-62EB-4394-A61D-6FFFB5C77943}.Release|iPhoneSimulator.ActiveCfg = Release|Any CPU
		{F3ED9E2F-62EB-4394-A61D-6FFFB5C77943}.Release|iPhoneSimulator.Build.0 = Release|Any CPU
		{F3ED9E2F-62EB-4394-A61D-6FFFB5C77943}.Release|x64.ActiveCfg = Release|Any CPU
		{F3ED9E2F-62EB-4394-A61D-6FFFB5C77943}.Release|x64.Build.0 = Release|Any CPU
		{F3ED9E2F-62EB-4394-A61D-6FFFB5C77943}.Release|x86.ActiveCfg = Release|Any CPU
		{F3ED9E2F-62EB-4394-A61D-6FFFB5C77943}.Release|x86.Build.0 = Release|Any CPU
		{E70EA979-DF1F-4393-AA97-1F5791FFFB85}.Ad-Hoc|Any CPU.ActiveCfg = Release|Any CPU
		{E70EA979-DF1F-4393-AA97-1F5791FFFB85}.Ad-Hoc|Any CPU.Build.0 = Release|Any CPU
		{E70EA979-DF1F-4393-AA97-1F5791FFFB85}.Ad-Hoc|ARM.ActiveCfg = Release|Any CPU
		{E70EA979-DF1F-4393-AA97-1F5791FFFB85}.Ad-Hoc|ARM.Build.0 = Release|Any CPU
		{E70EA979-DF1F-4393-AA97-1F5791FFFB85}.Ad-Hoc|iPhone.ActiveCfg = Release|Any CPU
		{E70EA979-DF1F-4393-AA97-1F5791FFFB85}.Ad-Hoc|iPhone.Build.0 = Release|Any CPU
		{E70EA979-DF1F-4393-AA97-1F5791FFFB85}.Ad-Hoc|iPhoneSimulator.ActiveCfg = Release|Any CPU
		{E70EA979-DF1F-4393-AA97-1F5791FFFB85}.Ad-Hoc|iPhoneSimulator.Build.0 = Release|Any CPU
		{E70EA979-DF1F-4393-AA97-1F5791FFFB85}.Ad-Hoc|x64.ActiveCfg = Release|Any CPU
		{E70EA979-DF1F-4393-AA97-1F5791FFFB85}.Ad-Hoc|x64.Build.0 = Release|Any CPU
		{E70EA979-DF1F-4393-AA97-1F5791FFFB85}.Ad-Hoc|x86.ActiveCfg = Release|Any CPU
		{E70EA979-DF1F-4393-AA97-1F5791FFFB85}.Ad-Hoc|x86.Build.0 = Release|Any CPU
		{E70EA979-DF1F-4393-AA97-1F5791FFFB85}.AppStore|Any CPU.ActiveCfg = Release|Any CPU
		{E70EA979-DF1F-4393-AA97-1F5791FFFB85}.AppStore|Any CPU.Build.0 = Release|Any CPU
		{E70EA979-DF1F-4393-AA97-1F5791FFFB85}.AppStore|ARM.ActiveCfg = Release|Any CPU
		{E70EA979-DF1F-4393-AA97-1F5791FFFB85}.AppStore|ARM.Build.0 = Release|Any CPU
		{E70EA979-DF1F-4393-AA97-1F5791FFFB85}.AppStore|iPhone.ActiveCfg = Release|Any CPU
		{E70EA979-DF1F-4393-AA97-1F5791FFFB85}.AppStore|iPhone.Build.0 = Release|Any CPU
		{E70EA979-DF1F-4393-AA97-1F5791FFFB85}.AppStore|iPhoneSimulator.ActiveCfg = Release|Any CPU
		{E70EA979-DF1F-4393-AA97-1F5791FFFB85}.AppStore|iPhoneSimulator.Build.0 = Release|Any CPU
		{E70EA979-DF1F-4393-AA97-1F5791FFFB85}.AppStore|x64.ActiveCfg = Release|Any CPU
		{E70EA979-DF1F-4393-AA97-1F5791FFFB85}.AppStore|x64.Build.0 = Release|Any CPU
		{E70EA979-DF1F-4393-AA97-1F5791FFFB85}.AppStore|x86.ActiveCfg = Release|Any CPU
		{E70EA979-DF1F-4393-AA97-1F5791FFFB85}.AppStore|x86.Build.0 = Release|Any CPU
		{E70EA979-DF1F-4393-AA97-1F5791FFFB85}.Debug|Any CPU.ActiveCfg = Debug|Any CPU
		{E70EA979-DF1F-4393-AA97-1F5791FFFB85}.Debug|Any CPU.Build.0 = Debug|Any CPU
		{E70EA979-DF1F-4393-AA97-1F5791FFFB85}.Debug|ARM.ActiveCfg = Debug|Any CPU
		{E70EA979-DF1F-4393-AA97-1F5791FFFB85}.Debug|ARM.Build.0 = Debug|Any CPU
		{E70EA979-DF1F-4393-AA97-1F5791FFFB85}.Debug|iPhone.ActiveCfg = Debug|Any CPU
		{E70EA979-DF1F-4393-AA97-1F5791FFFB85}.Debug|iPhone.Build.0 = Debug|Any CPU
		{E70EA979-DF1F-4393-AA97-1F5791FFFB85}.Debug|iPhoneSimulator.ActiveCfg = Debug|Any CPU
		{E70EA979-DF1F-4393-AA97-1F5791FFFB85}.Debug|iPhoneSimulator.Build.0 = Debug|Any CPU
		{E70EA979-DF1F-4393-AA97-1F5791FFFB85}.Debug|x64.ActiveCfg = Debug|Any CPU
		{E70EA979-DF1F-4393-AA97-1F5791FFFB85}.Debug|x64.Build.0 = Debug|Any CPU
		{E70EA979-DF1F-4393-AA97-1F5791FFFB85}.Debug|x86.ActiveCfg = Debug|Any CPU
		{E70EA979-DF1F-4393-AA97-1F5791FFFB85}.Debug|x86.Build.0 = Debug|Any CPU
		{E70EA979-DF1F-4393-AA97-1F5791FFFB85}.Release|Any CPU.ActiveCfg = Release|Any CPU
		{E70EA979-DF1F-4393-AA97-1F5791FFFB85}.Release|Any CPU.Build.0 = Release|Any CPU
		{E70EA979-DF1F-4393-AA97-1F5791FFFB85}.Release|ARM.ActiveCfg = Release|Any CPU
		{E70EA979-DF1F-4393-AA97-1F5791FFFB85}.Release|ARM.Build.0 = Release|Any CPU
		{E70EA979-DF1F-4393-AA97-1F5791FFFB85}.Release|iPhone.ActiveCfg = Release|Any CPU
		{E70EA979-DF1F-4393-AA97-1F5791FFFB85}.Release|iPhone.Build.0 = Release|Any CPU
		{E70EA979-DF1F-4393-AA97-1F5791FFFB85}.Release|iPhoneSimulator.ActiveCfg = Release|Any CPU
		{E70EA979-DF1F-4393-AA97-1F5791FFFB85}.Release|iPhoneSimulator.Build.0 = Release|Any CPU
		{E70EA979-DF1F-4393-AA97-1F5791FFFB85}.Release|x64.ActiveCfg = Release|Any CPU
		{E70EA979-DF1F-4393-AA97-1F5791FFFB85}.Release|x64.Build.0 = Release|Any CPU
		{E70EA979-DF1F-4393-AA97-1F5791FFFB85}.Release|x86.ActiveCfg = Release|Any CPU
		{E70EA979-DF1F-4393-AA97-1F5791FFFB85}.Release|x86.Build.0 = Release|Any CPU
		{4742B7C2-6A84-4426-9108-C205D8FD2306}.Ad-Hoc|Any CPU.ActiveCfg = Release|Any CPU
		{4742B7C2-6A84-4426-9108-C205D8FD2306}.Ad-Hoc|Any CPU.Build.0 = Release|Any CPU
		{4742B7C2-6A84-4426-9108-C205D8FD2306}.Ad-Hoc|ARM.ActiveCfg = Release|Any CPU
		{4742B7C2-6A84-4426-9108-C205D8FD2306}.Ad-Hoc|ARM.Build.0 = Release|Any CPU
		{4742B7C2-6A84-4426-9108-C205D8FD2306}.Ad-Hoc|iPhone.ActiveCfg = Release|Any CPU
		{4742B7C2-6A84-4426-9108-C205D8FD2306}.Ad-Hoc|iPhone.Build.0 = Release|Any CPU
		{4742B7C2-6A84-4426-9108-C205D8FD2306}.Ad-Hoc|iPhoneSimulator.ActiveCfg = Release|Any CPU
		{4742B7C2-6A84-4426-9108-C205D8FD2306}.Ad-Hoc|iPhoneSimulator.Build.0 = Release|Any CPU
		{4742B7C2-6A84-4426-9108-C205D8FD2306}.Ad-Hoc|x64.ActiveCfg = Release|Any CPU
		{4742B7C2-6A84-4426-9108-C205D8FD2306}.Ad-Hoc|x64.Build.0 = Release|Any CPU
		{4742B7C2-6A84-4426-9108-C205D8FD2306}.Ad-Hoc|x86.ActiveCfg = Release|Any CPU
		{4742B7C2-6A84-4426-9108-C205D8FD2306}.Ad-Hoc|x86.Build.0 = Release|Any CPU
		{4742B7C2-6A84-4426-9108-C205D8FD2306}.AppStore|Any CPU.ActiveCfg = Release|Any CPU
		{4742B7C2-6A84-4426-9108-C205D8FD2306}.AppStore|Any CPU.Build.0 = Release|Any CPU
		{4742B7C2-6A84-4426-9108-C205D8FD2306}.AppStore|ARM.ActiveCfg = Release|Any CPU
		{4742B7C2-6A84-4426-9108-C205D8FD2306}.AppStore|ARM.Build.0 = Release|Any CPU
		{4742B7C2-6A84-4426-9108-C205D8FD2306}.AppStore|iPhone.ActiveCfg = Release|Any CPU
		{4742B7C2-6A84-4426-9108-C205D8FD2306}.AppStore|iPhone.Build.0 = Release|Any CPU
		{4742B7C2-6A84-4426-9108-C205D8FD2306}.AppStore|iPhoneSimulator.ActiveCfg = Release|Any CPU
		{4742B7C2-6A84-4426-9108-C205D8FD2306}.AppStore|iPhoneSimulator.Build.0 = Release|Any CPU
		{4742B7C2-6A84-4426-9108-C205D8FD2306}.AppStore|x64.ActiveCfg = Release|Any CPU
		{4742B7C2-6A84-4426-9108-C205D8FD2306}.AppStore|x64.Build.0 = Release|Any CPU
		{4742B7C2-6A84-4426-9108-C205D8FD2306}.AppStore|x86.ActiveCfg = Release|Any CPU
		{4742B7C2-6A84-4426-9108-C205D8FD2306}.AppStore|x86.Build.0 = Release|Any CPU
		{4742B7C2-6A84-4426-9108-C205D8FD2306}.Debug|Any CPU.ActiveCfg = Debug|Any CPU
		{4742B7C2-6A84-4426-9108-C205D8FD2306}.Debug|Any CPU.Build.0 = Debug|Any CPU
		{4742B7C2-6A84-4426-9108-C205D8FD2306}.Debug|ARM.ActiveCfg = Debug|Any CPU
		{4742B7C2-6A84-4426-9108-C205D8FD2306}.Debug|ARM.Build.0 = Debug|Any CPU
		{4742B7C2-6A84-4426-9108-C205D8FD2306}.Debug|iPhone.ActiveCfg = Debug|Any CPU
		{4742B7C2-6A84-4426-9108-C205D8FD2306}.Debug|iPhone.Build.0 = Debug|Any CPU
		{4742B7C2-6A84-4426-9108-C205D8FD2306}.Debug|iPhoneSimulator.ActiveCfg = Debug|Any CPU
		{4742B7C2-6A84-4426-9108-C205D8FD2306}.Debug|iPhoneSimulator.Build.0 = Debug|Any CPU
		{4742B7C2-6A84-4426-9108-C205D8FD2306}.Debug|x64.ActiveCfg = Debug|Any CPU
		{4742B7C2-6A84-4426-9108-C205D8FD2306}.Debug|x64.Build.0 = Debug|Any CPU
		{4742B7C2-6A84-4426-9108-C205D8FD2306}.Debug|x86.ActiveCfg = Debug|Any CPU
		{4742B7C2-6A84-4426-9108-C205D8FD2306}.Debug|x86.Build.0 = Debug|Any CPU
		{4742B7C2-6A84-4426-9108-C205D8FD2306}.Release|Any CPU.ActiveCfg = Release|Any CPU
		{4742B7C2-6A84-4426-9108-C205D8FD2306}.Release|Any CPU.Build.0 = Release|Any CPU
		{4742B7C2-6A84-4426-9108-C205D8FD2306}.Release|ARM.ActiveCfg = Release|Any CPU
		{4742B7C2-6A84-4426-9108-C205D8FD2306}.Release|ARM.Build.0 = Release|Any CPU
		{4742B7C2-6A84-4426-9108-C205D8FD2306}.Release|iPhone.ActiveCfg = Release|Any CPU
		{4742B7C2-6A84-4426-9108-C205D8FD2306}.Release|iPhone.Build.0 = Release|Any CPU
		{4742B7C2-6A84-4426-9108-C205D8FD2306}.Release|iPhoneSimulator.ActiveCfg = Release|Any CPU
		{4742B7C2-6A84-4426-9108-C205D8FD2306}.Release|iPhoneSimulator.Build.0 = Release|Any CPU
		{4742B7C2-6A84-4426-9108-C205D8FD2306}.Release|x64.ActiveCfg = Release|Any CPU
		{4742B7C2-6A84-4426-9108-C205D8FD2306}.Release|x64.Build.0 = Release|Any CPU
		{4742B7C2-6A84-4426-9108-C205D8FD2306}.Release|x86.ActiveCfg = Release|Any CPU
		{4742B7C2-6A84-4426-9108-C205D8FD2306}.Release|x86.Build.0 = Release|Any CPU
		{7B8FC976-9AD2-4E86-85E3-21085A733A3F}.Ad-Hoc|Any CPU.ActiveCfg = Release|Any CPU
		{7B8FC976-9AD2-4E86-85E3-21085A733A3F}.Ad-Hoc|Any CPU.Build.0 = Release|Any CPU
		{7B8FC976-9AD2-4E86-85E3-21085A733A3F}.Ad-Hoc|ARM.ActiveCfg = Release|Any CPU
		{7B8FC976-9AD2-4E86-85E3-21085A733A3F}.Ad-Hoc|ARM.Build.0 = Release|Any CPU
		{7B8FC976-9AD2-4E86-85E3-21085A733A3F}.Ad-Hoc|iPhone.ActiveCfg = Release|Any CPU
		{7B8FC976-9AD2-4E86-85E3-21085A733A3F}.Ad-Hoc|iPhone.Build.0 = Release|Any CPU
		{7B8FC976-9AD2-4E86-85E3-21085A733A3F}.Ad-Hoc|iPhoneSimulator.ActiveCfg = Release|Any CPU
		{7B8FC976-9AD2-4E86-85E3-21085A733A3F}.Ad-Hoc|iPhoneSimulator.Build.0 = Release|Any CPU
		{7B8FC976-9AD2-4E86-85E3-21085A733A3F}.Ad-Hoc|x64.ActiveCfg = Release|Any CPU
		{7B8FC976-9AD2-4E86-85E3-21085A733A3F}.Ad-Hoc|x64.Build.0 = Release|Any CPU
		{7B8FC976-9AD2-4E86-85E3-21085A733A3F}.Ad-Hoc|x86.ActiveCfg = Release|Any CPU
		{7B8FC976-9AD2-4E86-85E3-21085A733A3F}.Ad-Hoc|x86.Build.0 = Release|Any CPU
		{7B8FC976-9AD2-4E86-85E3-21085A733A3F}.AppStore|Any CPU.ActiveCfg = Release|Any CPU
		{7B8FC976-9AD2-4E86-85E3-21085A733A3F}.AppStore|Any CPU.Build.0 = Release|Any CPU
		{7B8FC976-9AD2-4E86-85E3-21085A733A3F}.AppStore|ARM.ActiveCfg = Release|Any CPU
		{7B8FC976-9AD2-4E86-85E3-21085A733A3F}.AppStore|ARM.Build.0 = Release|Any CPU
		{7B8FC976-9AD2-4E86-85E3-21085A733A3F}.AppStore|iPhone.ActiveCfg = Release|Any CPU
		{7B8FC976-9AD2-4E86-85E3-21085A733A3F}.AppStore|iPhone.Build.0 = Release|Any CPU
		{7B8FC976-9AD2-4E86-85E3-21085A733A3F}.AppStore|iPhoneSimulator.ActiveCfg = Release|Any CPU
		{7B8FC976-9AD2-4E86-85E3-21085A733A3F}.AppStore|iPhoneSimulator.Build.0 = Release|Any CPU
		{7B8FC976-9AD2-4E86-85E3-21085A733A3F}.AppStore|x64.ActiveCfg = Release|Any CPU
		{7B8FC976-9AD2-4E86-85E3-21085A733A3F}.AppStore|x64.Build.0 = Release|Any CPU
		{7B8FC976-9AD2-4E86-85E3-21085A733A3F}.AppStore|x86.ActiveCfg = Release|Any CPU
		{7B8FC976-9AD2-4E86-85E3-21085A733A3F}.AppStore|x86.Build.0 = Release|Any CPU
		{7B8FC976-9AD2-4E86-85E3-21085A733A3F}.Debug|Any CPU.ActiveCfg = Debug|Any CPU
		{7B8FC976-9AD2-4E86-85E3-21085A733A3F}.Debug|Any CPU.Build.0 = Debug|Any CPU
		{7B8FC976-9AD2-4E86-85E3-21085A733A3F}.Debug|ARM.ActiveCfg = Debug|Any CPU
		{7B8FC976-9AD2-4E86-85E3-21085A733A3F}.Debug|ARM.Build.0 = Debug|Any CPU
		{7B8FC976-9AD2-4E86-85E3-21085A733A3F}.Debug|iPhone.ActiveCfg = Debug|Any CPU
		{7B8FC976-9AD2-4E86-85E3-21085A733A3F}.Debug|iPhone.Build.0 = Debug|Any CPU
		{7B8FC976-9AD2-4E86-85E3-21085A733A3F}.Debug|iPhoneSimulator.ActiveCfg = Debug|Any CPU
		{7B8FC976-9AD2-4E86-85E3-21085A733A3F}.Debug|iPhoneSimulator.Build.0 = Debug|Any CPU
		{7B8FC976-9AD2-4E86-85E3-21085A733A3F}.Debug|x64.ActiveCfg = Debug|Any CPU
		{7B8FC976-9AD2-4E86-85E3-21085A733A3F}.Debug|x64.Build.0 = Debug|Any CPU
		{7B8FC976-9AD2-4E86-85E3-21085A733A3F}.Debug|x86.ActiveCfg = Debug|Any CPU
		{7B8FC976-9AD2-4E86-85E3-21085A733A3F}.Debug|x86.Build.0 = Debug|Any CPU
		{7B8FC976-9AD2-4E86-85E3-21085A733A3F}.Release|Any CPU.ActiveCfg = Release|Any CPU
		{7B8FC976-9AD2-4E86-85E3-21085A733A3F}.Release|Any CPU.Build.0 = Release|Any CPU
		{7B8FC976-9AD2-4E86-85E3-21085A733A3F}.Release|ARM.ActiveCfg = Release|Any CPU
		{7B8FC976-9AD2-4E86-85E3-21085A733A3F}.Release|ARM.Build.0 = Release|Any CPU
		{7B8FC976-9AD2-4E86-85E3-21085A733A3F}.Release|iPhone.ActiveCfg = Release|Any CPU
		{7B8FC976-9AD2-4E86-85E3-21085A733A3F}.Release|iPhone.Build.0 = Release|Any CPU
		{7B8FC976-9AD2-4E86-85E3-21085A733A3F}.Release|iPhoneSimulator.ActiveCfg = Release|Any CPU
		{7B8FC976-9AD2-4E86-85E3-21085A733A3F}.Release|iPhoneSimulator.Build.0 = Release|Any CPU
		{7B8FC976-9AD2-4E86-85E3-21085A733A3F}.Release|x64.ActiveCfg = Release|Any CPU
		{7B8FC976-9AD2-4E86-85E3-21085A733A3F}.Release|x64.Build.0 = Release|Any CPU
		{7B8FC976-9AD2-4E86-85E3-21085A733A3F}.Release|x86.ActiveCfg = Release|Any CPU
		{7B8FC976-9AD2-4E86-85E3-21085A733A3F}.Release|x86.Build.0 = Release|Any CPU
		{8E3462FB-7496-4301-BC2C-E6613F13BC6A}.Ad-Hoc|Any CPU.ActiveCfg = Release|Any CPU
		{8E3462FB-7496-4301-BC2C-E6613F13BC6A}.Ad-Hoc|Any CPU.Build.0 = Release|Any CPU
		{8E3462FB-7496-4301-BC2C-E6613F13BC6A}.Ad-Hoc|ARM.ActiveCfg = Release|Any CPU
		{8E3462FB-7496-4301-BC2C-E6613F13BC6A}.Ad-Hoc|ARM.Build.0 = Release|Any CPU
		{8E3462FB-7496-4301-BC2C-E6613F13BC6A}.Ad-Hoc|iPhone.ActiveCfg = Release|Any CPU
		{8E3462FB-7496-4301-BC2C-E6613F13BC6A}.Ad-Hoc|iPhone.Build.0 = Release|Any CPU
		{8E3462FB-7496-4301-BC2C-E6613F13BC6A}.Ad-Hoc|iPhoneSimulator.ActiveCfg = Release|Any CPU
		{8E3462FB-7496-4301-BC2C-E6613F13BC6A}.Ad-Hoc|iPhoneSimulator.Build.0 = Release|Any CPU
		{8E3462FB-7496-4301-BC2C-E6613F13BC6A}.Ad-Hoc|x64.ActiveCfg = Release|Any CPU
		{8E3462FB-7496-4301-BC2C-E6613F13BC6A}.Ad-Hoc|x64.Build.0 = Release|Any CPU
		{8E3462FB-7496-4301-BC2C-E6613F13BC6A}.Ad-Hoc|x86.ActiveCfg = Release|Any CPU
		{8E3462FB-7496-4301-BC2C-E6613F13BC6A}.Ad-Hoc|x86.Build.0 = Release|Any CPU
		{8E3462FB-7496-4301-BC2C-E6613F13BC6A}.AppStore|Any CPU.ActiveCfg = Release|Any CPU
		{8E3462FB-7496-4301-BC2C-E6613F13BC6A}.AppStore|Any CPU.Build.0 = Release|Any CPU
		{8E3462FB-7496-4301-BC2C-E6613F13BC6A}.AppStore|ARM.ActiveCfg = Release|Any CPU
		{8E3462FB-7496-4301-BC2C-E6613F13BC6A}.AppStore|ARM.Build.0 = Release|Any CPU
		{8E3462FB-7496-4301-BC2C-E6613F13BC6A}.AppStore|iPhone.ActiveCfg = Release|Any CPU
		{8E3462FB-7496-4301-BC2C-E6613F13BC6A}.AppStore|iPhone.Build.0 = Release|Any CPU
		{8E3462FB-7496-4301-BC2C-E6613F13BC6A}.AppStore|iPhoneSimulator.ActiveCfg = Release|Any CPU
		{8E3462FB-7496-4301-BC2C-E6613F13BC6A}.AppStore|iPhoneSimulator.Build.0 = Release|Any CPU
		{8E3462FB-7496-4301-BC2C-E6613F13BC6A}.AppStore|x64.ActiveCfg = Release|Any CPU
		{8E3462FB-7496-4301-BC2C-E6613F13BC6A}.AppStore|x64.Build.0 = Release|Any CPU
		{8E3462FB-7496-4301-BC2C-E6613F13BC6A}.AppStore|x86.ActiveCfg = Release|Any CPU
		{8E3462FB-7496-4301-BC2C-E6613F13BC6A}.AppStore|x86.Build.0 = Release|Any CPU
		{8E3462FB-7496-4301-BC2C-E6613F13BC6A}.Debug|Any CPU.ActiveCfg = Debug|Any CPU
		{8E3462FB-7496-4301-BC2C-E6613F13BC6A}.Debug|Any CPU.Build.0 = Debug|Any CPU
		{8E3462FB-7496-4301-BC2C-E6613F13BC6A}.Debug|ARM.ActiveCfg = Debug|Any CPU
		{8E3462FB-7496-4301-BC2C-E6613F13BC6A}.Debug|ARM.Build.0 = Debug|Any CPU
		{8E3462FB-7496-4301-BC2C-E6613F13BC6A}.Debug|iPhone.ActiveCfg = Debug|Any CPU
		{8E3462FB-7496-4301-BC2C-E6613F13BC6A}.Debug|iPhone.Build.0 = Debug|Any CPU
		{8E3462FB-7496-4301-BC2C-E6613F13BC6A}.Debug|iPhoneSimulator.ActiveCfg = Debug|Any CPU
		{8E3462FB-7496-4301-BC2C-E6613F13BC6A}.Debug|iPhoneSimulator.Build.0 = Debug|Any CPU
		{8E3462FB-7496-4301-BC2C-E6613F13BC6A}.Debug|x64.ActiveCfg = Debug|Any CPU
		{8E3462FB-7496-4301-BC2C-E6613F13BC6A}.Debug|x64.Build.0 = Debug|Any CPU
		{8E3462FB-7496-4301-BC2C-E6613F13BC6A}.Debug|x86.ActiveCfg = Debug|Any CPU
		{8E3462FB-7496-4301-BC2C-E6613F13BC6A}.Debug|x86.Build.0 = Debug|Any CPU
		{8E3462FB-7496-4301-BC2C-E6613F13BC6A}.Release|Any CPU.ActiveCfg = Release|Any CPU
		{8E3462FB-7496-4301-BC2C-E6613F13BC6A}.Release|Any CPU.Build.0 = Release|Any CPU
		{8E3462FB-7496-4301-BC2C-E6613F13BC6A}.Release|ARM.ActiveCfg = Release|Any CPU
		{8E3462FB-7496-4301-BC2C-E6613F13BC6A}.Release|ARM.Build.0 = Release|Any CPU
		{8E3462FB-7496-4301-BC2C-E6613F13BC6A}.Release|iPhone.ActiveCfg = Release|Any CPU
		{8E3462FB-7496-4301-BC2C-E6613F13BC6A}.Release|iPhone.Build.0 = Release|Any CPU
		{8E3462FB-7496-4301-BC2C-E6613F13BC6A}.Release|iPhoneSimulator.ActiveCfg = Release|Any CPU
		{8E3462FB-7496-4301-BC2C-E6613F13BC6A}.Release|iPhoneSimulator.Build.0 = Release|Any CPU
		{8E3462FB-7496-4301-BC2C-E6613F13BC6A}.Release|x64.ActiveCfg = Release|Any CPU
		{8E3462FB-7496-4301-BC2C-E6613F13BC6A}.Release|x64.Build.0 = Release|Any CPU
		{8E3462FB-7496-4301-BC2C-E6613F13BC6A}.Release|x86.ActiveCfg = Release|Any CPU
		{8E3462FB-7496-4301-BC2C-E6613F13BC6A}.Release|x86.Build.0 = Release|Any CPU
		{36C853ED-2BEB-48C7-8D0A-0C1EE7E20E79}.Ad-Hoc|Any CPU.ActiveCfg = Release|Any CPU
		{36C853ED-2BEB-48C7-8D0A-0C1EE7E20E79}.Ad-Hoc|Any CPU.Build.0 = Release|Any CPU
		{36C853ED-2BEB-48C7-8D0A-0C1EE7E20E79}.Ad-Hoc|ARM.ActiveCfg = Release|Any CPU
		{36C853ED-2BEB-48C7-8D0A-0C1EE7E20E79}.Ad-Hoc|ARM.Build.0 = Release|Any CPU
		{36C853ED-2BEB-48C7-8D0A-0C1EE7E20E79}.Ad-Hoc|iPhone.ActiveCfg = Release|Any CPU
		{36C853ED-2BEB-48C7-8D0A-0C1EE7E20E79}.Ad-Hoc|iPhone.Build.0 = Release|Any CPU
		{36C853ED-2BEB-48C7-8D0A-0C1EE7E20E79}.Ad-Hoc|iPhoneSimulator.ActiveCfg = Release|Any CPU
		{36C853ED-2BEB-48C7-8D0A-0C1EE7E20E79}.Ad-Hoc|iPhoneSimulator.Build.0 = Release|Any CPU
		{36C853ED-2BEB-48C7-8D0A-0C1EE7E20E79}.Ad-Hoc|x64.ActiveCfg = Release|Any CPU
		{36C853ED-2BEB-48C7-8D0A-0C1EE7E20E79}.Ad-Hoc|x64.Build.0 = Release|Any CPU
		{36C853ED-2BEB-48C7-8D0A-0C1EE7E20E79}.Ad-Hoc|x86.ActiveCfg = Release|Any CPU
		{36C853ED-2BEB-48C7-8D0A-0C1EE7E20E79}.Ad-Hoc|x86.Build.0 = Release|Any CPU
		{36C853ED-2BEB-48C7-8D0A-0C1EE7E20E79}.AppStore|Any CPU.ActiveCfg = Release|Any CPU
		{36C853ED-2BEB-48C7-8D0A-0C1EE7E20E79}.AppStore|Any CPU.Build.0 = Release|Any CPU
		{36C853ED-2BEB-48C7-8D0A-0C1EE7E20E79}.AppStore|ARM.ActiveCfg = Release|Any CPU
		{36C853ED-2BEB-48C7-8D0A-0C1EE7E20E79}.AppStore|ARM.Build.0 = Release|Any CPU
		{36C853ED-2BEB-48C7-8D0A-0C1EE7E20E79}.AppStore|iPhone.ActiveCfg = Release|Any CPU
		{36C853ED-2BEB-48C7-8D0A-0C1EE7E20E79}.AppStore|iPhone.Build.0 = Release|Any CPU
		{36C853ED-2BEB-48C7-8D0A-0C1EE7E20E79}.AppStore|iPhoneSimulator.ActiveCfg = Release|Any CPU
		{36C853ED-2BEB-48C7-8D0A-0C1EE7E20E79}.AppStore|iPhoneSimulator.Build.0 = Release|Any CPU
		{36C853ED-2BEB-48C7-8D0A-0C1EE7E20E79}.AppStore|x64.ActiveCfg = Release|Any CPU
		{36C853ED-2BEB-48C7-8D0A-0C1EE7E20E79}.AppStore|x64.Build.0 = Release|Any CPU
		{36C853ED-2BEB-48C7-8D0A-0C1EE7E20E79}.AppStore|x86.ActiveCfg = Release|Any CPU
		{36C853ED-2BEB-48C7-8D0A-0C1EE7E20E79}.AppStore|x86.Build.0 = Release|Any CPU
		{36C853ED-2BEB-48C7-8D0A-0C1EE7E20E79}.Debug|Any CPU.ActiveCfg = Debug|Any CPU
		{36C853ED-2BEB-48C7-8D0A-0C1EE7E20E79}.Debug|Any CPU.Build.0 = Debug|Any CPU
		{36C853ED-2BEB-48C7-8D0A-0C1EE7E20E79}.Debug|ARM.ActiveCfg = Debug|Any CPU
		{36C853ED-2BEB-48C7-8D0A-0C1EE7E20E79}.Debug|ARM.Build.0 = Debug|Any CPU
		{36C853ED-2BEB-48C7-8D0A-0C1EE7E20E79}.Debug|iPhone.ActiveCfg = Debug|Any CPU
		{36C853ED-2BEB-48C7-8D0A-0C1EE7E20E79}.Debug|iPhone.Build.0 = Debug|Any CPU
		{36C853ED-2BEB-48C7-8D0A-0C1EE7E20E79}.Debug|iPhoneSimulator.ActiveCfg = Debug|Any CPU
		{36C853ED-2BEB-48C7-8D0A-0C1EE7E20E79}.Debug|iPhoneSimulator.Build.0 = Debug|Any CPU
		{36C853ED-2BEB-48C7-8D0A-0C1EE7E20E79}.Debug|x64.ActiveCfg = Debug|Any CPU
		{36C853ED-2BEB-48C7-8D0A-0C1EE7E20E79}.Debug|x64.Build.0 = Debug|Any CPU
		{36C853ED-2BEB-48C7-8D0A-0C1EE7E20E79}.Debug|x86.ActiveCfg = Debug|Any CPU
		{36C853ED-2BEB-48C7-8D0A-0C1EE7E20E79}.Debug|x86.Build.0 = Debug|Any CPU
		{36C853ED-2BEB-48C7-8D0A-0C1EE7E20E79}.Release|Any CPU.ActiveCfg = Release|Any CPU
		{36C853ED-2BEB-48C7-8D0A-0C1EE7E20E79}.Release|Any CPU.Build.0 = Release|Any CPU
		{36C853ED-2BEB-48C7-8D0A-0C1EE7E20E79}.Release|ARM.ActiveCfg = Release|Any CPU
		{36C853ED-2BEB-48C7-8D0A-0C1EE7E20E79}.Release|ARM.Build.0 = Release|Any CPU
		{36C853ED-2BEB-48C7-8D0A-0C1EE7E20E79}.Release|iPhone.ActiveCfg = Release|Any CPU
		{36C853ED-2BEB-48C7-8D0A-0C1EE7E20E79}.Release|iPhone.Build.0 = Release|Any CPU
		{36C853ED-2BEB-48C7-8D0A-0C1EE7E20E79}.Release|iPhoneSimulator.ActiveCfg = Release|Any CPU
		{36C853ED-2BEB-48C7-8D0A-0C1EE7E20E79}.Release|iPhoneSimulator.Build.0 = Release|Any CPU
		{36C853ED-2BEB-48C7-8D0A-0C1EE7E20E79}.Release|x64.ActiveCfg = Release|Any CPU
		{36C853ED-2BEB-48C7-8D0A-0C1EE7E20E79}.Release|x64.Build.0 = Release|Any CPU
		{36C853ED-2BEB-48C7-8D0A-0C1EE7E20E79}.Release|x86.ActiveCfg = Release|Any CPU
		{36C853ED-2BEB-48C7-8D0A-0C1EE7E20E79}.Release|x86.Build.0 = Release|Any CPU
		{5C163D9F-5C31-4CC1-9467-4AC22FFB9868}.Ad-Hoc|Any CPU.ActiveCfg = Release|x64
		{5C163D9F-5C31-4CC1-9467-4AC22FFB9868}.Ad-Hoc|Any CPU.Build.0 = Release|x64
		{5C163D9F-5C31-4CC1-9467-4AC22FFB9868}.Ad-Hoc|Any CPU.Deploy.0 = Release|x64
		{5C163D9F-5C31-4CC1-9467-4AC22FFB9868}.Ad-Hoc|ARM.ActiveCfg = Release|ARM
		{5C163D9F-5C31-4CC1-9467-4AC22FFB9868}.Ad-Hoc|ARM.Build.0 = Release|ARM
		{5C163D9F-5C31-4CC1-9467-4AC22FFB9868}.Ad-Hoc|ARM.Deploy.0 = Release|ARM
		{5C163D9F-5C31-4CC1-9467-4AC22FFB9868}.Ad-Hoc|iPhone.ActiveCfg = Release|x64
		{5C163D9F-5C31-4CC1-9467-4AC22FFB9868}.Ad-Hoc|iPhone.Build.0 = Release|x64
		{5C163D9F-5C31-4CC1-9467-4AC22FFB9868}.Ad-Hoc|iPhone.Deploy.0 = Release|x64
		{5C163D9F-5C31-4CC1-9467-4AC22FFB9868}.Ad-Hoc|iPhoneSimulator.ActiveCfg = Release|x64
		{5C163D9F-5C31-4CC1-9467-4AC22FFB9868}.Ad-Hoc|iPhoneSimulator.Build.0 = Release|x64
		{5C163D9F-5C31-4CC1-9467-4AC22FFB9868}.Ad-Hoc|iPhoneSimulator.Deploy.0 = Release|x64
		{5C163D9F-5C31-4CC1-9467-4AC22FFB9868}.Ad-Hoc|x64.ActiveCfg = Release|x64
		{5C163D9F-5C31-4CC1-9467-4AC22FFB9868}.Ad-Hoc|x64.Build.0 = Release|x64
		{5C163D9F-5C31-4CC1-9467-4AC22FFB9868}.Ad-Hoc|x64.Deploy.0 = Release|x64
		{5C163D9F-5C31-4CC1-9467-4AC22FFB9868}.Ad-Hoc|x86.ActiveCfg = Release|x86
		{5C163D9F-5C31-4CC1-9467-4AC22FFB9868}.Ad-Hoc|x86.Build.0 = Release|x86
		{5C163D9F-5C31-4CC1-9467-4AC22FFB9868}.Ad-Hoc|x86.Deploy.0 = Release|x86
		{5C163D9F-5C31-4CC1-9467-4AC22FFB9868}.AppStore|Any CPU.ActiveCfg = Release|x64
		{5C163D9F-5C31-4CC1-9467-4AC22FFB9868}.AppStore|Any CPU.Build.0 = Release|x64
		{5C163D9F-5C31-4CC1-9467-4AC22FFB9868}.AppStore|Any CPU.Deploy.0 = Release|x64
		{5C163D9F-5C31-4CC1-9467-4AC22FFB9868}.AppStore|ARM.ActiveCfg = Release|ARM
		{5C163D9F-5C31-4CC1-9467-4AC22FFB9868}.AppStore|ARM.Build.0 = Release|ARM
		{5C163D9F-5C31-4CC1-9467-4AC22FFB9868}.AppStore|ARM.Deploy.0 = Release|ARM
		{5C163D9F-5C31-4CC1-9467-4AC22FFB9868}.AppStore|iPhone.ActiveCfg = Release|x64
		{5C163D9F-5C31-4CC1-9467-4AC22FFB9868}.AppStore|iPhone.Build.0 = Release|x64
		{5C163D9F-5C31-4CC1-9467-4AC22FFB9868}.AppStore|iPhone.Deploy.0 = Release|x64
		{5C163D9F-5C31-4CC1-9467-4AC22FFB9868}.AppStore|iPhoneSimulator.ActiveCfg = Release|x64
		{5C163D9F-5C31-4CC1-9467-4AC22FFB9868}.AppStore|iPhoneSimulator.Build.0 = Release|x64
		{5C163D9F-5C31-4CC1-9467-4AC22FFB9868}.AppStore|iPhoneSimulator.Deploy.0 = Release|x64
		{5C163D9F-5C31-4CC1-9467-4AC22FFB9868}.AppStore|x64.ActiveCfg = Release|x64
		{5C163D9F-5C31-4CC1-9467-4AC22FFB9868}.AppStore|x64.Build.0 = Release|x64
		{5C163D9F-5C31-4CC1-9467-4AC22FFB9868}.AppStore|x64.Deploy.0 = Release|x64
		{5C163D9F-5C31-4CC1-9467-4AC22FFB9868}.AppStore|x86.ActiveCfg = Release|x86
		{5C163D9F-5C31-4CC1-9467-4AC22FFB9868}.AppStore|x86.Build.0 = Release|x86
		{5C163D9F-5C31-4CC1-9467-4AC22FFB9868}.AppStore|x86.Deploy.0 = Release|x86
		{5C163D9F-5C31-4CC1-9467-4AC22FFB9868}.Debug|Any CPU.ActiveCfg = Debug|x86
		{5C163D9F-5C31-4CC1-9467-4AC22FFB9868}.Debug|Any CPU.Build.0 = Debug|x86
		{5C163D9F-5C31-4CC1-9467-4AC22FFB9868}.Debug|Any CPU.Deploy.0 = Debug|x86
		{5C163D9F-5C31-4CC1-9467-4AC22FFB9868}.Debug|ARM.ActiveCfg = Debug|ARM
		{5C163D9F-5C31-4CC1-9467-4AC22FFB9868}.Debug|ARM.Build.0 = Debug|ARM
		{5C163D9F-5C31-4CC1-9467-4AC22FFB9868}.Debug|ARM.Deploy.0 = Debug|ARM
		{5C163D9F-5C31-4CC1-9467-4AC22FFB9868}.Debug|iPhone.ActiveCfg = Debug|x86
		{5C163D9F-5C31-4CC1-9467-4AC22FFB9868}.Debug|iPhoneSimulator.ActiveCfg = Debug|x86
		{5C163D9F-5C31-4CC1-9467-4AC22FFB9868}.Debug|x64.ActiveCfg = Debug|x64
		{5C163D9F-5C31-4CC1-9467-4AC22FFB9868}.Debug|x64.Build.0 = Debug|x64
		{5C163D9F-5C31-4CC1-9467-4AC22FFB9868}.Debug|x64.Deploy.0 = Debug|x64
		{5C163D9F-5C31-4CC1-9467-4AC22FFB9868}.Debug|x86.ActiveCfg = Debug|x86
		{5C163D9F-5C31-4CC1-9467-4AC22FFB9868}.Debug|x86.Build.0 = Debug|x86
		{5C163D9F-5C31-4CC1-9467-4AC22FFB9868}.Debug|x86.Deploy.0 = Debug|x86
		{5C163D9F-5C31-4CC1-9467-4AC22FFB9868}.Release|Any CPU.ActiveCfg = Release|x86
		{5C163D9F-5C31-4CC1-9467-4AC22FFB9868}.Release|ARM.ActiveCfg = Release|ARM
		{5C163D9F-5C31-4CC1-9467-4AC22FFB9868}.Release|ARM.Build.0 = Release|ARM
		{5C163D9F-5C31-4CC1-9467-4AC22FFB9868}.Release|ARM.Deploy.0 = Release|ARM
		{5C163D9F-5C31-4CC1-9467-4AC22FFB9868}.Release|iPhone.ActiveCfg = Release|x86
		{5C163D9F-5C31-4CC1-9467-4AC22FFB9868}.Release|iPhoneSimulator.ActiveCfg = Release|x86
		{5C163D9F-5C31-4CC1-9467-4AC22FFB9868}.Release|x64.ActiveCfg = Release|x64
		{5C163D9F-5C31-4CC1-9467-4AC22FFB9868}.Release|x64.Build.0 = Release|x64
		{5C163D9F-5C31-4CC1-9467-4AC22FFB9868}.Release|x64.Deploy.0 = Release|x64
		{5C163D9F-5C31-4CC1-9467-4AC22FFB9868}.Release|x86.ActiveCfg = Release|x86
		{5C163D9F-5C31-4CC1-9467-4AC22FFB9868}.Release|x86.Build.0 = Release|x86
		{5C163D9F-5C31-4CC1-9467-4AC22FFB9868}.Release|x86.Deploy.0 = Release|x86
		{7DFC55AB-A0E2-4C6E-9518-4A17F39CB68B}.Ad-Hoc|Any CPU.ActiveCfg = Release|Any CPU
		{7DFC55AB-A0E2-4C6E-9518-4A17F39CB68B}.Ad-Hoc|Any CPU.Build.0 = Release|Any CPU
		{7DFC55AB-A0E2-4C6E-9518-4A17F39CB68B}.Ad-Hoc|ARM.ActiveCfg = Release|ARM
		{7DFC55AB-A0E2-4C6E-9518-4A17F39CB68B}.Ad-Hoc|ARM.Build.0 = Release|ARM
		{7DFC55AB-A0E2-4C6E-9518-4A17F39CB68B}.Ad-Hoc|iPhone.ActiveCfg = Release|Any CPU
		{7DFC55AB-A0E2-4C6E-9518-4A17F39CB68B}.Ad-Hoc|iPhone.Build.0 = Release|Any CPU
		{7DFC55AB-A0E2-4C6E-9518-4A17F39CB68B}.Ad-Hoc|iPhoneSimulator.ActiveCfg = Release|Any CPU
		{7DFC55AB-A0E2-4C6E-9518-4A17F39CB68B}.Ad-Hoc|iPhoneSimulator.Build.0 = Release|Any CPU
		{7DFC55AB-A0E2-4C6E-9518-4A17F39CB68B}.Ad-Hoc|x64.ActiveCfg = Release|x64
		{7DFC55AB-A0E2-4C6E-9518-4A17F39CB68B}.Ad-Hoc|x64.Build.0 = Release|x64
		{7DFC55AB-A0E2-4C6E-9518-4A17F39CB68B}.Ad-Hoc|x86.ActiveCfg = Release|x86
		{7DFC55AB-A0E2-4C6E-9518-4A17F39CB68B}.Ad-Hoc|x86.Build.0 = Release|x86
		{7DFC55AB-A0E2-4C6E-9518-4A17F39CB68B}.AppStore|Any CPU.ActiveCfg = Release|Any CPU
		{7DFC55AB-A0E2-4C6E-9518-4A17F39CB68B}.AppStore|Any CPU.Build.0 = Release|Any CPU
		{7DFC55AB-A0E2-4C6E-9518-4A17F39CB68B}.AppStore|ARM.ActiveCfg = Release|ARM
		{7DFC55AB-A0E2-4C6E-9518-4A17F39CB68B}.AppStore|ARM.Build.0 = Release|ARM
		{7DFC55AB-A0E2-4C6E-9518-4A17F39CB68B}.AppStore|iPhone.ActiveCfg = Release|Any CPU
		{7DFC55AB-A0E2-4C6E-9518-4A17F39CB68B}.AppStore|iPhone.Build.0 = Release|Any CPU
		{7DFC55AB-A0E2-4C6E-9518-4A17F39CB68B}.AppStore|iPhoneSimulator.ActiveCfg = Release|Any CPU
		{7DFC55AB-A0E2-4C6E-9518-4A17F39CB68B}.AppStore|iPhoneSimulator.Build.0 = Release|Any CPU
		{7DFC55AB-A0E2-4C6E-9518-4A17F39CB68B}.AppStore|x64.ActiveCfg = Release|x64
		{7DFC55AB-A0E2-4C6E-9518-4A17F39CB68B}.AppStore|x64.Build.0 = Release|x64
		{7DFC55AB-A0E2-4C6E-9518-4A17F39CB68B}.AppStore|x86.ActiveCfg = Release|x86
		{7DFC55AB-A0E2-4C6E-9518-4A17F39CB68B}.AppStore|x86.Build.0 = Release|x86
		{7DFC55AB-A0E2-4C6E-9518-4A17F39CB68B}.Debug|Any CPU.ActiveCfg = Debug|Any CPU
		{7DFC55AB-A0E2-4C6E-9518-4A17F39CB68B}.Debug|Any CPU.Build.0 = Debug|Any CPU
		{7DFC55AB-A0E2-4C6E-9518-4A17F39CB68B}.Debug|ARM.ActiveCfg = Debug|ARM
		{7DFC55AB-A0E2-4C6E-9518-4A17F39CB68B}.Debug|ARM.Build.0 = Debug|ARM
		{7DFC55AB-A0E2-4C6E-9518-4A17F39CB68B}.Debug|iPhone.ActiveCfg = Debug|Any CPU
		{7DFC55AB-A0E2-4C6E-9518-4A17F39CB68B}.Debug|iPhone.Build.0 = Debug|Any CPU
		{7DFC55AB-A0E2-4C6E-9518-4A17F39CB68B}.Debug|iPhoneSimulator.ActiveCfg = Debug|Any CPU
		{7DFC55AB-A0E2-4C6E-9518-4A17F39CB68B}.Debug|iPhoneSimulator.Build.0 = Debug|Any CPU
		{7DFC55AB-A0E2-4C6E-9518-4A17F39CB68B}.Debug|x64.ActiveCfg = Debug|x64
		{7DFC55AB-A0E2-4C6E-9518-4A17F39CB68B}.Debug|x64.Build.0 = Debug|x64
		{7DFC55AB-A0E2-4C6E-9518-4A17F39CB68B}.Debug|x86.ActiveCfg = Debug|x86
		{7DFC55AB-A0E2-4C6E-9518-4A17F39CB68B}.Debug|x86.Build.0 = Debug|x86
		{7DFC55AB-A0E2-4C6E-9518-4A17F39CB68B}.Release|Any CPU.ActiveCfg = Release|Any CPU
		{7DFC55AB-A0E2-4C6E-9518-4A17F39CB68B}.Release|Any CPU.Build.0 = Release|Any CPU
		{7DFC55AB-A0E2-4C6E-9518-4A17F39CB68B}.Release|ARM.ActiveCfg = Release|ARM
		{7DFC55AB-A0E2-4C6E-9518-4A17F39CB68B}.Release|ARM.Build.0 = Release|ARM
		{7DFC55AB-A0E2-4C6E-9518-4A17F39CB68B}.Release|iPhone.ActiveCfg = Release|Any CPU
		{7DFC55AB-A0E2-4C6E-9518-4A17F39CB68B}.Release|iPhone.Build.0 = Release|Any CPU
		{7DFC55AB-A0E2-4C6E-9518-4A17F39CB68B}.Release|iPhoneSimulator.ActiveCfg = Release|Any CPU
		{7DFC55AB-A0E2-4C6E-9518-4A17F39CB68B}.Release|iPhoneSimulator.Build.0 = Release|Any CPU
		{7DFC55AB-A0E2-4C6E-9518-4A17F39CB68B}.Release|x64.ActiveCfg = Release|x64
		{7DFC55AB-A0E2-4C6E-9518-4A17F39CB68B}.Release|x64.Build.0 = Release|x64
		{7DFC55AB-A0E2-4C6E-9518-4A17F39CB68B}.Release|x86.ActiveCfg = Release|x86
		{7DFC55AB-A0E2-4C6E-9518-4A17F39CB68B}.Release|x86.Build.0 = Release|x86
		{E0B13F93-F3A1-4E7E-A1AC-EA9EEEE42C3B}.Ad-Hoc|Any CPU.ActiveCfg = Release|Any CPU
		{E0B13F93-F3A1-4E7E-A1AC-EA9EEEE42C3B}.Ad-Hoc|Any CPU.Build.0 = Release|Any CPU
		{E0B13F93-F3A1-4E7E-A1AC-EA9EEEE42C3B}.Ad-Hoc|ARM.ActiveCfg = Release|ARM
		{E0B13F93-F3A1-4E7E-A1AC-EA9EEEE42C3B}.Ad-Hoc|ARM.Build.0 = Release|ARM
		{E0B13F93-F3A1-4E7E-A1AC-EA9EEEE42C3B}.Ad-Hoc|iPhone.ActiveCfg = Release|Any CPU
		{E0B13F93-F3A1-4E7E-A1AC-EA9EEEE42C3B}.Ad-Hoc|iPhone.Build.0 = Release|Any CPU
		{E0B13F93-F3A1-4E7E-A1AC-EA9EEEE42C3B}.Ad-Hoc|iPhoneSimulator.ActiveCfg = Release|Any CPU
		{E0B13F93-F3A1-4E7E-A1AC-EA9EEEE42C3B}.Ad-Hoc|iPhoneSimulator.Build.0 = Release|Any CPU
		{E0B13F93-F3A1-4E7E-A1AC-EA9EEEE42C3B}.Ad-Hoc|x64.ActiveCfg = Release|x64
		{E0B13F93-F3A1-4E7E-A1AC-EA9EEEE42C3B}.Ad-Hoc|x64.Build.0 = Release|x64
		{E0B13F93-F3A1-4E7E-A1AC-EA9EEEE42C3B}.Ad-Hoc|x86.ActiveCfg = Release|x86
		{E0B13F93-F3A1-4E7E-A1AC-EA9EEEE42C3B}.Ad-Hoc|x86.Build.0 = Release|x86
		{E0B13F93-F3A1-4E7E-A1AC-EA9EEEE42C3B}.AppStore|Any CPU.ActiveCfg = Release|Any CPU
		{E0B13F93-F3A1-4E7E-A1AC-EA9EEEE42C3B}.AppStore|Any CPU.Build.0 = Release|Any CPU
		{E0B13F93-F3A1-4E7E-A1AC-EA9EEEE42C3B}.AppStore|ARM.ActiveCfg = Release|ARM
		{E0B13F93-F3A1-4E7E-A1AC-EA9EEEE42C3B}.AppStore|ARM.Build.0 = Release|ARM
		{E0B13F93-F3A1-4E7E-A1AC-EA9EEEE42C3B}.AppStore|iPhone.ActiveCfg = Release|Any CPU
		{E0B13F93-F3A1-4E7E-A1AC-EA9EEEE42C3B}.AppStore|iPhone.Build.0 = Release|Any CPU
		{E0B13F93-F3A1-4E7E-A1AC-EA9EEEE42C3B}.AppStore|iPhoneSimulator.ActiveCfg = Release|Any CPU
		{E0B13F93-F3A1-4E7E-A1AC-EA9EEEE42C3B}.AppStore|iPhoneSimulator.Build.0 = Release|Any CPU
		{E0B13F93-F3A1-4E7E-A1AC-EA9EEEE42C3B}.AppStore|x64.ActiveCfg = Release|x64
		{E0B13F93-F3A1-4E7E-A1AC-EA9EEEE42C3B}.AppStore|x64.Build.0 = Release|x64
		{E0B13F93-F3A1-4E7E-A1AC-EA9EEEE42C3B}.AppStore|x86.ActiveCfg = Release|x86
		{E0B13F93-F3A1-4E7E-A1AC-EA9EEEE42C3B}.AppStore|x86.Build.0 = Release|x86
		{E0B13F93-F3A1-4E7E-A1AC-EA9EEEE42C3B}.Debug|Any CPU.ActiveCfg = Debug|Any CPU
		{E0B13F93-F3A1-4E7E-A1AC-EA9EEEE42C3B}.Debug|Any CPU.Build.0 = Debug|Any CPU
		{E0B13F93-F3A1-4E7E-A1AC-EA9EEEE42C3B}.Debug|ARM.ActiveCfg = Debug|ARM
		{E0B13F93-F3A1-4E7E-A1AC-EA9EEEE42C3B}.Debug|ARM.Build.0 = Debug|ARM
		{E0B13F93-F3A1-4E7E-A1AC-EA9EEEE42C3B}.Debug|iPhone.ActiveCfg = Debug|Any CPU
		{E0B13F93-F3A1-4E7E-A1AC-EA9EEEE42C3B}.Debug|iPhone.Build.0 = Debug|Any CPU
		{E0B13F93-F3A1-4E7E-A1AC-EA9EEEE42C3B}.Debug|iPhoneSimulator.ActiveCfg = Debug|Any CPU
		{E0B13F93-F3A1-4E7E-A1AC-EA9EEEE42C3B}.Debug|iPhoneSimulator.Build.0 = Debug|Any CPU
		{E0B13F93-F3A1-4E7E-A1AC-EA9EEEE42C3B}.Debug|x64.ActiveCfg = Debug|x64
		{E0B13F93-F3A1-4E7E-A1AC-EA9EEEE42C3B}.Debug|x64.Build.0 = Debug|x64
		{E0B13F93-F3A1-4E7E-A1AC-EA9EEEE42C3B}.Debug|x86.ActiveCfg = Debug|x86
		{E0B13F93-F3A1-4E7E-A1AC-EA9EEEE42C3B}.Debug|x86.Build.0 = Debug|x86
		{E0B13F93-F3A1-4E7E-A1AC-EA9EEEE42C3B}.Release|Any CPU.ActiveCfg = Release|Any CPU
		{E0B13F93-F3A1-4E7E-A1AC-EA9EEEE42C3B}.Release|Any CPU.Build.0 = Release|Any CPU
		{E0B13F93-F3A1-4E7E-A1AC-EA9EEEE42C3B}.Release|ARM.ActiveCfg = Release|ARM
		{E0B13F93-F3A1-4E7E-A1AC-EA9EEEE42C3B}.Release|ARM.Build.0 = Release|ARM
		{E0B13F93-F3A1-4E7E-A1AC-EA9EEEE42C3B}.Release|iPhone.ActiveCfg = Release|Any CPU
		{E0B13F93-F3A1-4E7E-A1AC-EA9EEEE42C3B}.Release|iPhone.Build.0 = Release|Any CPU
		{E0B13F93-F3A1-4E7E-A1AC-EA9EEEE42C3B}.Release|iPhoneSimulator.ActiveCfg = Release|Any CPU
		{E0B13F93-F3A1-4E7E-A1AC-EA9EEEE42C3B}.Release|iPhoneSimulator.Build.0 = Release|Any CPU
		{E0B13F93-F3A1-4E7E-A1AC-EA9EEEE42C3B}.Release|x64.ActiveCfg = Release|x64
		{E0B13F93-F3A1-4E7E-A1AC-EA9EEEE42C3B}.Release|x64.Build.0 = Release|x64
		{E0B13F93-F3A1-4E7E-A1AC-EA9EEEE42C3B}.Release|x86.ActiveCfg = Release|x86
		{E0B13F93-F3A1-4E7E-A1AC-EA9EEEE42C3B}.Release|x86.Build.0 = Release|x86
	EndGlobalSection
	GlobalSection(SolutionProperties) = preSolution
		HideSolutionNode = FALSE
	EndGlobalSection
	GlobalSection(NestedProjects) = preSolution
		{36C853ED-2BEB-48C7-8D0A-0C1EE7E20E79} = {45CBD267-C36B-4E60-BBF2-E13DE01180AF}
		{7DFC55AB-A0E2-4C6E-9518-4A17F39CB68B} = {6F92D714-7FD5-44B9-9F73-12DA21E47954}
		{E0B13F93-F3A1-4E7E-A1AC-EA9EEEE42C3B} = {6F92D714-7FD5-44B9-9F73-12DA21E47954}
	EndGlobalSection
EndGlobal
